// !$*UTF8*$!
{
	archiveVersion = 1;
	classes = {
	};
	objectVersion = 56;
	objects = {

/* Begin PBXBuildFile section */
		290D65292B6D48E10026740C /* audio_1CO.json in Resources */ = {isa = PBXBuildFile; fileRef = 290D64E72B6D48DE0026740C /* audio_1CO.json */; };
		290D652A2B6D48E10026740C /* audio_JHN.json in Resources */ = {isa = PBXBuildFile; fileRef = 290D64E82B6D48DE0026740C /* audio_JHN.json */; };
		290D652B2B6D48E10026740C /* audio_3JN.json in Resources */ = {isa = PBXBuildFile; fileRef = 290D64E92B6D48DE0026740C /* audio_3JN.json */; };
		290D652C2B6D48E10026740C /* audio_JER.json in Resources */ = {isa = PBXBuildFile; fileRef = 290D64EA2B6D48DE0026740C /* audio_JER.json */; };
		290D652D2B6D48E10026740C /* audio_JOS.json in Resources */ = {isa = PBXBuildFile; fileRef = 290D64EB2B6D48DE0026740C /* audio_JOS.json */; };
		290D652E2B6D48E10026740C /* audio_SNG.json in Resources */ = {isa = PBXBuildFile; fileRef = 290D64EC2B6D48DE0026740C /* audio_SNG.json */; };
		290D652F2B6D48E10026740C /* audio_LAM.json in Resources */ = {isa = PBXBuildFile; fileRef = 290D64ED2B6D48DE0026740C /* audio_LAM.json */; };
		290D65302B6D48E10026740C /* audio_2CO.json in Resources */ = {isa = PBXBuildFile; fileRef = 290D64EE2B6D48DE0026740C /* audio_2CO.json */; };
		290D65312B6D48E10026740C /* audio_EZR.json in Resources */ = {isa = PBXBuildFile; fileRef = 290D64EF2B6D48DF0026740C /* audio_EZR.json */; };
		290D65322B6D48E10026740C /* audio_1PE.json in Resources */ = {isa = PBXBuildFile; fileRef = 290D64F02B6D48DF0026740C /* audio_1PE.json */; };
		290D65332B6D48E10026740C /* audio_2PE.json in Resources */ = {isa = PBXBuildFile; fileRef = 290D64F12B6D48DF0026740C /* audio_2PE.json */; };
		290D65342B6D48E10026740C /* audio_EZK.json in Resources */ = {isa = PBXBuildFile; fileRef = 290D64F22B6D48DF0026740C /* audio_EZK.json */; };
		290D65352B6D48E10026740C /* audio_COL.json in Resources */ = {isa = PBXBuildFile; fileRef = 290D64F32B6D48DF0026740C /* audio_COL.json */; };
		290D65362B6D48E10026740C /* audio_REV.json in Resources */ = {isa = PBXBuildFile; fileRef = 290D64F42B6D48DF0026740C /* audio_REV.json */; };
		290D65372B6D48E10026740C /* audio_AMO.json in Resources */ = {isa = PBXBuildFile; fileRef = 290D64F52B6D48DF0026740C /* audio_AMO.json */; };
		290D65382B6D48E10026740C /* audio_TIT.json in Resources */ = {isa = PBXBuildFile; fileRef = 290D64F62B6D48DF0026740C /* audio_TIT.json */; };
		290D65392B6D48E10026740C /* audio_2JN.json in Resources */ = {isa = PBXBuildFile; fileRef = 290D64F72B6D48DF0026740C /* audio_2JN.json */; };
		290D653A2B6D48E10026740C /* audio_1SA.json in Resources */ = {isa = PBXBuildFile; fileRef = 290D64F82B6D48DF0026740C /* audio_1SA.json */; };
		290D653B2B6D48E10026740C /* audio_GAL.json in Resources */ = {isa = PBXBuildFile; fileRef = 290D64F92B6D48DF0026740C /* audio_GAL.json */; };
		290D653C2B6D48E10026740C /* audio_DEU.json in Resources */ = {isa = PBXBuildFile; fileRef = 290D64FA2B6D48DF0026740C /* audio_DEU.json */; };
		290D653D2B6D48E10026740C /* audio_PRO.json in Resources */ = {isa = PBXBuildFile; fileRef = 290D64FB2B6D48DF0026740C /* audio_PRO.json */; };
		290D653E2B6D48E10026740C /* audio_2KI.json in Resources */ = {isa = PBXBuildFile; fileRef = 290D64FC2B6D48DF0026740C /* audio_2KI.json */; };
		290D653F2B6D48E10026740C /* audio_1TI.json in Resources */ = {isa = PBXBuildFile; fileRef = 290D64FD2B6D48DF0026740C /* audio_1TI.json */; };
		290D65402B6D48E10026740C /* audio_HAG.json in Resources */ = {isa = PBXBuildFile; fileRef = 290D64FE2B6D48DF0026740C /* audio_HAG.json */; };
		290D65412B6D48E10026740C /* audio_MRK.json in Resources */ = {isa = PBXBuildFile; fileRef = 290D64FF2B6D48DF0026740C /* audio_MRK.json */; };
		290D65422B6D48E10026740C /* audio_NEH.json in Resources */ = {isa = PBXBuildFile; fileRef = 290D65002B6D48DF0026740C /* audio_NEH.json */; };
		290D65432B6D48E10026740C /* audio_PSA.json in Resources */ = {isa = PBXBuildFile; fileRef = 290D65012B6D48DF0026740C /* audio_PSA.json */; };
		290D65442B6D48E10026740C /* audio_NAM.json in Resources */ = {isa = PBXBuildFile; fileRef = 290D65022B6D48E00026740C /* audio_NAM.json */; };
		290D65452B6D48E10026740C /* audio_2TI.json in Resources */ = {isa = PBXBuildFile; fileRef = 290D65032B6D48E00026740C /* audio_2TI.json */; };
		290D65462B6D48E10026740C /* audio_NUM.json in Resources */ = {isa = PBXBuildFile; fileRef = 290D65042B6D48E00026740C /* audio_NUM.json */; };
		290D65472B6D48E10026740C /* audio_MAL.json in Resources */ = {isa = PBXBuildFile; fileRef = 290D65052B6D48E00026740C /* audio_MAL.json */; };
		290D65482B6D48E10026740C /* audio_GEN.json in Resources */ = {isa = PBXBuildFile; fileRef = 290D65062B6D48E00026740C /* audio_GEN.json */; };
		290D65492B6D48E10026740C /* audio_HEB.json in Resources */ = {isa = PBXBuildFile; fileRef = 290D65072B6D48E00026740C /* audio_HEB.json */; };
		290D654A2B6D48E10026740C /* audio_JAS.json in Resources */ = {isa = PBXBuildFile; fileRef = 290D65082B6D48E00026740C /* audio_JAS.json */; };
		290D654B2B6D48E10026740C /* audio_JON.json in Resources */ = {isa = PBXBuildFile; fileRef = 290D65092B6D48E00026740C /* audio_JON.json */; };
		290D654C2B6D48E10026740C /* audio_HAB.json in Resources */ = {isa = PBXBuildFile; fileRef = 290D650A2B6D48E00026740C /* audio_HAB.json */; };
		290D654D2B6D48E10026740C /* audio_MAT.json in Resources */ = {isa = PBXBuildFile; fileRef = 290D650B2B6D48E00026740C /* audio_MAT.json */; };
		290D654E2B6D48E10026740C /* audio_MIC.json in Resources */ = {isa = PBXBuildFile; fileRef = 290D650C2B6D48E00026740C /* audio_MIC.json */; };
		290D654F2B6D48E10026740C /* audio_ROM.json in Resources */ = {isa = PBXBuildFile; fileRef = 290D650D2B6D48E00026740C /* audio_ROM.json */; };
		290D65502B6D48E10026740C /* audio_EST.json in Resources */ = {isa = PBXBuildFile; fileRef = 290D650E2B6D48E00026740C /* audio_EST.json */; };
		290D65512B6D48E10026740C /* audio_2CH.json in Resources */ = {isa = PBXBuildFile; fileRef = 290D650F2B6D48E00026740C /* audio_2CH.json */; };
		290D65522B6D48E10026740C /* audio_ECC.json in Resources */ = {isa = PBXBuildFile; fileRef = 290D65102B6D48E00026740C /* audio_ECC.json */; };
		290D65532B6D48E10026740C /* audio_ACT.json in Resources */ = {isa = PBXBuildFile; fileRef = 290D65112B6D48E00026740C /* audio_ACT.json */; };
		290D65542B6D48E10026740C /* audio_OBA.json in Resources */ = {isa = PBXBuildFile; fileRef = 290D65122B6D48E00026740C /* audio_OBA.json */; };
		290D65552B6D48E10026740C /* audio_PHP.json in Resources */ = {isa = PBXBuildFile; fileRef = 290D65132B6D48E00026740C /* audio_PHP.json */; };
		290D65562B6D48E10026740C /* audio_LUK.json in Resources */ = {isa = PBXBuildFile; fileRef = 290D65142B6D48E00026740C /* audio_LUK.json */; };
		290D65572B6D48E10026740C /* audio_2TH.json in Resources */ = {isa = PBXBuildFile; fileRef = 290D65152B6D48E00026740C /* audio_2TH.json */; };
		290D65582B6D48E10026740C /* audio_RUT.json in Resources */ = {isa = PBXBuildFile; fileRef = 290D65162B6D48E10026740C /* audio_RUT.json */; };
		290D65592B6D48E10026740C /* audio_EXO.json in Resources */ = {isa = PBXBuildFile; fileRef = 290D65172B6D48E10026740C /* audio_EXO.json */; };
		290D655A2B6D48E10026740C /* audio_JOL.json in Resources */ = {isa = PBXBuildFile; fileRef = 290D65182B6D48E10026740C /* audio_JOL.json */; };
		290D655B2B6D48E10026740C /* audio_1TH.json in Resources */ = {isa = PBXBuildFile; fileRef = 290D65192B6D48E10026740C /* audio_1TH.json */; };
		290D655C2B6D48E10026740C /* audio_1KI.json in Resources */ = {isa = PBXBuildFile; fileRef = 290D651A2B6D48E10026740C /* audio_1KI.json */; };
		290D655D2B6D48E10026740C /* audio_1JN.json in Resources */ = {isa = PBXBuildFile; fileRef = 290D651B2B6D48E10026740C /* audio_1JN.json */; };
		290D655E2B6D48E10026740C /* audio_PHM.json in Resources */ = {isa = PBXBuildFile; fileRef = 290D651C2B6D48E10026740C /* audio_PHM.json */; };
		290D655F2B6D48E10026740C /* audio_ZEC.json in Resources */ = {isa = PBXBuildFile; fileRef = 290D651D2B6D48E10026740C /* audio_ZEC.json */; };
		290D65602B6D48E10026740C /* audio_EPH.json in Resources */ = {isa = PBXBuildFile; fileRef = 290D651E2B6D48E10026740C /* audio_EPH.json */; };
		290D65612B6D48E10026740C /* audio_ISA.json in Resources */ = {isa = PBXBuildFile; fileRef = 290D651F2B6D48E10026740C /* audio_ISA.json */; };
		290D65622B6D48E10026740C /* audio_ZEP.json in Resources */ = {isa = PBXBuildFile; fileRef = 290D65202B6D48E10026740C /* audio_ZEP.json */; };
		290D65632B6D48E10026740C /* audio_JUD.json in Resources */ = {isa = PBXBuildFile; fileRef = 290D65212B6D48E10026740C /* audio_JUD.json */; };
		290D65642B6D48E10026740C /* audio_JDG.json in Resources */ = {isa = PBXBuildFile; fileRef = 290D65222B6D48E10026740C /* audio_JDG.json */; };
		290D65652B6D48E10026740C /* audio_LEV.json in Resources */ = {isa = PBXBuildFile; fileRef = 290D65232B6D48E10026740C /* audio_LEV.json */; };
		290D65662B6D48E10026740C /* audio_JOB.json in Resources */ = {isa = PBXBuildFile; fileRef = 290D65242B6D48E10026740C /* audio_JOB.json */; };
		290D65672B6D48E10026740C /* audio_1CH.json in Resources */ = {isa = PBXBuildFile; fileRef = 290D65252B6D48E10026740C /* audio_1CH.json */; };
		290D65682B6D48E20026740C /* audio_2SA.json in Resources */ = {isa = PBXBuildFile; fileRef = 290D65262B6D48E10026740C /* audio_2SA.json */; };
		290D65692B6D48E20026740C /* audio_HOS.json in Resources */ = {isa = PBXBuildFile; fileRef = 290D65272B6D48E10026740C /* audio_HOS.json */; };
		290D656A2B6D48E20026740C /* audio_DAN.json in Resources */ = {isa = PBXBuildFile; fileRef = 290D65282B6D48E10026740C /* audio_DAN.json */; };
		290D656C2B6D4E790026740C /* books.json in Resources */ = {isa = PBXBuildFile; fileRef = 290D656B2B6D4E790026740C /* books.json */; };
		290D65AF2B6D4E840026740C /* 2JN.json in Resources */ = {isa = PBXBuildFile; fileRef = 290D656D2B6D4E810026740C /* 2JN.json */; };
		290D65B02B6D4E840026740C /* JDG.json in Resources */ = {isa = PBXBuildFile; fileRef = 290D656E2B6D4E810026740C /* JDG.json */; };
		290D65B12B6D4E840026740C /* EXO.json in Resources */ = {isa = PBXBuildFile; fileRef = 290D656F2B6D4E810026740C /* EXO.json */; };
		290D65B22B6D4E840026740C /* LAM.json in Resources */ = {isa = PBXBuildFile; fileRef = 290D65702B6D4E810026740C /* LAM.json */; };
		290D65B32B6D4E840026740C /* EST.json in Resources */ = {isa = PBXBuildFile; fileRef = 290D65712B6D4E810026740C /* EST.json */; };
		290D65B42B6D4E840026740C /* DAN.json in Resources */ = {isa = PBXBuildFile; fileRef = 290D65722B6D4E810026740C /* DAN.json */; };
		290D65B52B6D4E840026740C /* 3JN.json in Resources */ = {isa = PBXBuildFile; fileRef = 290D65732B6D4E810026740C /* 3JN.json */; };
		290D65B62B6D4E840026740C /* JHN.json in Resources */ = {isa = PBXBuildFile; fileRef = 290D65742B6D4E810026740C /* JHN.json */; };
		290D65B72B6D4E840026740C /* PRO.json in Resources */ = {isa = PBXBuildFile; fileRef = 290D65752B6D4E810026740C /* PRO.json */; };
		290D65B82B6D4E840026740C /* JOL.json in Resources */ = {isa = PBXBuildFile; fileRef = 290D65762B6D4E810026740C /* JOL.json */; };
		290D65B92B6D4E840026740C /* JOS.json in Resources */ = {isa = PBXBuildFile; fileRef = 290D65772B6D4E820026740C /* JOS.json */; };
		290D65BA2B6D4E840026740C /* 1JN.json in Resources */ = {isa = PBXBuildFile; fileRef = 290D65782B6D4E820026740C /* 1JN.json */; };
		290D65BB2B6D4E840026740C /* 1PE.json in Resources */ = {isa = PBXBuildFile; fileRef = 290D65792B6D4E820026740C /* 1PE.json */; };
		290D65BC2B6D4E840026740C /* LUK.json in Resources */ = {isa = PBXBuildFile; fileRef = 290D657A2B6D4E820026740C /* LUK.json */; };
		290D65BD2B6D4E840026740C /* 1CO.json in Resources */ = {isa = PBXBuildFile; fileRef = 290D657B2B6D4E820026740C /* 1CO.json */; };
		290D65BE2B6D4E840026740C /* SNG.json in Resources */ = {isa = PBXBuildFile; fileRef = 290D657C2B6D4E820026740C /* SNG.json */; };
		290D65BF2B6D4E840026740C /* EPH.json in Resources */ = {isa = PBXBuildFile; fileRef = 290D657D2B6D4E820026740C /* EPH.json */; };
		290D65C02B6D4E840026740C /* 1TH.json in Resources */ = {isa = PBXBuildFile; fileRef = 290D657E2B6D4E820026740C /* 1TH.json */; };
		290D65C12B6D4E840026740C /* DEU.json in Resources */ = {isa = PBXBuildFile; fileRef = 290D657F2B6D4E820026740C /* DEU.json */; };
		290D65C22B6D4E840026740C /* HAG.json in Resources */ = {isa = PBXBuildFile; fileRef = 290D65802B6D4E820026740C /* HAG.json */; };
		290D65C32B6D4E840026740C /* MAT.json in Resources */ = {isa = PBXBuildFile; fileRef = 290D65812B6D4E820026740C /* MAT.json */; };
		290D65C42B6D4E840026740C /* MIC.json in Resources */ = {isa = PBXBuildFile; fileRef = 290D65822B6D4E820026740C /* MIC.json */; };
		290D65C52B6D4E840026740C /* ROM.json in Resources */ = {isa = PBXBuildFile; fileRef = 290D65832B6D4E820026740C /* ROM.json */; };
		290D65C62B6D4E840026740C /* NAM.json in Resources */ = {isa = PBXBuildFile; fileRef = 290D65842B6D4E820026740C /* NAM.json */; };
		290D65C72B6D4E840026740C /* 2CO.json in Resources */ = {isa = PBXBuildFile; fileRef = 290D65852B6D4E820026740C /* 2CO.json */; };
		290D65C82B6D4E840026740C /* EZR.json in Resources */ = {isa = PBXBuildFile; fileRef = 290D65862B6D4E820026740C /* EZR.json */; };
		290D65C92B6D4E840026740C /* JUD.json in Resources */ = {isa = PBXBuildFile; fileRef = 290D65872B6D4E820026740C /* JUD.json */; };
		290D65CA2B6D4E840026740C /* 2PE.json in Resources */ = {isa = PBXBuildFile; fileRef = 290D65882B6D4E820026740C /* 2PE.json */; };
		290D65CB2B6D4E840026740C /* JER.json in Resources */ = {isa = PBXBuildFile; fileRef = 290D65892B6D4E820026740C /* JER.json */; };
		290D65CC2B6D4E840026740C /* GEN.json in Resources */ = {isa = PBXBuildFile; fileRef = 290D658A2B6D4E820026740C /* GEN.json */; };
		290D65CD2B6D4E840026740C /* RUT.json in Resources */ = {isa = PBXBuildFile; fileRef = 290D658B2B6D4E820026740C /* RUT.json */; };
		290D65CE2B6D4E840026740C /* HAB.json in Resources */ = {isa = PBXBuildFile; fileRef = 290D658C2B6D4E830026740C /* HAB.json */; };
		290D65CF2B6D4E840026740C /* ISA.json in Resources */ = {isa = PBXBuildFile; fileRef = 290D658D2B6D4E830026740C /* ISA.json */; };
		290D65D02B6D4E840026740C /* TIT.json in Resources */ = {isa = PBXBuildFile; fileRef = 290D658E2B6D4E830026740C /* TIT.json */; };
		290D65D12B6D4E840026740C /* NEH.json in Resources */ = {isa = PBXBuildFile; fileRef = 290D658F2B6D4E830026740C /* NEH.json */; };
		290D65D22B6D4E840026740C /* 1CH.json in Resources */ = {isa = PBXBuildFile; fileRef = 290D65902B6D4E830026740C /* 1CH.json */; };
		290D65D32B6D4E840026740C /* LEV.json in Resources */ = {isa = PBXBuildFile; fileRef = 290D65912B6D4E830026740C /* LEV.json */; };
		290D65D42B6D4E840026740C /* PSA.json in Resources */ = {isa = PBXBuildFile; fileRef = 290D65922B6D4E830026740C /* PSA.json */; };
		290D65D52B6D4E840026740C /* 2TI.json in Resources */ = {isa = PBXBuildFile; fileRef = 290D65932B6D4E830026740C /* 2TI.json */; };
		290D65D62B6D4E840026740C /* JOB.json in Resources */ = {isa = PBXBuildFile; fileRef = 290D65942B6D4E830026740C /* JOB.json */; };
		290D65D72B6D4E840026740C /* 2SA.json in Resources */ = {isa = PBXBuildFile; fileRef = 290D65952B6D4E830026740C /* 2SA.json */; };
		290D65D82B6D4E840026740C /* MRK.json in Resources */ = {isa = PBXBuildFile; fileRef = 290D65962B6D4E830026740C /* MRK.json */; };
		290D65D92B6D4E840026740C /* MAL.json in Resources */ = {isa = PBXBuildFile; fileRef = 290D65972B6D4E830026740C /* MAL.json */; };
		290D65DA2B6D4E840026740C /* ECC.json in Resources */ = {isa = PBXBuildFile; fileRef = 290D65982B6D4E830026740C /* ECC.json */; };
		290D65DB2B6D4E840026740C /* 1KI.json in Resources */ = {isa = PBXBuildFile; fileRef = 290D65992B6D4E830026740C /* 1KI.json */; };
		290D65DC2B6D4E840026740C /* EZK.json in Resources */ = {isa = PBXBuildFile; fileRef = 290D659A2B6D4E830026740C /* EZK.json */; };
		290D65DD2B6D4E840026740C /* 1SA.json in Resources */ = {isa = PBXBuildFile; fileRef = 290D659B2B6D4E830026740C /* 1SA.json */; };
		290D65DE2B6D4E840026740C /* JAS.json in Resources */ = {isa = PBXBuildFile; fileRef = 290D659C2B6D4E830026740C /* JAS.json */; };
		290D65DF2B6D4E840026740C /* OBA.json in Resources */ = {isa = PBXBuildFile; fileRef = 290D659D2B6D4E830026740C /* OBA.json */; };
		290D65E02B6D4E840026740C /* PHP.json in Resources */ = {isa = PBXBuildFile; fileRef = 290D659E2B6D4E830026740C /* PHP.json */; };
		290D65E12B6D4E840026740C /* ZEP.json in Resources */ = {isa = PBXBuildFile; fileRef = 290D659F2B6D4E830026740C /* ZEP.json */; };
		290D65E22B6D4E840026740C /* GAL.json in Resources */ = {isa = PBXBuildFile; fileRef = 290D65A02B6D4E830026740C /* GAL.json */; };
		290D65E32B6D4E840026740C /* HOS.json in Resources */ = {isa = PBXBuildFile; fileRef = 290D65A12B6D4E830026740C /* HOS.json */; };
		290D65E42B6D4E840026740C /* NUM.json in Resources */ = {isa = PBXBuildFile; fileRef = 290D65A22B6D4E840026740C /* NUM.json */; };
		290D65E52B6D4E840026740C /* 2CH.json in Resources */ = {isa = PBXBuildFile; fileRef = 290D65A32B6D4E840026740C /* 2CH.json */; };
		290D65E62B6D4E840026740C /* AMO.json in Resources */ = {isa = PBXBuildFile; fileRef = 290D65A42B6D4E840026740C /* AMO.json */; };
		290D65E72B6D4E840026740C /* PHM.json in Resources */ = {isa = PBXBuildFile; fileRef = 290D65A52B6D4E840026740C /* PHM.json */; };
		290D65E82B6D4E840026740C /* 2TH.json in Resources */ = {isa = PBXBuildFile; fileRef = 290D65A62B6D4E840026740C /* 2TH.json */; };
		290D65E92B6D4E840026740C /* COL.json in Resources */ = {isa = PBXBuildFile; fileRef = 290D65A72B6D4E840026740C /* COL.json */; };
		290D65EA2B6D4E840026740C /* 2KI.json in Resources */ = {isa = PBXBuildFile; fileRef = 290D65A82B6D4E840026740C /* 2KI.json */; };
		290D65EB2B6D4E840026740C /* 1TI.json in Resources */ = {isa = PBXBuildFile; fileRef = 290D65A92B6D4E840026740C /* 1TI.json */; };
		290D65EC2B6D4E840026740C /* HEB.json in Resources */ = {isa = PBXBuildFile; fileRef = 290D65AA2B6D4E840026740C /* HEB.json */; };
		290D65ED2B6D4E840026740C /* ZEC.json in Resources */ = {isa = PBXBuildFile; fileRef = 290D65AB2B6D4E840026740C /* ZEC.json */; };
		290D65EE2B6D4E840026740C /* JON.json in Resources */ = {isa = PBXBuildFile; fileRef = 290D65AC2B6D4E840026740C /* JON.json */; };
		290D65EF2B6D4E840026740C /* ACT.json in Resources */ = {isa = PBXBuildFile; fileRef = 290D65AD2B6D4E840026740C /* ACT.json */; };
		290D65F02B6D4E840026740C /* REV.json in Resources */ = {isa = PBXBuildFile; fileRef = 290D65AE2B6D4E840026740C /* REV.json */; };
		290D65F22B6D4F9B0026740C /* default.realm in Resources */ = {isa = PBXBuildFile; fileRef = 290D65F12B6D4F9B0026740C /* default.realm */; };
		29CCD2062AE589B5002F6570 /* AppDelegate.swift in Sources */ = {isa = PBXBuildFile; fileRef = 29CCD2052AE589B5002F6570 /* AppDelegate.swift */; };
		29CCD2082AE589B5002F6570 /* SceneDelegate.swift in Sources */ = {isa = PBXBuildFile; fileRef = 29CCD2072AE589B5002F6570 /* SceneDelegate.swift */; };
		29CCD20A2AE589B5002F6570 /* ViewController.swift in Sources */ = {isa = PBXBuildFile; fileRef = 29CCD2092AE589B5002F6570 /* ViewController.swift */; };
		29CCD20D2AE589B5002F6570 /* Main.storyboard in Resources */ = {isa = PBXBuildFile; fileRef = 29CCD20B2AE589B5002F6570 /* Main.storyboard */; };
		29CCD20F2AE589B6002F6570 /* Assets.xcassets in Resources */ = {isa = PBXBuildFile; fileRef = 29CCD20E2AE589B6002F6570 /* Assets.xcassets */; };
		29CCD2122AE589B6002F6570 /* LaunchScreen.storyboard in Resources */ = {isa = PBXBuildFile; fileRef = 29CCD2102AE589B6002F6570 /* LaunchScreen.storyboard */; };
		29CCD2B82AE58A18002F6570 /* DocumentsManager.swift in Sources */ = {isa = PBXBuildFile; fileRef = 29CCD2632AE58A17002F6570 /* DocumentsManager.swift */; };
		29CCD2BA2AE58A18002F6570 /* BibleDataFromDB.swift in Sources */ = {isa = PBXBuildFile; fileRef = 29CCD2652AE58A17002F6570 /* BibleDataFromDB.swift */; };
		29CCD2BC2AE58A18002F6570 /* OfflineFromDBPlugin.swift in Sources */ = {isa = PBXBuildFile; fileRef = 29CCD2682AE58A17002F6570 /* OfflineFromDBPlugin.swift */; };
		29CCD2BF2AE58A18002F6570 /* ObjectMapper-iOS.xcframework in Frameworks */ = {isa = PBXBuildFile; fileRef = 29CCD26C2AE58A18002F6570 /* ObjectMapper-iOS.xcframework */; };
		29CCD2C02AE58A18002F6570 /* Verse.swift in Sources */ = {isa = PBXBuildFile; fileRef = 29CCD26E2AE58A18002F6570 /* Verse.swift */; };
		29CCD2C22AE58A18002F6570 /* Book.swift in Sources */ = {isa = PBXBuildFile; fileRef = 29CCD2702AE58A18002F6570 /* Book.swift */; };
		29CCD2C42AE58A18002F6570 /* RealmObjectMapper.swift in Sources */ = {isa = PBXBuildFile; fileRef = 29CCD2722AE58A18002F6570 /* RealmObjectMapper.swift */; };
		29CCD2C72AE58BB4002F6570 /* Realm.xcframework in Frameworks */ = {isa = PBXBuildFile; fileRef = 29CCD2C52AE58BB4002F6570 /* Realm.xcframework */; };
		29CCD2C82AE58BB4002F6570 /* RealmSwift.xcframework in Frameworks */ = {isa = PBXBuildFile; fileRef = 29CCD2C62AE58BB4002F6570 /* RealmSwift.xcframework */; };
		29CCD45E2AE84F2D002F6570 /* Teaching.swift in Sources */ = {isa = PBXBuildFile; fileRef = 29CCD45D2AE84F2D002F6570 /* Teaching.swift */; };
		29CCD4602AE84F37002F6570 /* Chapter.swift in Sources */ = {isa = PBXBuildFile; fileRef = 29CCD45F2AE84F37002F6570 /* Chapter.swift */; };
		29CCD4622AE85A5D002F6570 /* Audio.swift in Sources */ = {isa = PBXBuildFile; fileRef = 29CCD4612AE85A5D002F6570 /* Audio.swift */; };
		29CCD4672AE9A132002F6570 /* Constants.swift in Sources */ = {isa = PBXBuildFile; fileRef = 29CCD4662AE9A132002F6570 /* Constants.swift */; };
/* End PBXBuildFile section */

/* Begin PBXFileReference section */
		290D64E72B6D48DE0026740C /* audio_1CO.json */ = {isa = PBXFileReference; fileEncoding = 4; lastKnownFileType = text.json; path = audio_1CO.json; sourceTree = "<group>"; };
		290D64E82B6D48DE0026740C /* audio_JHN.json */ = {isa = PBXFileReference; fileEncoding = 4; lastKnownFileType = text.json; path = audio_JHN.json; sourceTree = "<group>"; };
		290D64E92B6D48DE0026740C /* audio_3JN.json */ = {isa = PBXFileReference; fileEncoding = 4; lastKnownFileType = text.json; path = audio_3JN.json; sourceTree = "<group>"; };
		290D64EA2B6D48DE0026740C /* audio_JER.json */ = {isa = PBXFileReference; fileEncoding = 4; lastKnownFileType = text.json; path = audio_JER.json; sourceTree = "<group>"; };
		290D64EB2B6D48DE0026740C /* audio_JOS.json */ = {isa = PBXFileReference; fileEncoding = 4; lastKnownFileType = text.json; path = audio_JOS.json; sourceTree = "<group>"; };
		290D64EC2B6D48DE0026740C /* audio_SNG.json */ = {isa = PBXFileReference; fileEncoding = 4; lastKnownFileType = text.json; path = audio_SNG.json; sourceTree = "<group>"; };
		290D64ED2B6D48DE0026740C /* audio_LAM.json */ = {isa = PBXFileReference; fileEncoding = 4; lastKnownFileType = text.json; path = audio_LAM.json; sourceTree = "<group>"; };
		290D64EE2B6D48DE0026740C /* audio_2CO.json */ = {isa = PBXFileReference; fileEncoding = 4; lastKnownFileType = text.json; path = audio_2CO.json; sourceTree = "<group>"; };
		290D64EF2B6D48DF0026740C /* audio_EZR.json */ = {isa = PBXFileReference; fileEncoding = 4; lastKnownFileType = text.json; path = audio_EZR.json; sourceTree = "<group>"; };
		290D64F02B6D48DF0026740C /* audio_1PE.json */ = {isa = PBXFileReference; fileEncoding = 4; lastKnownFileType = text.json; path = audio_1PE.json; sourceTree = "<group>"; };
		290D64F12B6D48DF0026740C /* audio_2PE.json */ = {isa = PBXFileReference; fileEncoding = 4; lastKnownFileType = text.json; path = audio_2PE.json; sourceTree = "<group>"; };
		290D64F22B6D48DF0026740C /* audio_EZK.json */ = {isa = PBXFileReference; fileEncoding = 4; lastKnownFileType = text.json; path = audio_EZK.json; sourceTree = "<group>"; };
		290D64F32B6D48DF0026740C /* audio_COL.json */ = {isa = PBXFileReference; fileEncoding = 4; lastKnownFileType = text.json; path = audio_COL.json; sourceTree = "<group>"; };
		290D64F42B6D48DF0026740C /* audio_REV.json */ = {isa = PBXFileReference; fileEncoding = 4; lastKnownFileType = text.json; path = audio_REV.json; sourceTree = "<group>"; };
		290D64F52B6D48DF0026740C /* audio_AMO.json */ = {isa = PBXFileReference; fileEncoding = 4; lastKnownFileType = text.json; path = audio_AMO.json; sourceTree = "<group>"; };
		290D64F62B6D48DF0026740C /* audio_TIT.json */ = {isa = PBXFileReference; fileEncoding = 4; lastKnownFileType = text.json; path = audio_TIT.json; sourceTree = "<group>"; };
		290D64F72B6D48DF0026740C /* audio_2JN.json */ = {isa = PBXFileReference; fileEncoding = 4; lastKnownFileType = text.json; path = audio_2JN.json; sourceTree = "<group>"; };
		290D64F82B6D48DF0026740C /* audio_1SA.json */ = {isa = PBXFileReference; fileEncoding = 4; lastKnownFileType = text.json; path = audio_1SA.json; sourceTree = "<group>"; };
		290D64F92B6D48DF0026740C /* audio_GAL.json */ = {isa = PBXFileReference; fileEncoding = 4; lastKnownFileType = text.json; path = audio_GAL.json; sourceTree = "<group>"; };
		290D64FA2B6D48DF0026740C /* audio_DEU.json */ = {isa = PBXFileReference; fileEncoding = 4; lastKnownFileType = text.json; path = audio_DEU.json; sourceTree = "<group>"; };
		290D64FB2B6D48DF0026740C /* audio_PRO.json */ = {isa = PBXFileReference; fileEncoding = 4; lastKnownFileType = text.json; path = audio_PRO.json; sourceTree = "<group>"; };
		290D64FC2B6D48DF0026740C /* audio_2KI.json */ = {isa = PBXFileReference; fileEncoding = 4; lastKnownFileType = text.json; path = audio_2KI.json; sourceTree = "<group>"; };
		290D64FD2B6D48DF0026740C /* audio_1TI.json */ = {isa = PBXFileReference; fileEncoding = 4; lastKnownFileType = text.json; path = audio_1TI.json; sourceTree = "<group>"; };
		290D64FE2B6D48DF0026740C /* audio_HAG.json */ = {isa = PBXFileReference; fileEncoding = 4; lastKnownFileType = text.json; path = audio_HAG.json; sourceTree = "<group>"; };
		290D64FF2B6D48DF0026740C /* audio_MRK.json */ = {isa = PBXFileReference; fileEncoding = 4; lastKnownFileType = text.json; path = audio_MRK.json; sourceTree = "<group>"; };
		290D65002B6D48DF0026740C /* audio_NEH.json */ = {isa = PBXFileReference; fileEncoding = 4; lastKnownFileType = text.json; path = audio_NEH.json; sourceTree = "<group>"; };
		290D65012B6D48DF0026740C /* audio_PSA.json */ = {isa = PBXFileReference; fileEncoding = 4; lastKnownFileType = text.json; path = audio_PSA.json; sourceTree = "<group>"; };
		290D65022B6D48E00026740C /* audio_NAM.json */ = {isa = PBXFileReference; fileEncoding = 4; lastKnownFileType = text.json; path = audio_NAM.json; sourceTree = "<group>"; };
		290D65032B6D48E00026740C /* audio_2TI.json */ = {isa = PBXFileReference; fileEncoding = 4; lastKnownFileType = text.json; path = audio_2TI.json; sourceTree = "<group>"; };
		290D65042B6D48E00026740C /* audio_NUM.json */ = {isa = PBXFileReference; fileEncoding = 4; lastKnownFileType = text.json; path = audio_NUM.json; sourceTree = "<group>"; };
		290D65052B6D48E00026740C /* audio_MAL.json */ = {isa = PBXFileReference; fileEncoding = 4; lastKnownFileType = text.json; path = audio_MAL.json; sourceTree = "<group>"; };
		290D65062B6D48E00026740C /* audio_GEN.json */ = {isa = PBXFileReference; fileEncoding = 4; lastKnownFileType = text.json; path = audio_GEN.json; sourceTree = "<group>"; };
		290D65072B6D48E00026740C /* audio_HEB.json */ = {isa = PBXFileReference; fileEncoding = 4; lastKnownFileType = text.json; path = audio_HEB.json; sourceTree = "<group>"; };
		290D65082B6D48E00026740C /* audio_JAS.json */ = {isa = PBXFileReference; fileEncoding = 4; lastKnownFileType = text.json; path = audio_JAS.json; sourceTree = "<group>"; };
		290D65092B6D48E00026740C /* audio_JON.json */ = {isa = PBXFileReference; fileEncoding = 4; lastKnownFileType = text.json; path = audio_JON.json; sourceTree = "<group>"; };
		290D650A2B6D48E00026740C /* audio_HAB.json */ = {isa = PBXFileReference; fileEncoding = 4; lastKnownFileType = text.json; path = audio_HAB.json; sourceTree = "<group>"; };
		290D650B2B6D48E00026740C /* audio_MAT.json */ = {isa = PBXFileReference; fileEncoding = 4; lastKnownFileType = text.json; path = audio_MAT.json; sourceTree = "<group>"; };
		290D650C2B6D48E00026740C /* audio_MIC.json */ = {isa = PBXFileReference; fileEncoding = 4; lastKnownFileType = text.json; path = audio_MIC.json; sourceTree = "<group>"; };
		290D650D2B6D48E00026740C /* audio_ROM.json */ = {isa = PBXFileReference; fileEncoding = 4; lastKnownFileType = text.json; path = audio_ROM.json; sourceTree = "<group>"; };
		290D650E2B6D48E00026740C /* audio_EST.json */ = {isa = PBXFileReference; fileEncoding = 4; lastKnownFileType = text.json; path = audio_EST.json; sourceTree = "<group>"; };
		290D650F2B6D48E00026740C /* audio_2CH.json */ = {isa = PBXFileReference; fileEncoding = 4; lastKnownFileType = text.json; path = audio_2CH.json; sourceTree = "<group>"; };
		290D65102B6D48E00026740C /* audio_ECC.json */ = {isa = PBXFileReference; fileEncoding = 4; lastKnownFileType = text.json; path = audio_ECC.json; sourceTree = "<group>"; };
		290D65112B6D48E00026740C /* audio_ACT.json */ = {isa = PBXFileReference; fileEncoding = 4; lastKnownFileType = text.json; path = audio_ACT.json; sourceTree = "<group>"; };
		290D65122B6D48E00026740C /* audio_OBA.json */ = {isa = PBXFileReference; fileEncoding = 4; lastKnownFileType = text.json; path = audio_OBA.json; sourceTree = "<group>"; };
		290D65132B6D48E00026740C /* audio_PHP.json */ = {isa = PBXFileReference; fileEncoding = 4; lastKnownFileType = text.json; path = audio_PHP.json; sourceTree = "<group>"; };
		290D65142B6D48E00026740C /* audio_LUK.json */ = {isa = PBXFileReference; fileEncoding = 4; lastKnownFileType = text.json; path = audio_LUK.json; sourceTree = "<group>"; };
		290D65152B6D48E00026740C /* audio_2TH.json */ = {isa = PBXFileReference; fileEncoding = 4; lastKnownFileType = text.json; path = audio_2TH.json; sourceTree = "<group>"; };
		290D65162B6D48E10026740C /* audio_RUT.json */ = {isa = PBXFileReference; fileEncoding = 4; lastKnownFileType = text.json; path = audio_RUT.json; sourceTree = "<group>"; };
		290D65172B6D48E10026740C /* audio_EXO.json */ = {isa = PBXFileReference; fileEncoding = 4; lastKnownFileType = text.json; path = audio_EXO.json; sourceTree = "<group>"; };
		290D65182B6D48E10026740C /* audio_JOL.json */ = {isa = PBXFileReference; fileEncoding = 4; lastKnownFileType = text.json; path = audio_JOL.json; sourceTree = "<group>"; };
		290D65192B6D48E10026740C /* audio_1TH.json */ = {isa = PBXFileReference; fileEncoding = 4; lastKnownFileType = text.json; path = audio_1TH.json; sourceTree = "<group>"; };
		290D651A2B6D48E10026740C /* audio_1KI.json */ = {isa = PBXFileReference; fileEncoding = 4; lastKnownFileType = text.json; path = audio_1KI.json; sourceTree = "<group>"; };
		290D651B2B6D48E10026740C /* audio_1JN.json */ = {isa = PBXFileReference; fileEncoding = 4; lastKnownFileType = text.json; path = audio_1JN.json; sourceTree = "<group>"; };
		290D651C2B6D48E10026740C /* audio_PHM.json */ = {isa = PBXFileReference; fileEncoding = 4; lastKnownFileType = text.json; path = audio_PHM.json; sourceTree = "<group>"; };
		290D651D2B6D48E10026740C /* audio_ZEC.json */ = {isa = PBXFileReference; fileEncoding = 4; lastKnownFileType = text.json; path = audio_ZEC.json; sourceTree = "<group>"; };
		290D651E2B6D48E10026740C /* audio_EPH.json */ = {isa = PBXFileReference; fileEncoding = 4; lastKnownFileType = text.json; path = audio_EPH.json; sourceTree = "<group>"; };
		290D651F2B6D48E10026740C /* audio_ISA.json */ = {isa = PBXFileReference; fileEncoding = 4; lastKnownFileType = text.json; path = audio_ISA.json; sourceTree = "<group>"; };
		290D65202B6D48E10026740C /* audio_ZEP.json */ = {isa = PBXFileReference; fileEncoding = 4; lastKnownFileType = text.json; path = audio_ZEP.json; sourceTree = "<group>"; };
		290D65212B6D48E10026740C /* audio_JUD.json */ = {isa = PBXFileReference; fileEncoding = 4; lastKnownFileType = text.json; path = audio_JUD.json; sourceTree = "<group>"; };
		290D65222B6D48E10026740C /* audio_JDG.json */ = {isa = PBXFileReference; fileEncoding = 4; lastKnownFileType = text.json; path = audio_JDG.json; sourceTree = "<group>"; };
		290D65232B6D48E10026740C /* audio_LEV.json */ = {isa = PBXFileReference; fileEncoding = 4; lastKnownFileType = text.json; path = audio_LEV.json; sourceTree = "<group>"; };
		290D65242B6D48E10026740C /* audio_JOB.json */ = {isa = PBXFileReference; fileEncoding = 4; lastKnownFileType = text.json; path = audio_JOB.json; sourceTree = "<group>"; };
		290D65252B6D48E10026740C /* audio_1CH.json */ = {isa = PBXFileReference; fileEncoding = 4; lastKnownFileType = text.json; path = audio_1CH.json; sourceTree = "<group>"; };
		290D65262B6D48E10026740C /* audio_2SA.json */ = {isa = PBXFileReference; fileEncoding = 4; lastKnownFileType = text.json; path = audio_2SA.json; sourceTree = "<group>"; };
		290D65272B6D48E10026740C /* audio_HOS.json */ = {isa = PBXFileReference; fileEncoding = 4; lastKnownFileType = text.json; path = audio_HOS.json; sourceTree = "<group>"; };
		290D65282B6D48E10026740C /* audio_DAN.json */ = {isa = PBXFileReference; fileEncoding = 4; lastKnownFileType = text.json; path = audio_DAN.json; sourceTree = "<group>"; };
		290D656B2B6D4E790026740C /* books.json */ = {isa = PBXFileReference; fileEncoding = 4; lastKnownFileType = text.json; path = books.json; sourceTree = "<group>"; };
		290D656D2B6D4E810026740C /* 2JN.json */ = {isa = PBXFileReference; fileEncoding = 4; lastKnownFileType = text.json; path = 2JN.json; sourceTree = "<group>"; };
		290D656E2B6D4E810026740C /* JDG.json */ = {isa = PBXFileReference; fileEncoding = 4; lastKnownFileType = text.json; path = JDG.json; sourceTree = "<group>"; };
		290D656F2B6D4E810026740C /* EXO.json */ = {isa = PBXFileReference; fileEncoding = 4; lastKnownFileType = text.json; path = EXO.json; sourceTree = "<group>"; };
		290D65702B6D4E810026740C /* LAM.json */ = {isa = PBXFileReference; fileEncoding = 4; lastKnownFileType = text.json; path = LAM.json; sourceTree = "<group>"; };
		290D65712B6D4E810026740C /* EST.json */ = {isa = PBXFileReference; fileEncoding = 4; lastKnownFileType = text.json; path = EST.json; sourceTree = "<group>"; };
		290D65722B6D4E810026740C /* DAN.json */ = {isa = PBXFileReference; fileEncoding = 4; lastKnownFileType = text.json; path = DAN.json; sourceTree = "<group>"; };
		290D65732B6D4E810026740C /* 3JN.json */ = {isa = PBXFileReference; fileEncoding = 4; lastKnownFileType = text.json; path = 3JN.json; sourceTree = "<group>"; };
		290D65742B6D4E810026740C /* JHN.json */ = {isa = PBXFileReference; fileEncoding = 4; lastKnownFileType = text.json; path = JHN.json; sourceTree = "<group>"; };
		290D65752B6D4E810026740C /* PRO.json */ = {isa = PBXFileReference; fileEncoding = 4; lastKnownFileType = text.json; path = PRO.json; sourceTree = "<group>"; };
		290D65762B6D4E810026740C /* JOL.json */ = {isa = PBXFileReference; fileEncoding = 4; lastKnownFileType = text.json; path = JOL.json; sourceTree = "<group>"; };
		290D65772B6D4E820026740C /* JOS.json */ = {isa = PBXFileReference; fileEncoding = 4; lastKnownFileType = text.json; path = JOS.json; sourceTree = "<group>"; };
		290D65782B6D4E820026740C /* 1JN.json */ = {isa = PBXFileReference; fileEncoding = 4; lastKnownFileType = text.json; path = 1JN.json; sourceTree = "<group>"; };
		290D65792B6D4E820026740C /* 1PE.json */ = {isa = PBXFileReference; fileEncoding = 4; lastKnownFileType = text.json; path = 1PE.json; sourceTree = "<group>"; };
		290D657A2B6D4E820026740C /* LUK.json */ = {isa = PBXFileReference; fileEncoding = 4; lastKnownFileType = text.json; path = LUK.json; sourceTree = "<group>"; };
		290D657B2B6D4E820026740C /* 1CO.json */ = {isa = PBXFileReference; fileEncoding = 4; lastKnownFileType = text.json; path = 1CO.json; sourceTree = "<group>"; };
		290D657C2B6D4E820026740C /* SNG.json */ = {isa = PBXFileReference; fileEncoding = 4; lastKnownFileType = text.json; path = SNG.json; sourceTree = "<group>"; };
		290D657D2B6D4E820026740C /* EPH.json */ = {isa = PBXFileReference; fileEncoding = 4; lastKnownFileType = text.json; path = EPH.json; sourceTree = "<group>"; };
		290D657E2B6D4E820026740C /* 1TH.json */ = {isa = PBXFileReference; fileEncoding = 4; lastKnownFileType = text.json; path = 1TH.json; sourceTree = "<group>"; };
		290D657F2B6D4E820026740C /* DEU.json */ = {isa = PBXFileReference; fileEncoding = 4; lastKnownFileType = text.json; path = DEU.json; sourceTree = "<group>"; };
		290D65802B6D4E820026740C /* HAG.json */ = {isa = PBXFileReference; fileEncoding = 4; lastKnownFileType = text.json; path = HAG.json; sourceTree = "<group>"; };
		290D65812B6D4E820026740C /* MAT.json */ = {isa = PBXFileReference; fileEncoding = 4; lastKnownFileType = text.json; path = MAT.json; sourceTree = "<group>"; };
		290D65822B6D4E820026740C /* MIC.json */ = {isa = PBXFileReference; fileEncoding = 4; lastKnownFileType = text.json; path = MIC.json; sourceTree = "<group>"; };
		290D65832B6D4E820026740C /* ROM.json */ = {isa = PBXFileReference; fileEncoding = 4; lastKnownFileType = text.json; path = ROM.json; sourceTree = "<group>"; };
		290D65842B6D4E820026740C /* NAM.json */ = {isa = PBXFileReference; fileEncoding = 4; lastKnownFileType = text.json; path = NAM.json; sourceTree = "<group>"; };
		290D65852B6D4E820026740C /* 2CO.json */ = {isa = PBXFileReference; fileEncoding = 4; lastKnownFileType = text.json; path = 2CO.json; sourceTree = "<group>"; };
		290D65862B6D4E820026740C /* EZR.json */ = {isa = PBXFileReference; fileEncoding = 4; lastKnownFileType = text.json; path = EZR.json; sourceTree = "<group>"; };
		290D65872B6D4E820026740C /* JUD.json */ = {isa = PBXFileReference; fileEncoding = 4; lastKnownFileType = text.json; path = JUD.json; sourceTree = "<group>"; };
		290D65882B6D4E820026740C /* 2PE.json */ = {isa = PBXFileReference; fileEncoding = 4; lastKnownFileType = text.json; path = 2PE.json; sourceTree = "<group>"; };
		290D65892B6D4E820026740C /* JER.json */ = {isa = PBXFileReference; fileEncoding = 4; lastKnownFileType = text.json; path = JER.json; sourceTree = "<group>"; };
		290D658A2B6D4E820026740C /* GEN.json */ = {isa = PBXFileReference; fileEncoding = 4; lastKnownFileType = text.json; path = GEN.json; sourceTree = "<group>"; };
		290D658B2B6D4E820026740C /* RUT.json */ = {isa = PBXFileReference; fileEncoding = 4; lastKnownFileType = text.json; path = RUT.json; sourceTree = "<group>"; };
		290D658C2B6D4E830026740C /* HAB.json */ = {isa = PBXFileReference; fileEncoding = 4; lastKnownFileType = text.json; path = HAB.json; sourceTree = "<group>"; };
		290D658D2B6D4E830026740C /* ISA.json */ = {isa = PBXFileReference; fileEncoding = 4; lastKnownFileType = text.json; path = ISA.json; sourceTree = "<group>"; };
		290D658E2B6D4E830026740C /* TIT.json */ = {isa = PBXFileReference; fileEncoding = 4; lastKnownFileType = text.json; path = TIT.json; sourceTree = "<group>"; };
		290D658F2B6D4E830026740C /* NEH.json */ = {isa = PBXFileReference; fileEncoding = 4; lastKnownFileType = text.json; path = NEH.json; sourceTree = "<group>"; };
		290D65902B6D4E830026740C /* 1CH.json */ = {isa = PBXFileReference; fileEncoding = 4; lastKnownFileType = text.json; path = 1CH.json; sourceTree = "<group>"; };
		290D65912B6D4E830026740C /* LEV.json */ = {isa = PBXFileReference; fileEncoding = 4; lastKnownFileType = text.json; path = LEV.json; sourceTree = "<group>"; };
		290D65922B6D4E830026740C /* PSA.json */ = {isa = PBXFileReference; fileEncoding = 4; lastKnownFileType = text.json; path = PSA.json; sourceTree = "<group>"; };
		290D65932B6D4E830026740C /* 2TI.json */ = {isa = PBXFileReference; fileEncoding = 4; lastKnownFileType = text.json; path = 2TI.json; sourceTree = "<group>"; };
		290D65942B6D4E830026740C /* JOB.json */ = {isa = PBXFileReference; fileEncoding = 4; lastKnownFileType = text.json; path = JOB.json; sourceTree = "<group>"; };
		290D65952B6D4E830026740C /* 2SA.json */ = {isa = PBXFileReference; fileEncoding = 4; lastKnownFileType = text.json; path = 2SA.json; sourceTree = "<group>"; };
		290D65962B6D4E830026740C /* MRK.json */ = {isa = PBXFileReference; fileEncoding = 4; lastKnownFileType = text.json; path = MRK.json; sourceTree = "<group>"; };
		290D65972B6D4E830026740C /* MAL.json */ = {isa = PBXFileReference; fileEncoding = 4; lastKnownFileType = text.json; path = MAL.json; sourceTree = "<group>"; };
		290D65982B6D4E830026740C /* ECC.json */ = {isa = PBXFileReference; fileEncoding = 4; lastKnownFileType = text.json; path = ECC.json; sourceTree = "<group>"; };
		290D65992B6D4E830026740C /* 1KI.json */ = {isa = PBXFileReference; fileEncoding = 4; lastKnownFileType = text.json; path = 1KI.json; sourceTree = "<group>"; };
		290D659A2B6D4E830026740C /* EZK.json */ = {isa = PBXFileReference; fileEncoding = 4; lastKnownFileType = text.json; path = EZK.json; sourceTree = "<group>"; };
		290D659B2B6D4E830026740C /* 1SA.json */ = {isa = PBXFileReference; fileEncoding = 4; lastKnownFileType = text.json; path = 1SA.json; sourceTree = "<group>"; };
		290D659C2B6D4E830026740C /* JAS.json */ = {isa = PBXFileReference; fileEncoding = 4; lastKnownFileType = text.json; path = JAS.json; sourceTree = "<group>"; };
		290D659D2B6D4E830026740C /* OBA.json */ = {isa = PBXFileReference; fileEncoding = 4; lastKnownFileType = text.json; path = OBA.json; sourceTree = "<group>"; };
		290D659E2B6D4E830026740C /* PHP.json */ = {isa = PBXFileReference; fileEncoding = 4; lastKnownFileType = text.json; path = PHP.json; sourceTree = "<group>"; };
		290D659F2B6D4E830026740C /* ZEP.json */ = {isa = PBXFileReference; fileEncoding = 4; lastKnownFileType = text.json; path = ZEP.json; sourceTree = "<group>"; };
		290D65A02B6D4E830026740C /* GAL.json */ = {isa = PBXFileReference; fileEncoding = 4; lastKnownFileType = text.json; path = GAL.json; sourceTree = "<group>"; };
		290D65A12B6D4E830026740C /* HOS.json */ = {isa = PBXFileReference; fileEncoding = 4; lastKnownFileType = text.json; path = HOS.json; sourceTree = "<group>"; };
		290D65A22B6D4E840026740C /* NUM.json */ = {isa = PBXFileReference; fileEncoding = 4; lastKnownFileType = text.json; path = NUM.json; sourceTree = "<group>"; };
		290D65A32B6D4E840026740C /* 2CH.json */ = {isa = PBXFileReference; fileEncoding = 4; lastKnownFileType = text.json; path = 2CH.json; sourceTree = "<group>"; };
		290D65A42B6D4E840026740C /* AMO.json */ = {isa = PBXFileReference; fileEncoding = 4; lastKnownFileType = text.json; path = AMO.json; sourceTree = "<group>"; };
		290D65A52B6D4E840026740C /* PHM.json */ = {isa = PBXFileReference; fileEncoding = 4; lastKnownFileType = text.json; path = PHM.json; sourceTree = "<group>"; };
		290D65A62B6D4E840026740C /* 2TH.json */ = {isa = PBXFileReference; fileEncoding = 4; lastKnownFileType = text.json; path = 2TH.json; sourceTree = "<group>"; };
		290D65A72B6D4E840026740C /* COL.json */ = {isa = PBXFileReference; fileEncoding = 4; lastKnownFileType = text.json; path = COL.json; sourceTree = "<group>"; };
		290D65A82B6D4E840026740C /* 2KI.json */ = {isa = PBXFileReference; fileEncoding = 4; lastKnownFileType = text.json; path = 2KI.json; sourceTree = "<group>"; };
		290D65A92B6D4E840026740C /* 1TI.json */ = {isa = PBXFileReference; fileEncoding = 4; lastKnownFileType = text.json; path = 1TI.json; sourceTree = "<group>"; };
		290D65AA2B6D4E840026740C /* HEB.json */ = {isa = PBXFileReference; fileEncoding = 4; lastKnownFileType = text.json; path = HEB.json; sourceTree = "<group>"; };
		290D65AB2B6D4E840026740C /* ZEC.json */ = {isa = PBXFileReference; fileEncoding = 4; lastKnownFileType = text.json; path = ZEC.json; sourceTree = "<group>"; };
		290D65AC2B6D4E840026740C /* JON.json */ = {isa = PBXFileReference; fileEncoding = 4; lastKnownFileType = text.json; path = JON.json; sourceTree = "<group>"; };
		290D65AD2B6D4E840026740C /* ACT.json */ = {isa = PBXFileReference; fileEncoding = 4; lastKnownFileType = text.json; path = ACT.json; sourceTree = "<group>"; };
		290D65AE2B6D4E840026740C /* REV.json */ = {isa = PBXFileReference; fileEncoding = 4; lastKnownFileType = text.json; path = REV.json; sourceTree = "<group>"; };
		290D65F12B6D4F9B0026740C /* default.realm */ = {isa = PBXFileReference; lastKnownFileType = file; path = default.realm; sourceTree = "<group>"; };
		29CCD2022AE589B5002F6570 /* OfflineFromDBDemo.app */ = {isa = PBXFileReference; explicitFileType = wrapper.application; includeInIndex = 0; path = OfflineFromDBDemo.app; sourceTree = BUILT_PRODUCTS_DIR; };
		29CCD2052AE589B5002F6570 /* AppDelegate.swift */ = {isa = PBXFileReference; lastKnownFileType = sourcecode.swift; path = AppDelegate.swift; sourceTree = "<group>"; };
		29CCD2072AE589B5002F6570 /* SceneDelegate.swift */ = {isa = PBXFileReference; lastKnownFileType = sourcecode.swift; path = SceneDelegate.swift; sourceTree = "<group>"; };
		29CCD2092AE589B5002F6570 /* ViewController.swift */ = {isa = PBXFileReference; lastKnownFileType = sourcecode.swift; path = ViewController.swift; sourceTree = "<group>"; };
		29CCD20C2AE589B5002F6570 /* Base */ = {isa = PBXFileReference; lastKnownFileType = file.storyboard; name = Base; path = Base.lproj/Main.storyboard; sourceTree = "<group>"; };
		29CCD20E2AE589B6002F6570 /* Assets.xcassets */ = {isa = PBXFileReference; lastKnownFileType = folder.assetcatalog; path = Assets.xcassets; sourceTree = "<group>"; };
		29CCD2112AE589B6002F6570 /* Base */ = {isa = PBXFileReference; lastKnownFileType = file.storyboard; name = Base; path = Base.lproj/LaunchScreen.storyboard; sourceTree = "<group>"; };
		29CCD2132AE589B6002F6570 /* Info.plist */ = {isa = PBXFileReference; lastKnownFileType = text.plist.xml; path = Info.plist; sourceTree = "<group>"; };
		29CCD2632AE58A17002F6570 /* DocumentsManager.swift */ = {isa = PBXFileReference; fileEncoding = 4; lastKnownFileType = sourcecode.swift; path = DocumentsManager.swift; sourceTree = "<group>"; };
		29CCD2652AE58A17002F6570 /* BibleDataFromDB.swift */ = {isa = PBXFileReference; fileEncoding = 4; lastKnownFileType = sourcecode.swift; path = BibleDataFromDB.swift; sourceTree = "<group>"; };
		29CCD2682AE58A17002F6570 /* OfflineFromDBPlugin.swift */ = {isa = PBXFileReference; fileEncoding = 4; lastKnownFileType = sourcecode.swift; path = OfflineFromDBPlugin.swift; sourceTree = "<group>"; };
		29CCD26C2AE58A18002F6570 /* ObjectMapper-iOS.xcframework */ = {isa = PBXFileReference; lastKnownFileType = wrapper.xcframework; path = "ObjectMapper-iOS.xcframework"; sourceTree = "<group>"; };
		29CCD26E2AE58A18002F6570 /* Verse.swift */ = {isa = PBXFileReference; fileEncoding = 4; lastKnownFileType = sourcecode.swift; path = Verse.swift; sourceTree = "<group>"; };
		29CCD2702AE58A18002F6570 /* Book.swift */ = {isa = PBXFileReference; fileEncoding = 4; lastKnownFileType = sourcecode.swift; path = Book.swift; sourceTree = "<group>"; };
		29CCD2722AE58A18002F6570 /* RealmObjectMapper.swift */ = {isa = PBXFileReference; fileEncoding = 4; lastKnownFileType = sourcecode.swift; path = RealmObjectMapper.swift; sourceTree = "<group>"; };
		29CCD2C52AE58BB4002F6570 /* Realm.xcframework */ = {isa = PBXFileReference; lastKnownFileType = wrapper.xcframework; path = Realm.xcframework; sourceTree = "<group>"; };
		29CCD2C62AE58BB4002F6570 /* RealmSwift.xcframework */ = {isa = PBXFileReference; lastKnownFileType = wrapper.xcframework; path = RealmSwift.xcframework; sourceTree = "<group>"; };
		29CCD45D2AE84F2D002F6570 /* Teaching.swift */ = {isa = PBXFileReference; lastKnownFileType = sourcecode.swift; path = Teaching.swift; sourceTree = "<group>"; };
		29CCD45F2AE84F37002F6570 /* Chapter.swift */ = {isa = PBXFileReference; lastKnownFileType = sourcecode.swift; path = Chapter.swift; sourceTree = "<group>"; };
		29CCD4612AE85A5D002F6570 /* Audio.swift */ = {isa = PBXFileReference; lastKnownFileType = sourcecode.swift; path = Audio.swift; sourceTree = "<group>"; };
		29CCD4662AE9A132002F6570 /* Constants.swift */ = {isa = PBXFileReference; lastKnownFileType = sourcecode.swift; path = Constants.swift; sourceTree = "<group>"; };
/* End PBXFileReference section */

/* Begin PBXFrameworksBuildPhase section */
		29CCD1FF2AE589B5002F6570 /* Frameworks */ = {
			isa = PBXFrameworksBuildPhase;
			buildActionMask = 2147483647;
			files = (
				29CCD2BF2AE58A18002F6570 /* ObjectMapper-iOS.xcframework in Frameworks */,
				29CCD2C82AE58BB4002F6570 /* RealmSwift.xcframework in Frameworks */,
				29CCD2C72AE58BB4002F6570 /* Realm.xcframework in Frameworks */,
			);
			runOnlyForDeploymentPostprocessing = 0;
		};
/* End PBXFrameworksBuildPhase section */

/* Begin PBXGroup section */
		295F1C102B6A56ED0003024E /* Audios */ = {
			isa = PBXGroup;
			children = (
				290D65252B6D48E10026740C /* audio_1CH.json */,
				290D64E72B6D48DE0026740C /* audio_1CO.json */,
				290D651B2B6D48E10026740C /* audio_1JN.json */,
				290D651A2B6D48E10026740C /* audio_1KI.json */,
				290D64F02B6D48DF0026740C /* audio_1PE.json */,
				290D64F82B6D48DF0026740C /* audio_1SA.json */,
				290D65192B6D48E10026740C /* audio_1TH.json */,
				290D64FD2B6D48DF0026740C /* audio_1TI.json */,
				290D650F2B6D48E00026740C /* audio_2CH.json */,
				290D64EE2B6D48DE0026740C /* audio_2CO.json */,
				290D64F72B6D48DF0026740C /* audio_2JN.json */,
				290D64FC2B6D48DF0026740C /* audio_2KI.json */,
				290D64F12B6D48DF0026740C /* audio_2PE.json */,
				290D65262B6D48E10026740C /* audio_2SA.json */,
				290D65152B6D48E00026740C /* audio_2TH.json */,
				290D65032B6D48E00026740C /* audio_2TI.json */,
				290D64E92B6D48DE0026740C /* audio_3JN.json */,
				290D65112B6D48E00026740C /* audio_ACT.json */,
				290D64F52B6D48DF0026740C /* audio_AMO.json */,
				290D64F32B6D48DF0026740C /* audio_COL.json */,
				290D65282B6D48E10026740C /* audio_DAN.json */,
				290D64FA2B6D48DF0026740C /* audio_DEU.json */,
				290D65102B6D48E00026740C /* audio_ECC.json */,
				290D651E2B6D48E10026740C /* audio_EPH.json */,
				290D650E2B6D48E00026740C /* audio_EST.json */,
				290D65172B6D48E10026740C /* audio_EXO.json */,
				290D64F22B6D48DF0026740C /* audio_EZK.json */,
				290D64EF2B6D48DF0026740C /* audio_EZR.json */,
				290D64F92B6D48DF0026740C /* audio_GAL.json */,
				290D65062B6D48E00026740C /* audio_GEN.json */,
				290D650A2B6D48E00026740C /* audio_HAB.json */,
				290D64FE2B6D48DF0026740C /* audio_HAG.json */,
				290D65072B6D48E00026740C /* audio_HEB.json */,
				290D65272B6D48E10026740C /* audio_HOS.json */,
				290D651F2B6D48E10026740C /* audio_ISA.json */,
				290D65082B6D48E00026740C /* audio_JAS.json */,
				290D65222B6D48E10026740C /* audio_JDG.json */,
				290D64EA2B6D48DE0026740C /* audio_JER.json */,
				290D64E82B6D48DE0026740C /* audio_JHN.json */,
				290D65242B6D48E10026740C /* audio_JOB.json */,
				290D65182B6D48E10026740C /* audio_JOL.json */,
				290D65092B6D48E00026740C /* audio_JON.json */,
				290D64EB2B6D48DE0026740C /* audio_JOS.json */,
				290D65212B6D48E10026740C /* audio_JUD.json */,
				290D64ED2B6D48DE0026740C /* audio_LAM.json */,
				290D65232B6D48E10026740C /* audio_LEV.json */,
				290D65142B6D48E00026740C /* audio_LUK.json */,
				290D65052B6D48E00026740C /* audio_MAL.json */,
				290D650B2B6D48E00026740C /* audio_MAT.json */,
				290D650C2B6D48E00026740C /* audio_MIC.json */,
				290D64FF2B6D48DF0026740C /* audio_MRK.json */,
				290D65022B6D48E00026740C /* audio_NAM.json */,
				290D65002B6D48DF0026740C /* audio_NEH.json */,
				290D65042B6D48E00026740C /* audio_NUM.json */,
				290D65122B6D48E00026740C /* audio_OBA.json */,
				290D651C2B6D48E10026740C /* audio_PHM.json */,
				290D65132B6D48E00026740C /* audio_PHP.json */,
				290D64FB2B6D48DF0026740C /* audio_PRO.json */,
				290D65012B6D48DF0026740C /* audio_PSA.json */,
				290D64F42B6D48DF0026740C /* audio_REV.json */,
				290D650D2B6D48E00026740C /* audio_ROM.json */,
				290D65162B6D48E10026740C /* audio_RUT.json */,
				290D64EC2B6D48DE0026740C /* audio_SNG.json */,
				290D64F62B6D48DF0026740C /* audio_TIT.json */,
				290D651D2B6D48E10026740C /* audio_ZEC.json */,
				290D65202B6D48E10026740C /* audio_ZEP.json */,
			);
			path = Audios;
			sourceTree = "<group>";
		};
		295F1C952B6A57450003024E /* Books */ = {
			isa = PBXGroup;
			children = (
				290D656B2B6D4E790026740C /* books.json */,
			);
			path = Books;
			sourceTree = "<group>";
		};
		295F1C982B6A57860003024E /* Verses */ = {
			isa = PBXGroup;
			children = (
				290D65902B6D4E830026740C /* 1CH.json */,
				290D657B2B6D4E820026740C /* 1CO.json */,
				290D65782B6D4E820026740C /* 1JN.json */,
				290D65992B6D4E830026740C /* 1KI.json */,
				290D65792B6D4E820026740C /* 1PE.json */,
				290D659B2B6D4E830026740C /* 1SA.json */,
				290D657E2B6D4E820026740C /* 1TH.json */,
				290D65A92B6D4E840026740C /* 1TI.json */,
				290D65A32B6D4E840026740C /* 2CH.json */,
				290D65852B6D4E820026740C /* 2CO.json */,
				290D656D2B6D4E810026740C /* 2JN.json */,
				290D65A82B6D4E840026740C /* 2KI.json */,
				290D65882B6D4E820026740C /* 2PE.json */,
				290D65952B6D4E830026740C /* 2SA.json */,
				290D65A62B6D4E840026740C /* 2TH.json */,
				290D65932B6D4E830026740C /* 2TI.json */,
				290D65732B6D4E810026740C /* 3JN.json */,
				290D65AD2B6D4E840026740C /* ACT.json */,
				290D65A42B6D4E840026740C /* AMO.json */,
				290D65A72B6D4E840026740C /* COL.json */,
				290D65722B6D4E810026740C /* DAN.json */,
				290D657F2B6D4E820026740C /* DEU.json */,
				290D65982B6D4E830026740C /* ECC.json */,
				290D657D2B6D4E820026740C /* EPH.json */,
				290D65712B6D4E810026740C /* EST.json */,
				290D656F2B6D4E810026740C /* EXO.json */,
				290D659A2B6D4E830026740C /* EZK.json */,
				290D65862B6D4E820026740C /* EZR.json */,
				290D65A02B6D4E830026740C /* GAL.json */,
				290D658A2B6D4E820026740C /* GEN.json */,
				290D658C2B6D4E830026740C /* HAB.json */,
				290D65802B6D4E820026740C /* HAG.json */,
				290D65AA2B6D4E840026740C /* HEB.json */,
				290D65A12B6D4E830026740C /* HOS.json */,
				290D658D2B6D4E830026740C /* ISA.json */,
				290D659C2B6D4E830026740C /* JAS.json */,
				290D656E2B6D4E810026740C /* JDG.json */,
				290D65892B6D4E820026740C /* JER.json */,
				290D65742B6D4E810026740C /* JHN.json */,
				290D65942B6D4E830026740C /* JOB.json */,
				290D65762B6D4E810026740C /* JOL.json */,
				290D65AC2B6D4E840026740C /* JON.json */,
				290D65772B6D4E820026740C /* JOS.json */,
				290D65872B6D4E820026740C /* JUD.json */,
				290D65702B6D4E810026740C /* LAM.json */,
				290D65912B6D4E830026740C /* LEV.json */,
				290D657A2B6D4E820026740C /* LUK.json */,
				290D65972B6D4E830026740C /* MAL.json */,
				290D65812B6D4E820026740C /* MAT.json */,
				290D65822B6D4E820026740C /* MIC.json */,
				290D65962B6D4E830026740C /* MRK.json */,
				290D65842B6D4E820026740C /* NAM.json */,
				290D658F2B6D4E830026740C /* NEH.json */,
				290D65A22B6D4E840026740C /* NUM.json */,
				290D659D2B6D4E830026740C /* OBA.json */,
				290D65A52B6D4E840026740C /* PHM.json */,
				290D659E2B6D4E830026740C /* PHP.json */,
				290D65752B6D4E810026740C /* PRO.json */,
				290D65922B6D4E830026740C /* PSA.json */,
				290D65AE2B6D4E840026740C /* REV.json */,
				290D65832B6D4E820026740C /* ROM.json */,
				290D658B2B6D4E820026740C /* RUT.json */,
				290D657C2B6D4E820026740C /* SNG.json */,
				290D658E2B6D4E830026740C /* TIT.json */,
				290D65AB2B6D4E840026740C /* ZEC.json */,
				290D659F2B6D4E830026740C /* ZEP.json */,
			);
			path = Verses;
			sourceTree = "<group>";
		};
		29CCD1F92AE589B5002F6570 = {
			isa = PBXGroup;
			children = (
				29CCD2042AE589B5002F6570 /* OfflineFromDBDemo */,
				29CCD2032AE589B5002F6570 /* Products */,
			);
			sourceTree = "<group>";
		};
		29CCD2032AE589B5002F6570 /* Products */ = {
			isa = PBXGroup;
			children = (
				29CCD2022AE589B5002F6570 /* OfflineFromDBDemo.app */,
			);
			name = Products;
			sourceTree = "<group>";
		};
		29CCD2042AE589B5002F6570 /* OfflineFromDBDemo */ = {
			isa = PBXGroup;
			children = (
				29CCD2192AE58A03002F6570 /* Plugin */,
				29CCD2052AE589B5002F6570 /* AppDelegate.swift */,
				29CCD2072AE589B5002F6570 /* SceneDelegate.swift */,
				29CCD2092AE589B5002F6570 /* ViewController.swift */,
				29CCD20B2AE589B5002F6570 /* Main.storyboard */,
				29CCD20E2AE589B6002F6570 /* Assets.xcassets */,
				29CCD2102AE589B6002F6570 /* LaunchScreen.storyboard */,
				29CCD2132AE589B6002F6570 /* Info.plist */,
			);
			path = OfflineFromDBDemo;
			sourceTree = "<group>";
		};
		29CCD2192AE58A03002F6570 /* Plugin */ = {
			isa = PBXGroup;
			children = (
				29CCD2672AE58A17002F6570 /* Cordova */,
				29CCD2692AE58A18002F6570 /* Frameworks */,
				29CCD2622AE58A17002F6570 /* Manager */,
				29CCD26D2AE58A18002F6570 /* Models */,
				29CCD21A2AE58A17002F6570 /* Resources */,
			);
			path = Plugin;
			sourceTree = "<group>";
		};
		29CCD21A2AE58A17002F6570 /* Resources */ = {
			isa = PBXGroup;
			children = (
				29CCD4632AE98B43002F6570 /* DB */,
				29CCD45C2AE71CA6002F6570 /* JSONS */,
			);
			path = Resources;
			sourceTree = "<group>";
		};
		29CCD2622AE58A17002F6570 /* Manager */ = {
			isa = PBXGroup;
			children = (
				29CCD2632AE58A17002F6570 /* DocumentsManager.swift */,
				29CCD2652AE58A17002F6570 /* BibleDataFromDB.swift */,
				29CCD4662AE9A132002F6570 /* Constants.swift */,
			);
			path = Manager;
			sourceTree = "<group>";
		};
		29CCD2672AE58A17002F6570 /* Cordova */ = {
			isa = PBXGroup;
			children = (
				29CCD2682AE58A17002F6570 /* OfflineFromDBPlugin.swift */,
			);
			path = Cordova;
			sourceTree = "<group>";
		};
		29CCD2692AE58A18002F6570 /* Frameworks */ = {
			isa = PBXGroup;
			children = (
				29CCD2C52AE58BB4002F6570 /* Realm.xcframework */,
				29CCD2C62AE58BB4002F6570 /* RealmSwift.xcframework */,
				29CCD26C2AE58A18002F6570 /* ObjectMapper-iOS.xcframework */,
			);
			path = Frameworks;
			sourceTree = "<group>";
		};
		29CCD26D2AE58A18002F6570 /* Models */ = {
			isa = PBXGroup;
			children = (
				29CCD2702AE58A18002F6570 /* Book.swift */,
				29CCD26E2AE58A18002F6570 /* Verse.swift */,
				29CCD45D2AE84F2D002F6570 /* Teaching.swift */,
				29CCD45F2AE84F37002F6570 /* Chapter.swift */,
				29CCD4612AE85A5D002F6570 /* Audio.swift */,
				29CCD2722AE58A18002F6570 /* RealmObjectMapper.swift */,
			);
			path = Models;
			sourceTree = "<group>";
		};
		29CCD45C2AE71CA6002F6570 /* JSONS */ = {
			isa = PBXGroup;
			children = (
				295F1C982B6A57860003024E /* Verses */,
				295F1C952B6A57450003024E /* Books */,
				295F1C102B6A56ED0003024E /* Audios */,
			);
			path = JSONS;
			sourceTree = "<group>";
		};
		29CCD4632AE98B43002F6570 /* DB */ = {
			isa = PBXGroup;
			children = (
				290D65F12B6D4F9B0026740C /* default.realm */,
			);
			path = DB;
			sourceTree = "<group>";
		};
/* End PBXGroup section */

/* Begin PBXNativeTarget section */
		29CCD2012AE589B5002F6570 /* OfflineFromDBDemo */ = {
			isa = PBXNativeTarget;
			buildConfigurationList = 29CCD2162AE589B6002F6570 /* Build configuration list for PBXNativeTarget "OfflineFromDBDemo" */;
			buildPhases = (
				29CCD1FE2AE589B5002F6570 /* Sources */,
				29CCD1FF2AE589B5002F6570 /* Frameworks */,
				29CCD2002AE589B5002F6570 /* Resources */,
			);
			buildRules = (
			);
			dependencies = (
			);
			name = OfflineFromDBDemo;
			productName = OfflineFromDBDemo;
			productReference = 29CCD2022AE589B5002F6570 /* OfflineFromDBDemo.app */;
			productType = "com.apple.product-type.application";
		};
/* End PBXNativeTarget section */

/* Begin PBXProject section */
		29CCD1FA2AE589B5002F6570 /* Project object */ = {
			isa = PBXProject;
			attributes = {
				BuildIndependentTargetsInParallel = 1;
				LastSwiftUpdateCheck = 1500;
				LastUpgradeCheck = 1500;
				TargetAttributes = {
					29CCD2012AE589B5002F6570 = {
						CreatedOnToolsVersion = 15.0;
					};
				};
			};
			buildConfigurationList = 29CCD1FD2AE589B5002F6570 /* Build configuration list for PBXProject "OfflineFromDBDemo" */;
			compatibilityVersion = "Xcode 14.0";
			developmentRegion = en;
			hasScannedForEncodings = 0;
			knownRegions = (
				en,
				Base,
			);
			mainGroup = 29CCD1F92AE589B5002F6570;
			productRefGroup = 29CCD2032AE589B5002F6570 /* Products */;
			projectDirPath = "";
			projectRoot = "";
			targets = (
				29CCD2012AE589B5002F6570 /* OfflineFromDBDemo */,
			);
		};
/* End PBXProject section */

/* Begin PBXResourcesBuildPhase section */
		29CCD2002AE589B5002F6570 /* Resources */ = {
			isa = PBXResourcesBuildPhase;
			buildActionMask = 2147483647;
			files = (
				290D65692B6D48E20026740C /* audio_HOS.json in Resources */,
				290D65632B6D48E10026740C /* audio_JUD.json in Resources */,
				290D65402B6D48E10026740C /* audio_HAG.json in Resources */,
				290D65302B6D48E10026740C /* audio_2CO.json in Resources */,
				290D652D2B6D48E10026740C /* audio_JOS.json in Resources */,
				290D65432B6D48E10026740C /* audio_PSA.json in Resources */,
				290D65EC2B6D4E840026740C /* HEB.json in Resources */,
				290D65D92B6D4E840026740C /* MAL.json in Resources */,
				290D65642B6D48E10026740C /* audio_JDG.json in Resources */,
				290D655B2B6D48E10026740C /* audio_1TH.json in Resources */,
				290D65E42B6D4E840026740C /* NUM.json in Resources */,
				290D65BA2B6D4E840026740C /* 1JN.json in Resources */,
				290D65ED2B6D4E840026740C /* ZEC.json in Resources */,
				290D655C2B6D48E10026740C /* audio_1KI.json in Resources */,
				290D65DD2B6D4E840026740C /* 1SA.json in Resources */,
				290D65C82B6D4E840026740C /* EZR.json in Resources */,
				290D65E92B6D4E840026740C /* COL.json in Resources */,
				290D656A2B6D48E20026740C /* audio_DAN.json in Resources */,
				290D655D2B6D48E10026740C /* audio_1JN.json in Resources */,
				290D655F2B6D48E10026740C /* audio_ZEC.json in Resources */,
				290D65BF2B6D4E840026740C /* EPH.json in Resources */,
				290D652A2B6D48E10026740C /* audio_JHN.json in Resources */,
				290D65602B6D48E10026740C /* audio_EPH.json in Resources */,
				290D65522B6D48E10026740C /* audio_ECC.json in Resources */,
				290D652C2B6D48E10026740C /* audio_JER.json in Resources */,
				290D654F2B6D48E10026740C /* audio_ROM.json in Resources */,
				290D65DE2B6D4E840026740C /* JAS.json in Resources */,
				290D65662B6D48E10026740C /* audio_JOB.json in Resources */,
				290D65E62B6D4E840026740C /* AMO.json in Resources */,
				290D65B82B6D4E840026740C /* JOL.json in Resources */,
				290D65AF2B6D4E840026740C /* 2JN.json in Resources */,
				290D654A2B6D48E10026740C /* audio_JAS.json in Resources */,
				290D65EF2B6D4E840026740C /* ACT.json in Resources */,
				290D652F2B6D48E10026740C /* audio_LAM.json in Resources */,
				290D65D42B6D4E840026740C /* PSA.json in Resources */,
				290D65B52B6D4E840026740C /* 3JN.json in Resources */,
				290D656C2B6D4E790026740C /* books.json in Resources */,
				290D65F22B6D4F9B0026740C /* default.realm in Resources */,
				290D65512B6D48E10026740C /* audio_2CH.json in Resources */,
				290D65D52B6D4E840026740C /* 2TI.json in Resources */,
				290D65CE2B6D4E840026740C /* HAB.json in Resources */,
				290D65E02B6D4E840026740C /* PHP.json in Resources */,
				290D65582B6D48E10026740C /* audio_RUT.json in Resources */,
				290D65B22B6D4E840026740C /* LAM.json in Resources */,
				290D65652B6D48E10026740C /* audio_LEV.json in Resources */,
				290D65B92B6D4E840026740C /* JOS.json in Resources */,
				290D65DB2B6D4E840026740C /* 1KI.json in Resources */,
				290D65CD2B6D4E840026740C /* RUT.json in Resources */,
				290D653C2B6D48E10026740C /* audio_DEU.json in Resources */,
				290D65372B6D48E10026740C /* audio_AMO.json in Resources */,
				290D65C32B6D4E840026740C /* MAT.json in Resources */,
				290D65BD2B6D4E840026740C /* 1CO.json in Resources */,
				290D65D02B6D4E840026740C /* TIT.json in Resources */,
				290D65C42B6D4E840026740C /* MIC.json in Resources */,
				290D65E22B6D4E840026740C /* GAL.json in Resources */,
				290D65422B6D48E10026740C /* audio_NEH.json in Resources */,
				290D65312B6D48E10026740C /* audio_EZR.json in Resources */,
				290D65EB2B6D4E840026740C /* 1TI.json in Resources */,
				290D65442B6D48E10026740C /* audio_NAM.json in Resources */,
				290D652E2B6D48E10026740C /* audio_SNG.json in Resources */,
				290D65542B6D48E10026740C /* audio_OBA.json in Resources */,
				290D65622B6D48E10026740C /* audio_ZEP.json in Resources */,
				290D65532B6D48E10026740C /* audio_ACT.json in Resources */,
				290D65C62B6D4E840026740C /* NAM.json in Resources */,
				290D65382B6D48E10026740C /* audio_TIT.json in Resources */,
				29CCD2122AE589B6002F6570 /* LaunchScreen.storyboard in Resources */,
				290D65CC2B6D4E840026740C /* GEN.json in Resources */,
				290D65552B6D48E10026740C /* audio_PHP.json in Resources */,
				290D65CB2B6D4E840026740C /* JER.json in Resources */,
				290D65E52B6D4E840026740C /* 2CH.json in Resources */,
				290D65E32B6D4E840026740C /* HOS.json in Resources */,
				290D65C92B6D4E840026740C /* JUD.json in Resources */,
				290D65682B6D48E20026740C /* audio_2SA.json in Resources */,
				290D65362B6D48E10026740C /* audio_REV.json in Resources */,
				290D65592B6D48E10026740C /* audio_EXO.json in Resources */,
				290D65492B6D48E10026740C /* audio_HEB.json in Resources */,
				290D654C2B6D48E10026740C /* audio_HAB.json in Resources */,
				290D65D22B6D4E840026740C /* 1CH.json in Resources */,
				290D65B42B6D4E840026740C /* DAN.json in Resources */,
				290D65D12B6D4E840026740C /* NEH.json in Resources */,
				290D65D82B6D4E840026740C /* MRK.json in Resources */,
				290D65B32B6D4E840026740C /* EST.json in Resources */,
				290D65D62B6D4E840026740C /* JOB.json in Resources */,
				290D65332B6D48E10026740C /* audio_2PE.json in Resources */,
				290D65B02B6D4E840026740C /* JDG.json in Resources */,
				290D65DC2B6D4E840026740C /* EZK.json in Resources */,
				290D65F02B6D4E840026740C /* REV.json in Resources */,
				290D65C52B6D4E840026740C /* ROM.json in Resources */,
				290D65C12B6D4E840026740C /* DEU.json in Resources */,
				290D65B72B6D4E840026740C /* PRO.json in Resources */,
				290D65DA2B6D4E840026740C /* ECC.json in Resources */,
				290D65E72B6D4E840026740C /* PHM.json in Resources */,
				290D65612B6D48E10026740C /* audio_ISA.json in Resources */,
				290D65CA2B6D4E840026740C /* 2PE.json in Resources */,
				290D65BB2B6D4E840026740C /* 1PE.json in Resources */,
				290D65CF2B6D4E840026740C /* ISA.json in Resources */,
				290D654E2B6D48E10026740C /* audio_MIC.json in Resources */,
				290D655E2B6D48E10026740C /* audio_PHM.json in Resources */,
				290D65482B6D48E10026740C /* audio_GEN.json in Resources */,
				290D65452B6D48E10026740C /* audio_2TI.json in Resources */,
				290D65BC2B6D4E840026740C /* LUK.json in Resources */,
				290D65EE2B6D4E840026740C /* JON.json in Resources */,
				290D65B62B6D4E840026740C /* JHN.json in Resources */,
				290D65572B6D48E10026740C /* audio_2TH.json in Resources */,
				290D65EA2B6D4E840026740C /* 2KI.json in Resources */,
				290D653D2B6D48E10026740C /* audio_PRO.json in Resources */,
				290D65352B6D48E10026740C /* audio_COL.json in Resources */,
				290D653E2B6D48E10026740C /* audio_2KI.json in Resources */,
				290D65B12B6D4E840026740C /* EXO.json in Resources */,
				290D653B2B6D48E10026740C /* audio_GAL.json in Resources */,
				290D65562B6D48E10026740C /* audio_LUK.json in Resources */,
				290D653F2B6D48E10026740C /* audio_1TI.json in Resources */,
				290D654B2B6D48E10026740C /* audio_JON.json in Resources */,
				290D65C02B6D4E840026740C /* 1TH.json in Resources */,
				290D65472B6D48E10026740C /* audio_MAL.json in Resources */,
				290D654D2B6D48E10026740C /* audio_MAT.json in Resources */,
				290D65342B6D48E10026740C /* audio_EZK.json in Resources */,
				290D653A2B6D48E10026740C /* audio_1SA.json in Resources */,
				290D65BE2B6D4E840026740C /* SNG.json in Resources */,
				290D65E12B6D4E840026740C /* ZEP.json in Resources */,
				290D65392B6D48E10026740C /* audio_2JN.json in Resources */,
				290D65C72B6D4E840026740C /* 2CO.json in Resources */,
				290D655A2B6D48E10026740C /* audio_JOL.json in Resources */,
				290D65672B6D48E10026740C /* audio_1CH.json in Resources */,
				290D65502B6D48E10026740C /* audio_EST.json in Resources */,
				290D65D72B6D4E840026740C /* 2SA.json in Resources */,
				290D65D32B6D4E840026740C /* LEV.json in Resources */,
				29CCD20F2AE589B6002F6570 /* Assets.xcassets in Resources */,
				290D65E82B6D4E840026740C /* 2TH.json in Resources */,
				290D65C22B6D4E840026740C /* HAG.json in Resources */,
				290D652B2B6D48E10026740C /* audio_3JN.json in Resources */,
				290D65DF2B6D4E840026740C /* OBA.json in Resources */,
				29CCD20D2AE589B5002F6570 /* Main.storyboard in Resources */,
				290D65462B6D48E10026740C /* audio_NUM.json in Resources */,
				290D65412B6D48E10026740C /* audio_MRK.json in Resources */,
				290D65322B6D48E10026740C /* audio_1PE.json in Resources */,
				290D65292B6D48E10026740C /* audio_1CO.json in Resources */,
			);
			runOnlyForDeploymentPostprocessing = 0;
		};
/* End PBXResourcesBuildPhase section */

/* Begin PBXSourcesBuildPhase section */
		29CCD1FE2AE589B5002F6570 /* Sources */ = {
			isa = PBXSourcesBuildPhase;
			buildActionMask = 2147483647;
			files = (
				29CCD20A2AE589B5002F6570 /* ViewController.swift in Sources */,
				29CCD45E2AE84F2D002F6570 /* Teaching.swift in Sources */,
				29CCD2C42AE58A18002F6570 /* RealmObjectMapper.swift in Sources */,
				29CCD2C22AE58A18002F6570 /* Book.swift in Sources */,
				29CCD2062AE589B5002F6570 /* AppDelegate.swift in Sources */,
				29CCD4602AE84F37002F6570 /* Chapter.swift in Sources */,
				29CCD4622AE85A5D002F6570 /* Audio.swift in Sources */,
				29CCD2C02AE58A18002F6570 /* Verse.swift in Sources */,
				29CCD2B82AE58A18002F6570 /* DocumentsManager.swift in Sources */,
				29CCD2BA2AE58A18002F6570 /* BibleDataFromDB.swift in Sources */,
				29CCD4672AE9A132002F6570 /* Constants.swift in Sources */,
				29CCD2082AE589B5002F6570 /* SceneDelegate.swift in Sources */,
				29CCD2BC2AE58A18002F6570 /* OfflineFromDBPlugin.swift in Sources */,
			);
			runOnlyForDeploymentPostprocessing = 0;
		};
/* End PBXSourcesBuildPhase section */

/* Begin PBXVariantGroup section */
		29CCD20B2AE589B5002F6570 /* Main.storyboard */ = {
			isa = PBXVariantGroup;
			children = (
				29CCD20C2AE589B5002F6570 /* Base */,
			);
			name = Main.storyboard;
			sourceTree = "<group>";
		};
		29CCD2102AE589B6002F6570 /* LaunchScreen.storyboard */ = {
			isa = PBXVariantGroup;
			children = (
				29CCD2112AE589B6002F6570 /* Base */,
			);
			name = LaunchScreen.storyboard;
			sourceTree = "<group>";
		};
/* End PBXVariantGroup section */

/* Begin XCBuildConfiguration section */
		29CCD2142AE589B6002F6570 /* Debug */ = {
			isa = XCBuildConfiguration;
			buildSettings = {
				ALWAYS_SEARCH_USER_PATHS = NO;
				ASSETCATALOG_COMPILER_GENERATE_SWIFT_ASSET_SYMBOL_EXTENSIONS = YES;
				CLANG_ANALYZER_NONNULL = YES;
				CLANG_ANALYZER_NUMBER_OBJECT_CONVERSION = YES_AGGRESSIVE;
				CLANG_CXX_LANGUAGE_STANDARD = "gnu++20";
				CLANG_ENABLE_MODULES = YES;
				CLANG_ENABLE_OBJC_ARC = YES;
				CLANG_ENABLE_OBJC_WEAK = YES;
				CLANG_WARN_BLOCK_CAPTURE_AUTORELEASING = YES;
				CLANG_WARN_BOOL_CONVERSION = YES;
				CLANG_WARN_COMMA = YES;
				CLANG_WARN_CONSTANT_CONVERSION = YES;
				CLANG_WARN_DEPRECATED_OBJC_IMPLEMENTATIONS = YES;
				CLANG_WARN_DIRECT_OBJC_ISA_USAGE = YES_ERROR;
				CLANG_WARN_DOCUMENTATION_COMMENTS = YES;
				CLANG_WARN_EMPTY_BODY = YES;
				CLANG_WARN_ENUM_CONVERSION = YES;
				CLANG_WARN_INFINITE_RECURSION = YES;
				CLANG_WARN_INT_CONVERSION = YES;
				CLANG_WARN_NON_LITERAL_NULL_CONVERSION = YES;
				CLANG_WARN_OBJC_IMPLICIT_RETAIN_SELF = YES;
				CLANG_WARN_OBJC_LITERAL_CONVERSION = YES;
				CLANG_WARN_OBJC_ROOT_CLASS = YES_ERROR;
				CLANG_WARN_QUOTED_INCLUDE_IN_FRAMEWORK_HEADER = YES;
				CLANG_WARN_RANGE_LOOP_ANALYSIS = YES;
				CLANG_WARN_STRICT_PROTOTYPES = YES;
				CLANG_WARN_SUSPICIOUS_MOVE = YES;
				CLANG_WARN_UNGUARDED_AVAILABILITY = YES_AGGRESSIVE;
				CLANG_WARN_UNREACHABLE_CODE = YES;
				CLANG_WARN__DUPLICATE_METHOD_MATCH = YES;
				COPY_PHASE_STRIP = NO;
				DEBUG_INFORMATION_FORMAT = dwarf;
				ENABLE_STRICT_OBJC_MSGSEND = YES;
				ENABLE_TESTABILITY = YES;
				ENABLE_USER_SCRIPT_SANDBOXING = YES;
				GCC_C_LANGUAGE_STANDARD = gnu17;
				GCC_DYNAMIC_NO_PIC = NO;
				GCC_NO_COMMON_BLOCKS = YES;
				GCC_OPTIMIZATION_LEVEL = 0;
				GCC_PREPROCESSOR_DEFINITIONS = (
					"DEBUG=1",
					"$(inherited)",
				);
				GCC_WARN_64_TO_32_BIT_CONVERSION = YES;
				GCC_WARN_ABOUT_RETURN_TYPE = YES_ERROR;
				GCC_WARN_UNDECLARED_SELECTOR = YES;
				GCC_WARN_UNINITIALIZED_AUTOS = YES_AGGRESSIVE;
				GCC_WARN_UNUSED_FUNCTION = YES;
				GCC_WARN_UNUSED_VARIABLE = YES;
				IPHONEOS_DEPLOYMENT_TARGET = 17.0;
				LOCALIZATION_PREFERS_STRING_CATALOGS = YES;
				MTL_ENABLE_DEBUG_INFO = INCLUDE_SOURCE;
				MTL_FAST_MATH = YES;
				ONLY_ACTIVE_ARCH = YES;
				SDKROOT = iphoneos;
				SWIFT_ACTIVE_COMPILATION_CONDITIONS = "DEBUG $(inherited)";
				SWIFT_OPTIMIZATION_LEVEL = "-Onone";
			};
			name = Debug;
		};
		29CCD2152AE589B6002F6570 /* Release */ = {
			isa = XCBuildConfiguration;
			buildSettings = {
				ALWAYS_SEARCH_USER_PATHS = NO;
				ASSETCATALOG_COMPILER_GENERATE_SWIFT_ASSET_SYMBOL_EXTENSIONS = YES;
				CLANG_ANALYZER_NONNULL = YES;
				CLANG_ANALYZER_NUMBER_OBJECT_CONVERSION = YES_AGGRESSIVE;
				CLANG_CXX_LANGUAGE_STANDARD = "gnu++20";
				CLANG_ENABLE_MODULES = YES;
				CLANG_ENABLE_OBJC_ARC = YES;
				CLANG_ENABLE_OBJC_WEAK = YES;
				CLANG_WARN_BLOCK_CAPTURE_AUTORELEASING = YES;
				CLANG_WARN_BOOL_CONVERSION = YES;
				CLANG_WARN_COMMA = YES;
				CLANG_WARN_CONSTANT_CONVERSION = YES;
				CLANG_WARN_DEPRECATED_OBJC_IMPLEMENTATIONS = YES;
				CLANG_WARN_DIRECT_OBJC_ISA_USAGE = YES_ERROR;
				CLANG_WARN_DOCUMENTATION_COMMENTS = YES;
				CLANG_WARN_EMPTY_BODY = YES;
				CLANG_WARN_ENUM_CONVERSION = YES;
				CLANG_WARN_INFINITE_RECURSION = YES;
				CLANG_WARN_INT_CONVERSION = YES;
				CLANG_WARN_NON_LITERAL_NULL_CONVERSION = YES;
				CLANG_WARN_OBJC_IMPLICIT_RETAIN_SELF = YES;
				CLANG_WARN_OBJC_LITERAL_CONVERSION = YES;
				CLANG_WARN_OBJC_ROOT_CLASS = YES_ERROR;
				CLANG_WARN_QUOTED_INCLUDE_IN_FRAMEWORK_HEADER = YES;
				CLANG_WARN_RANGE_LOOP_ANALYSIS = YES;
				CLANG_WARN_STRICT_PROTOTYPES = YES;
				CLANG_WARN_SUSPICIOUS_MOVE = YES;
				CLANG_WARN_UNGUARDED_AVAILABILITY = YES_AGGRESSIVE;
				CLANG_WARN_UNREACHABLE_CODE = YES;
				CLANG_WARN__DUPLICATE_METHOD_MATCH = YES;
				COPY_PHASE_STRIP = NO;
				DEBUG_INFORMATION_FORMAT = "dwarf-with-dsym";
				ENABLE_NS_ASSERTIONS = NO;
				ENABLE_STRICT_OBJC_MSGSEND = YES;
				ENABLE_USER_SCRIPT_SANDBOXING = YES;
				GCC_C_LANGUAGE_STANDARD = gnu17;
				GCC_NO_COMMON_BLOCKS = YES;
				GCC_WARN_64_TO_32_BIT_CONVERSION = YES;
				GCC_WARN_ABOUT_RETURN_TYPE = YES_ERROR;
				GCC_WARN_UNDECLARED_SELECTOR = YES;
				GCC_WARN_UNINITIALIZED_AUTOS = YES_AGGRESSIVE;
				GCC_WARN_UNUSED_FUNCTION = YES;
				GCC_WARN_UNUSED_VARIABLE = YES;
				IPHONEOS_DEPLOYMENT_TARGET = 17.0;
				LOCALIZATION_PREFERS_STRING_CATALOGS = YES;
				MTL_ENABLE_DEBUG_INFO = NO;
				MTL_FAST_MATH = YES;
				SDKROOT = iphoneos;
				SWIFT_COMPILATION_MODE = wholemodule;
				VALIDATE_PRODUCT = YES;
			};
			name = Release;
		};
		29CCD2172AE589B6002F6570 /* Debug */ = {
			isa = XCBuildConfiguration;
			buildSettings = {
				ASSETCATALOG_COMPILER_APPICON_NAME = AppIcon;
				ASSETCATALOG_COMPILER_GLOBAL_ACCENT_COLOR_NAME = AccentColor;
				CODE_SIGN_STYLE = Automatic;
				CURRENT_PROJECT_VERSION = 1;
				GENERATE_INFOPLIST_FILE = YES;
				INFOPLIST_FILE = OfflineFromDBDemo/Info.plist;
				INFOPLIST_KEY_UIApplicationSupportsIndirectInputEvents = YES;
				INFOPLIST_KEY_UILaunchStoryboardName = LaunchScreen;
				INFOPLIST_KEY_UIMainStoryboardFile = Main;
				INFOPLIST_KEY_UISupportedInterfaceOrientations_iPad = "UIInterfaceOrientationPortrait UIInterfaceOrientationPortraitUpsideDown UIInterfaceOrientationLandscapeLeft UIInterfaceOrientationLandscapeRight";
				INFOPLIST_KEY_UISupportedInterfaceOrientations_iPhone = "UIInterfaceOrientationPortrait UIInterfaceOrientationLandscapeLeft UIInterfaceOrientationLandscapeRight";
				IPHONEOS_DEPLOYMENT_TARGET = 13.0;
				LD_RUNPATH_SEARCH_PATHS = (
					"$(inherited)",
					"@executable_path/Frameworks",
				);
				MARKETING_VERSION = 1.0;
				PRODUCT_BUNDLE_IDENTIFIER = com.techmatetech.OfflineFromDBDemo;
				PRODUCT_NAME = "$(TARGET_NAME)";
				SWIFT_EMIT_LOC_STRINGS = YES;
				SWIFT_VERSION = 5.0;
				TARGETED_DEVICE_FAMILY = "1,2";
			};
			name = Debug;
		};
		29CCD2182AE589B6002F6570 /* Release */ = {
			isa = XCBuildConfiguration;
			buildSettings = {
				ASSETCATALOG_COMPILER_APPICON_NAME = AppIcon;
				ASSETCATALOG_COMPILER_GLOBAL_ACCENT_COLOR_NAME = AccentColor;
				CODE_SIGN_STYLE = Automatic;
				CURRENT_PROJECT_VERSION = 1;
				GENERATE_INFOPLIST_FILE = YES;
				INFOPLIST_FILE = OfflineFromDBDemo/Info.plist;
				INFOPLIST_KEY_UIApplicationSupportsIndirectInputEvents = YES;
				INFOPLIST_KEY_UILaunchStoryboardName = LaunchScreen;
				INFOPLIST_KEY_UIMainStoryboardFile = Main;
				INFOPLIST_KEY_UISupportedInterfaceOrientations_iPad = "UIInterfaceOrientationPortrait UIInterfaceOrientationPortraitUpsideDown UIInterfaceOrientationLandscapeLeft UIInterfaceOrientationLandscapeRight";
				INFOPLIST_KEY_UISupportedInterfaceOrientations_iPhone = "UIInterfaceOrientationPortrait UIInterfaceOrientationLandscapeLeft UIInterfaceOrientationLandscapeRight";
				IPHONEOS_DEPLOYMENT_TARGET = 13.0;
				LD_RUNPATH_SEARCH_PATHS = (
					"$(inherited)",
					"@executable_path/Frameworks",
				);
				MARKETING_VERSION = 1.0;
				PRODUCT_BUNDLE_IDENTIFIER = com.techmatetech.OfflineFromDBDemo;
				PRODUCT_NAME = "$(TARGET_NAME)";
				SWIFT_EMIT_LOC_STRINGS = YES;
				SWIFT_VERSION = 5.0;
				TARGETED_DEVICE_FAMILY = "1,2";
			};
			name = Release;
		};
/* End XCBuildConfiguration section */

/* Begin XCConfigurationList section */
		29CCD1FD2AE589B5002F6570 /* Build configuration list for PBXProject "OfflineFromDBDemo" */ = {
			isa = XCConfigurationList;
			buildConfigurations = (
				29CCD2142AE589B6002F6570 /* Debug */,
				29CCD2152AE589B6002F6570 /* Release */,
			);
			defaultConfigurationIsVisible = 0;
			defaultConfigurationName = Release;
		};
		29CCD2162AE589B6002F6570 /* Build configuration list for PBXNativeTarget "OfflineFromDBDemo" */ = {
			isa = XCConfigurationList;
			buildConfigurations = (
				29CCD2172AE589B6002F6570 /* Debug */,
				29CCD2182AE589B6002F6570 /* Release */,
			);
			defaultConfigurationIsVisible = 0;
			defaultConfigurationName = Release;
		};
/* End XCConfigurationList section */
	};
	rootObject = 29CCD1FA2AE589B5002F6570 /* Project object */;
}
