// !$*UTF8*$!
{
	archiveVersion = 1;
	classes = {
	};
	objectVersion = 56;
	objects = {

/* Begin PBXBuildFile section */
		290D65F22B6D4F9B0026740C /* default.realm in Resources */ = {isa = PBXBuildFile; fileRef = 290D65F12B6D4F9B0026740C /* default.realm */; };
		2920764D2B97DE5A006407D7 /* books.json in Resources */ = {isa = PBXBuildFile; fileRef = 292075C62B97DE59006407D7 /* books.json */; };
		2920764E2B97DE5A006407D7 /* PHM.json in Resources */ = {isa = PBXBuildFile; fileRef = 292075C82B97DE59006407D7 /* PHM.json */; };
		2920764F2B97DE5A006407D7 /* 1TH.json in Resources */ = {isa = PBXBuildFile; fileRef = 292075C92B97DE59006407D7 /* 1TH.json */; };
		292076502B97DE5A006407D7 /* 1KI.json in Resources */ = {isa = PBXBuildFile; fileRef = 292075CA2B97DE59006407D7 /* 1KI.json */; };
		292076512B97DE5A006407D7 /* OBA.json in Resources */ = {isa = PBXBuildFile; fileRef = 292075CB2B97DE59006407D7 /* OBA.json */; };
		292076522B97DE5A006407D7 /* GAL.json in Resources */ = {isa = PBXBuildFile; fileRef = 292075CC2B97DE59006407D7 /* GAL.json */; };
		292076532B97DE5A006407D7 /* 3JN.json in Resources */ = {isa = PBXBuildFile; fileRef = 292075CD2B97DE59006407D7 /* 3JN.json */; };
		292076542B97DE5A006407D7 /* RUT.json in Resources */ = {isa = PBXBuildFile; fileRef = 292075CE2B97DE59006407D7 /* RUT.json */; };
		292076552B97DE5A006407D7 /* HOS.json in Resources */ = {isa = PBXBuildFile; fileRef = 292075CF2B97DE59006407D7 /* HOS.json */; };
		292076562B97DE5A006407D7 /* PSA.json in Resources */ = {isa = PBXBuildFile; fileRef = 292075D02B97DE59006407D7 /* PSA.json */; };
		292076572B97DE5A006407D7 /* LUK.json in Resources */ = {isa = PBXBuildFile; fileRef = 292075D12B97DE59006407D7 /* LUK.json */; };
		292076582B97DE5A006407D7 /* 1PE.json in Resources */ = {isa = PBXBuildFile; fileRef = 292075D22B97DE59006407D7 /* 1PE.json */; };
		292076592B97DE5A006407D7 /* LEV.json in Resources */ = {isa = PBXBuildFile; fileRef = 292075D32B97DE59006407D7 /* LEV.json */; };
		2920765A2B97DE5A006407D7 /* TIT.json in Resources */ = {isa = PBXBuildFile; fileRef = 292075D42B97DE59006407D7 /* TIT.json */; };
		2920765B2B97DE5A006407D7 /* ZEC.json in Resources */ = {isa = PBXBuildFile; fileRef = 292075D52B97DE59006407D7 /* ZEC.json */; };
		2920765C2B97DE5A006407D7 /* JOS.json in Resources */ = {isa = PBXBuildFile; fileRef = 292075D62B97DE59006407D7 /* JOS.json */; };
		2920765D2B97DE5A006407D7 /* 1TI.json in Resources */ = {isa = PBXBuildFile; fileRef = 292075D72B97DE59006407D7 /* 1TI.json */; };
		2920765E2B97DE5A006407D7 /* 1JN.json in Resources */ = {isa = PBXBuildFile; fileRef = 292075D82B97DE59006407D7 /* 1JN.json */; };
		2920765F2B97DE5A006407D7 /* 2CO.json in Resources */ = {isa = PBXBuildFile; fileRef = 292075D92B97DE59006407D7 /* 2CO.json */; };
		292076602B97DE5A006407D7 /* HEB.json in Resources */ = {isa = PBXBuildFile; fileRef = 292075DA2B97DE59006407D7 /* HEB.json */; };
		292076612B97DE5A006407D7 /* ROM.json in Resources */ = {isa = PBXBuildFile; fileRef = 292075DB2B97DE59006407D7 /* ROM.json */; };
		292076622B97DE5A006407D7 /* REV.json in Resources */ = {isa = PBXBuildFile; fileRef = 292075DC2B97DE59006407D7 /* REV.json */; };
		292076632B97DE5A006407D7 /* EZR.json in Resources */ = {isa = PBXBuildFile; fileRef = 292075DD2B97DE59006407D7 /* EZR.json */; };
		292076642B97DE5A006407D7 /* 2CH.json in Resources */ = {isa = PBXBuildFile; fileRef = 292075DE2B97DE59006407D7 /* 2CH.json */; };
		292076652B97DE5A006407D7 /* EZK.json in Resources */ = {isa = PBXBuildFile; fileRef = 292075DF2B97DE59006407D7 /* EZK.json */; };
		292076662B97DE5A006407D7 /* MAL.json in Resources */ = {isa = PBXBuildFile; fileRef = 292075E02B97DE59006407D7 /* MAL.json */; };
		292076672B97DE5A006407D7 /* NEH.json in Resources */ = {isa = PBXBuildFile; fileRef = 292075E12B97DE59006407D7 /* NEH.json */; };
		292076682B97DE5A006407D7 /* AMO.json in Resources */ = {isa = PBXBuildFile; fileRef = 292075E22B97DE59006407D7 /* AMO.json */; };
		292076692B97DE5A006407D7 /* DAN.json in Resources */ = {isa = PBXBuildFile; fileRef = 292075E32B97DE59006407D7 /* DAN.json */; };
		2920766A2B97DE5A006407D7 /* ACT.json in Resources */ = {isa = PBXBuildFile; fileRef = 292075E42B97DE59006407D7 /* ACT.json */; };
		2920766B2B97DE5A006407D7 /* 2SA.json in Resources */ = {isa = PBXBuildFile; fileRef = 292075E52B97DE59006407D7 /* 2SA.json */; };
		2920766C2B97DE5A006407D7 /* MIC.json in Resources */ = {isa = PBXBuildFile; fileRef = 292075E62B97DE59006407D7 /* MIC.json */; };
		2920766D2B97DE5A006407D7 /* NUM.json in Resources */ = {isa = PBXBuildFile; fileRef = 292075E72B97DE59006407D7 /* NUM.json */; };
		2920766E2B97DE5A006407D7 /* JOL.json in Resources */ = {isa = PBXBuildFile; fileRef = 292075E82B97DE59006407D7 /* JOL.json */; };
		2920766F2B97DE5A006407D7 /* ZEP.json in Resources */ = {isa = PBXBuildFile; fileRef = 292075E92B97DE59006407D7 /* ZEP.json */; };
		292076702B97DE5A006407D7 /* MAT.json in Resources */ = {isa = PBXBuildFile; fileRef = 292075EA2B97DE59006407D7 /* MAT.json */; };
		292076712B97DE5A006407D7 /* EPH.json in Resources */ = {isa = PBXBuildFile; fileRef = 292075EB2B97DE59006407D7 /* EPH.json */; };
		292076722B97DE5A006407D7 /* HAB.json in Resources */ = {isa = PBXBuildFile; fileRef = 292075EC2B97DE59006407D7 /* HAB.json */; };
		292076732B97DE5A006407D7 /* PHP.json in Resources */ = {isa = PBXBuildFile; fileRef = 292075ED2B97DE59006407D7 /* PHP.json */; };
		292076742B97DE5A006407D7 /* DEU.json in Resources */ = {isa = PBXBuildFile; fileRef = 292075EE2B97DE59006407D7 /* DEU.json */; };
		292076752B97DE5A006407D7 /* ISA.json in Resources */ = {isa = PBXBuildFile; fileRef = 292075EF2B97DE59006407D7 /* ISA.json */; };
		292076762B97DE5A006407D7 /* COL.json in Resources */ = {isa = PBXBuildFile; fileRef = 292075F02B97DE59006407D7 /* COL.json */; };
		292076772B97DE5A006407D7 /* JDG.json in Resources */ = {isa = PBXBuildFile; fileRef = 292075F12B97DE59006407D7 /* JDG.json */; };
		292076782B97DE5A006407D7 /* EST.json in Resources */ = {isa = PBXBuildFile; fileRef = 292075F22B97DE59006407D7 /* EST.json */; };
		292076792B97DE5A006407D7 /* 2JN.json in Resources */ = {isa = PBXBuildFile; fileRef = 292075F32B97DE59006407D7 /* 2JN.json */; };
		2920767A2B97DE5A006407D7 /* 2TI.json in Resources */ = {isa = PBXBuildFile; fileRef = 292075F42B97DE59006407D7 /* 2TI.json */; };
		2920767B2B97DE5A006407D7 /* 1CO.json in Resources */ = {isa = PBXBuildFile; fileRef = 292075F52B97DE59006407D7 /* 1CO.json */; };
		2920767C2B97DE5A006407D7 /* PRO.json in Resources */ = {isa = PBXBuildFile; fileRef = 292075F62B97DE59006407D7 /* PRO.json */; };
		2920767D2B97DE5A006407D7 /* 2KI.json in Resources */ = {isa = PBXBuildFile; fileRef = 292075F72B97DE59006407D7 /* 2KI.json */; };
		2920767E2B97DE5A006407D7 /* JOB.json in Resources */ = {isa = PBXBuildFile; fileRef = 292075F82B97DE59006407D7 /* JOB.json */; };
		2920767F2B97DE5A006407D7 /* 2TH.json in Resources */ = {isa = PBXBuildFile; fileRef = 292075F92B97DE59006407D7 /* 2TH.json */; };
		292076802B97DE5A006407D7 /* JUD.json in Resources */ = {isa = PBXBuildFile; fileRef = 292075FA2B97DE59006407D7 /* JUD.json */; };
		292076812B97DE5A006407D7 /* JON.json in Resources */ = {isa = PBXBuildFile; fileRef = 292075FB2B97DE59006407D7 /* JON.json */; };
		292076822B97DE5A006407D7 /* 2PE.json in Resources */ = {isa = PBXBuildFile; fileRef = 292075FC2B97DE59006407D7 /* 2PE.json */; };
		292076832B97DE5A006407D7 /* ECC.json in Resources */ = {isa = PBXBuildFile; fileRef = 292075FD2B97DE59006407D7 /* ECC.json */; };
		292076842B97DE5A006407D7 /* 1SA.json in Resources */ = {isa = PBXBuildFile; fileRef = 292075FE2B97DE59006407D7 /* 1SA.json */; };
		292076852B97DE5A006407D7 /* NAM.json in Resources */ = {isa = PBXBuildFile; fileRef = 292075FF2B97DE59006407D7 /* NAM.json */; };
		292076862B97DE5A006407D7 /* SNG.json in Resources */ = {isa = PBXBuildFile; fileRef = 292076002B97DE59006407D7 /* SNG.json */; };
		292076872B97DE5A006407D7 /* JHN.json in Resources */ = {isa = PBXBuildFile; fileRef = 292076012B97DE59006407D7 /* JHN.json */; };
		292076882B97DE5A006407D7 /* EXO.json in Resources */ = {isa = PBXBuildFile; fileRef = 292076022B97DE59006407D7 /* EXO.json */; };
		292076892B97DE5A006407D7 /* JAS.json in Resources */ = {isa = PBXBuildFile; fileRef = 292076032B97DE59006407D7 /* JAS.json */; };
		2920768A2B97DE5A006407D7 /* JER.json in Resources */ = {isa = PBXBuildFile; fileRef = 292076042B97DE59006407D7 /* JER.json */; };
		2920768B2B97DE5A006407D7 /* HAG.json in Resources */ = {isa = PBXBuildFile; fileRef = 292076052B97DE59006407D7 /* HAG.json */; };
		2920768C2B97DE5A006407D7 /* LAM.json in Resources */ = {isa = PBXBuildFile; fileRef = 292076062B97DE59006407D7 /* LAM.json */; };
		2920768D2B97DE5A006407D7 /* 1CH.json in Resources */ = {isa = PBXBuildFile; fileRef = 292076072B97DE59006407D7 /* 1CH.json */; };
		2920768E2B97DE5A006407D7 /* GEN.json in Resources */ = {isa = PBXBuildFile; fileRef = 292076082B97DE59006407D7 /* GEN.json */; };
		2920768F2B97DE5A006407D7 /* MRK.json in Resources */ = {isa = PBXBuildFile; fileRef = 292076092B97DE59006407D7 /* MRK.json */; };
		292076902B97DE5A006407D7 /* teaching_JON.json in Resources */ = {isa = PBXBuildFile; fileRef = 2920760B2B97DE5A006407D7 /* teaching_JON.json */; };
		292076912B97DE5A006407D7 /* teaching_2PE.json in Resources */ = {isa = PBXBuildFile; fileRef = 2920760C2B97DE5A006407D7 /* teaching_2PE.json */; };
		292076922B97DE5A006407D7 /* teaching_2KI.json in Resources */ = {isa = PBXBuildFile; fileRef = 2920760D2B97DE5A006407D7 /* teaching_2KI.json */; };
		292076932B97DE5A006407D7 /* teaching_JOB.json in Resources */ = {isa = PBXBuildFile; fileRef = 2920760E2B97DE5A006407D7 /* teaching_JOB.json */; };
		292076942B97DE5A006407D7 /* teaching_2TH.json in Resources */ = {isa = PBXBuildFile; fileRef = 2920760F2B97DE5A006407D7 /* teaching_2TH.json */; };
		292076952B97DE5A006407D7 /* teaching_JUD.json in Resources */ = {isa = PBXBuildFile; fileRef = 292076102B97DE5A006407D7 /* teaching_JUD.json */; };
		292076962B97DE5A006407D7 /* teaching_2JN.json in Resources */ = {isa = PBXBuildFile; fileRef = 292076112B97DE5A006407D7 /* teaching_2JN.json */; };
		292076972B97DE5A006407D7 /* teaching_2TI.json in Resources */ = {isa = PBXBuildFile; fileRef = 292076122B97DE5A006407D7 /* teaching_2TI.json */; };
		292076982B97DE5A006407D7 /* teaching_1CO.json in Resources */ = {isa = PBXBuildFile; fileRef = 292076132B97DE5A006407D7 /* teaching_1CO.json */; };
		292076992B97DE5A006407D7 /* teaching_PRO.json in Resources */ = {isa = PBXBuildFile; fileRef = 292076142B97DE5A006407D7 /* teaching_PRO.json */; };
		2920769A2B97DE5A006407D7 /* teaching_PHP.json in Resources */ = {isa = PBXBuildFile; fileRef = 292076152B97DE5A006407D7 /* teaching_PHP.json */; };
		2920769B2B97DE5A006407D7 /* teaching_DEU.json in Resources */ = {isa = PBXBuildFile; fileRef = 292076162B97DE5A006407D7 /* teaching_DEU.json */; };
		2920769C2B97DE5A006407D7 /* teaching_ISA.json in Resources */ = {isa = PBXBuildFile; fileRef = 292076172B97DE5A006407D7 /* teaching_ISA.json */; };
		2920769D2B97DE5A006407D7 /* teaching_COL.json in Resources */ = {isa = PBXBuildFile; fileRef = 292076182B97DE5A006407D7 /* teaching_COL.json */; };
		2920769E2B97DE5A006407D7 /* teaching_JDG.json in Resources */ = {isa = PBXBuildFile; fileRef = 292076192B97DE5A006407D7 /* teaching_JDG.json */; };
		2920769F2B97DE5A006407D7 /* teaching_EST.json in Resources */ = {isa = PBXBuildFile; fileRef = 2920761A2B97DE5A006407D7 /* teaching_EST.json */; };
		292076A02B97DE5A006407D7 /* teaching_LAM.json in Resources */ = {isa = PBXBuildFile; fileRef = 2920761B2B97DE5A006407D7 /* teaching_LAM.json */; };
		292076A12B97DE5A006407D7 /* teaching_1CH.json in Resources */ = {isa = PBXBuildFile; fileRef = 2920761C2B97DE5A006407D7 /* teaching_1CH.json */; };
		292076A22B97DE5A006407D7 /* teaching_GEN.json in Resources */ = {isa = PBXBuildFile; fileRef = 2920761D2B97DE5A006407D7 /* teaching_GEN.json */; };
		292076A32B97DE5A006407D7 /* teaching_MRK.json in Resources */ = {isa = PBXBuildFile; fileRef = 2920761E2B97DE5A006407D7 /* teaching_MRK.json */; };
		292076A42B97DE5A006407D7 /* teaching_EXO.json in Resources */ = {isa = PBXBuildFile; fileRef = 2920761F2B97DE5A006407D7 /* teaching_EXO.json */; };
		292076A52B97DE5A006407D7 /* teaching_JAS.json in Resources */ = {isa = PBXBuildFile; fileRef = 292076202B97DE5A006407D7 /* teaching_JAS.json */; };
		292076A62B97DE5A006407D7 /* teaching_JER.json in Resources */ = {isa = PBXBuildFile; fileRef = 292076212B97DE5A006407D7 /* teaching_JER.json */; };
		292076A72B97DE5A006407D7 /* teaching_HAG.json in Resources */ = {isa = PBXBuildFile; fileRef = 292076222B97DE5A006407D7 /* teaching_HAG.json */; };
		292076A82B97DE5A006407D7 /* teaching_1SA.json in Resources */ = {isa = PBXBuildFile; fileRef = 292076232B97DE5A006407D7 /* teaching_1SA.json */; };
		292076A92B97DE5A006407D7 /* teaching_ECC.json in Resources */ = {isa = PBXBuildFile; fileRef = 292076242B97DE5A006407D7 /* teaching_ECC.json */; };
		292076AA2B97DE5A006407D7 /* teaching_NAM.json in Resources */ = {isa = PBXBuildFile; fileRef = 292076252B97DE5A006407D7 /* teaching_NAM.json */; };
		292076AB2B97DE5A006407D7 /* teaching_SNG.json in Resources */ = {isa = PBXBuildFile; fileRef = 292076262B97DE5A006407D7 /* teaching_SNG.json */; };
		292076AC2B97DE5A006407D7 /* teaching_JHN.json in Resources */ = {isa = PBXBuildFile; fileRef = 292076272B97DE5A006407D7 /* teaching_JHN.json */; };
		292076AD2B97DE5A006407D7 /* teaching_JOS.json in Resources */ = {isa = PBXBuildFile; fileRef = 292076282B97DE5A006407D7 /* teaching_JOS.json */; };
		292076AE2B97DE5A006407D7 /* teaching_1TI.json in Resources */ = {isa = PBXBuildFile; fileRef = 292076292B97DE5A006407D7 /* teaching_1TI.json */; };
		292076AF2B97DE5A006407D7 /* teaching_1JN.json in Resources */ = {isa = PBXBuildFile; fileRef = 2920762A2B97DE5A006407D7 /* teaching_1JN.json */; };
		292076B02B97DE5A006407D7 /* teaching_2CO.json in Resources */ = {isa = PBXBuildFile; fileRef = 2920762B2B97DE5A006407D7 /* teaching_2CO.json */; };
		292076B12B97DE5A006407D7 /* teaching_TIT.json in Resources */ = {isa = PBXBuildFile; fileRef = 2920762C2B97DE5A006407D7 /* teaching_TIT.json */; };
		292076B22B97DE5A006407D7 /* teaching_ZEC.json in Resources */ = {isa = PBXBuildFile; fileRef = 2920762D2B97DE5A006407D7 /* teaching_ZEC.json */; };
		292076B32B97DE5A006407D7 /* teaching_PSA.json in Resources */ = {isa = PBXBuildFile; fileRef = 2920762E2B97DE5A006407D7 /* teaching_PSA.json */; };
		292076B42B97DE5A006407D7 /* teaching_LUK.json in Resources */ = {isa = PBXBuildFile; fileRef = 2920762F2B97DE5A006407D7 /* teaching_LUK.json */; };
		292076B52B97DE5A006407D7 /* teaching_1PE.json in Resources */ = {isa = PBXBuildFile; fileRef = 292076302B97DE5A006407D7 /* teaching_1PE.json */; };
		292076B62B97DE5A006407D7 /* teaching_LEV.json in Resources */ = {isa = PBXBuildFile; fileRef = 292076312B97DE5A006407D7 /* teaching_LEV.json */; };
		292076B72B97DE5A006407D7 /* teaching_PHM.json in Resources */ = {isa = PBXBuildFile; fileRef = 292076322B97DE5A006407D7 /* teaching_PHM.json */; };
		292076B82B97DE5A006407D7 /* teaching_1TH.json in Resources */ = {isa = PBXBuildFile; fileRef = 292076332B97DE5A006407D7 /* teaching_1TH.json */; };
		292076B92B97DE5A006407D7 /* teaching_1KI.json in Resources */ = {isa = PBXBuildFile; fileRef = 292076342B97DE5A006407D7 /* teaching_1KI.json */; };
		292076BA2B97DE5A006407D7 /* teaching_OBA.json in Resources */ = {isa = PBXBuildFile; fileRef = 292076352B97DE5A006407D7 /* teaching_OBA.json */; };
		292076BB2B97DE5A006407D7 /* teaching_GAL.json in Resources */ = {isa = PBXBuildFile; fileRef = 292076362B97DE5A006407D7 /* teaching_GAL.json */; };
		292076BC2B97DE5A006407D7 /* teaching_3JN.json in Resources */ = {isa = PBXBuildFile; fileRef = 292076372B97DE5A006407D7 /* teaching_3JN.json */; };
		292076BD2B97DE5A006407D7 /* teaching_RUT.json in Resources */ = {isa = PBXBuildFile; fileRef = 292076382B97DE5A006407D7 /* teaching_RUT.json */; };
		292076BE2B97DE5A006407D7 /* teaching_HOS.json in Resources */ = {isa = PBXBuildFile; fileRef = 292076392B97DE5A006407D7 /* teaching_HOS.json */; };
		292076BF2B97DE5A006407D7 /* teaching_MIC.json in Resources */ = {isa = PBXBuildFile; fileRef = 2920763A2B97DE5A006407D7 /* teaching_MIC.json */; };
		292076C02B97DE5A006407D7 /* teaching_NUM.json in Resources */ = {isa = PBXBuildFile; fileRef = 2920763B2B97DE5A006407D7 /* teaching_NUM.json */; };
		292076C12B97DE5A006407D7 /* teaching_JOL.json in Resources */ = {isa = PBXBuildFile; fileRef = 2920763C2B97DE5A006407D7 /* teaching_JOL.json */; };
		292076C22B97DE5A006407D7 /* teaching_ZEP.json in Resources */ = {isa = PBXBuildFile; fileRef = 2920763D2B97DE5A006407D7 /* teaching_ZEP.json */; };
		292076C32B97DE5A006407D7 /* teaching_MAT.json in Resources */ = {isa = PBXBuildFile; fileRef = 2920763E2B97DE5A006407D7 /* teaching_MAT.json */; };
		292076C42B97DE5A006407D7 /* teaching_EPH.json in Resources */ = {isa = PBXBuildFile; fileRef = 2920763F2B97DE5A006407D7 /* teaching_EPH.json */; };
		292076C52B97DE5A006407D7 /* teaching_HAB.json in Resources */ = {isa = PBXBuildFile; fileRef = 292076402B97DE5A006407D7 /* teaching_HAB.json */; };
		292076C62B97DE5A006407D7 /* teaching_DAN.json in Resources */ = {isa = PBXBuildFile; fileRef = 292076412B97DE5A006407D7 /* teaching_DAN.json */; };
		292076C72B97DE5A006407D7 /* teaching_ACT.json in Resources */ = {isa = PBXBuildFile; fileRef = 292076422B97DE5A006407D7 /* teaching_ACT.json */; };
		292076C82B97DE5A006407D7 /* teaching_2SA.json in Resources */ = {isa = PBXBuildFile; fileRef = 292076432B97DE5A006407D7 /* teaching_2SA.json */; };
		292076C92B97DE5A006407D7 /* teaching_2CH.json in Resources */ = {isa = PBXBuildFile; fileRef = 292076442B97DE5A006407D7 /* teaching_2CH.json */; };
		292076CA2B97DE5A006407D7 /* teaching_EZK.json in Resources */ = {isa = PBXBuildFile; fileRef = 292076452B97DE5A006407D7 /* teaching_EZK.json */; };
		292076CB2B97DE5A006407D7 /* teaching_MAL.json in Resources */ = {isa = PBXBuildFile; fileRef = 292076462B97DE5A006407D7 /* teaching_MAL.json */; };
		292076CC2B97DE5A006407D7 /* teaching_NEH.json in Resources */ = {isa = PBXBuildFile; fileRef = 292076472B97DE5A006407D7 /* teaching_NEH.json */; };
		292076CD2B97DE5A006407D7 /* teaching_AMO.json in Resources */ = {isa = PBXBuildFile; fileRef = 292076482B97DE5A006407D7 /* teaching_AMO.json */; };
		292076CE2B97DE5A006407D7 /* teaching_HEB.json in Resources */ = {isa = PBXBuildFile; fileRef = 292076492B97DE5A006407D7 /* teaching_HEB.json */; };
		292076CF2B97DE5A006407D7 /* teaching_ROM.json in Resources */ = {isa = PBXBuildFile; fileRef = 2920764A2B97DE5A006407D7 /* teaching_ROM.json */; };
		292076D02B97DE5A006407D7 /* teaching_REV.json in Resources */ = {isa = PBXBuildFile; fileRef = 2920764B2B97DE5A006407D7 /* teaching_REV.json */; };
		292076D12B97DE5A006407D7 /* teaching_EZR.json in Resources */ = {isa = PBXBuildFile; fileRef = 2920764C2B97DE5A006407D7 /* teaching_EZR.json */; };
		29CCD2062AE589B5002F6570 /* AppDelegate.swift in Sources */ = {isa = PBXBuildFile; fileRef = 29CCD2052AE589B5002F6570 /* AppDelegate.swift */; };
		29CCD2082AE589B5002F6570 /* SceneDelegate.swift in Sources */ = {isa = PBXBuildFile; fileRef = 29CCD2072AE589B5002F6570 /* SceneDelegate.swift */; };
		29CCD20A2AE589B5002F6570 /* ViewController.swift in Sources */ = {isa = PBXBuildFile; fileRef = 29CCD2092AE589B5002F6570 /* ViewController.swift */; };
		29CCD20D2AE589B5002F6570 /* Main.storyboard in Resources */ = {isa = PBXBuildFile; fileRef = 29CCD20B2AE589B5002F6570 /* Main.storyboard */; };
		29CCD20F2AE589B6002F6570 /* Assets.xcassets in Resources */ = {isa = PBXBuildFile; fileRef = 29CCD20E2AE589B6002F6570 /* Assets.xcassets */; };
		29CCD2122AE589B6002F6570 /* LaunchScreen.storyboard in Resources */ = {isa = PBXBuildFile; fileRef = 29CCD2102AE589B6002F6570 /* LaunchScreen.storyboard */; };
		29CCD2B82AE58A18002F6570 /* DocumentsManager.swift in Sources */ = {isa = PBXBuildFile; fileRef = 29CCD2632AE58A17002F6570 /* DocumentsManager.swift */; };
		29CCD2BA2AE58A18002F6570 /* BibleDataFromDB.swift in Sources */ = {isa = PBXBuildFile; fileRef = 29CCD2652AE58A17002F6570 /* BibleDataFromDB.swift */; };
		29CCD2BC2AE58A18002F6570 /* OfflineFromDBPlugin.swift in Sources */ = {isa = PBXBuildFile; fileRef = 29CCD2682AE58A17002F6570 /* OfflineFromDBPlugin.swift */; };
		29CCD2BF2AE58A18002F6570 /* ObjectMapper-iOS.xcframework in Frameworks */ = {isa = PBXBuildFile; fileRef = 29CCD26C2AE58A18002F6570 /* ObjectMapper-iOS.xcframework */; };
		29CCD2C02AE58A18002F6570 /* Verse.swift in Sources */ = {isa = PBXBuildFile; fileRef = 29CCD26E2AE58A18002F6570 /* Verse.swift */; };
		29CCD2C22AE58A18002F6570 /* Book.swift in Sources */ = {isa = PBXBuildFile; fileRef = 29CCD2702AE58A18002F6570 /* Book.swift */; };
		29CCD2C42AE58A18002F6570 /* RealmObjectMapper.swift in Sources */ = {isa = PBXBuildFile; fileRef = 29CCD2722AE58A18002F6570 /* RealmObjectMapper.swift */; };
		29CCD2C72AE58BB4002F6570 /* Realm.xcframework in Frameworks */ = {isa = PBXBuildFile; fileRef = 29CCD2C52AE58BB4002F6570 /* Realm.xcframework */; };
		29CCD2C82AE58BB4002F6570 /* RealmSwift.xcframework in Frameworks */ = {isa = PBXBuildFile; fileRef = 29CCD2C62AE58BB4002F6570 /* RealmSwift.xcframework */; };
		29CCD45E2AE84F2D002F6570 /* Teaching.swift in Sources */ = {isa = PBXBuildFile; fileRef = 29CCD45D2AE84F2D002F6570 /* Teaching.swift */; };
		29CCD4602AE84F37002F6570 /* Chapter.swift in Sources */ = {isa = PBXBuildFile; fileRef = 29CCD45F2AE84F37002F6570 /* Chapter.swift */; };
		29CCD4622AE85A5D002F6570 /* Audio.swift in Sources */ = {isa = PBXBuildFile; fileRef = 29CCD4612AE85A5D002F6570 /* Audio.swift */; };
		29CCD4672AE9A132002F6570 /* Constants.swift in Sources */ = {isa = PBXBuildFile; fileRef = 29CCD4662AE9A132002F6570 /* Constants.swift */; };
/* End PBXBuildFile section */

/* Begin PBXFileReference section */
		290D65F12B6D4F9B0026740C /* default.realm */ = {isa = PBXFileReference; lastKnownFileType = file; path = default.realm; sourceTree = "<group>"; };
		292075C62B97DE59006407D7 /* books.json */ = {isa = PBXFileReference; fileEncoding = 4; lastKnownFileType = text.json; path = books.json; sourceTree = "<group>"; };
		292075C82B97DE59006407D7 /* PHM.json */ = {isa = PBXFileReference; fileEncoding = 4; lastKnownFileType = text.json; path = PHM.json; sourceTree = "<group>"; };
		292075C92B97DE59006407D7 /* 1TH.json */ = {isa = PBXFileReference; fileEncoding = 4; lastKnownFileType = text.json; path = 1TH.json; sourceTree = "<group>"; };
		292075CA2B97DE59006407D7 /* 1KI.json */ = {isa = PBXFileReference; fileEncoding = 4; lastKnownFileType = text.json; path = 1KI.json; sourceTree = "<group>"; };
		292075CB2B97DE59006407D7 /* OBA.json */ = {isa = PBXFileReference; fileEncoding = 4; lastKnownFileType = text.json; path = OBA.json; sourceTree = "<group>"; };
		292075CC2B97DE59006407D7 /* GAL.json */ = {isa = PBXFileReference; fileEncoding = 4; lastKnownFileType = text.json; path = GAL.json; sourceTree = "<group>"; };
		292075CD2B97DE59006407D7 /* 3JN.json */ = {isa = PBXFileReference; fileEncoding = 4; lastKnownFileType = text.json; path = 3JN.json; sourceTree = "<group>"; };
		292075CE2B97DE59006407D7 /* RUT.json */ = {isa = PBXFileReference; fileEncoding = 4; lastKnownFileType = text.json; path = RUT.json; sourceTree = "<group>"; };
		292075CF2B97DE59006407D7 /* HOS.json */ = {isa = PBXFileReference; fileEncoding = 4; lastKnownFileType = text.json; path = HOS.json; sourceTree = "<group>"; };
		292075D02B97DE59006407D7 /* PSA.json */ = {isa = PBXFileReference; fileEncoding = 4; lastKnownFileType = text.json; path = PSA.json; sourceTree = "<group>"; };
		292075D12B97DE59006407D7 /* LUK.json */ = {isa = PBXFileReference; fileEncoding = 4; lastKnownFileType = text.json; path = LUK.json; sourceTree = "<group>"; };
		292075D22B97DE59006407D7 /* 1PE.json */ = {isa = PBXFileReference; fileEncoding = 4; lastKnownFileType = text.json; path = 1PE.json; sourceTree = "<group>"; };
		292075D32B97DE59006407D7 /* LEV.json */ = {isa = PBXFileReference; fileEncoding = 4; lastKnownFileType = text.json; path = LEV.json; sourceTree = "<group>"; };
		292075D42B97DE59006407D7 /* TIT.json */ = {isa = PBXFileReference; fileEncoding = 4; lastKnownFileType = text.json; path = TIT.json; sourceTree = "<group>"; };
		292075D52B97DE59006407D7 /* ZEC.json */ = {isa = PBXFileReference; fileEncoding = 4; lastKnownFileType = text.json; path = ZEC.json; sourceTree = "<group>"; };
		292075D62B97DE59006407D7 /* JOS.json */ = {isa = PBXFileReference; fileEncoding = 4; lastKnownFileType = text.json; path = JOS.json; sourceTree = "<group>"; };
		292075D72B97DE59006407D7 /* 1TI.json */ = {isa = PBXFileReference; fileEncoding = 4; lastKnownFileType = text.json; path = 1TI.json; sourceTree = "<group>"; };
		292075D82B97DE59006407D7 /* 1JN.json */ = {isa = PBXFileReference; fileEncoding = 4; lastKnownFileType = text.json; path = 1JN.json; sourceTree = "<group>"; };
		292075D92B97DE59006407D7 /* 2CO.json */ = {isa = PBXFileReference; fileEncoding = 4; lastKnownFileType = text.json; path = 2CO.json; sourceTree = "<group>"; };
		292075DA2B97DE59006407D7 /* HEB.json */ = {isa = PBXFileReference; fileEncoding = 4; lastKnownFileType = text.json; path = HEB.json; sourceTree = "<group>"; };
		292075DB2B97DE59006407D7 /* ROM.json */ = {isa = PBXFileReference; fileEncoding = 4; lastKnownFileType = text.json; path = ROM.json; sourceTree = "<group>"; };
		292075DC2B97DE59006407D7 /* REV.json */ = {isa = PBXFileReference; fileEncoding = 4; lastKnownFileType = text.json; path = REV.json; sourceTree = "<group>"; };
		292075DD2B97DE59006407D7 /* EZR.json */ = {isa = PBXFileReference; fileEncoding = 4; lastKnownFileType = text.json; path = EZR.json; sourceTree = "<group>"; };
		292075DE2B97DE59006407D7 /* 2CH.json */ = {isa = PBXFileReference; fileEncoding = 4; lastKnownFileType = text.json; path = 2CH.json; sourceTree = "<group>"; };
		292075DF2B97DE59006407D7 /* EZK.json */ = {isa = PBXFileReference; fileEncoding = 4; lastKnownFileType = text.json; path = EZK.json; sourceTree = "<group>"; };
		292075E02B97DE59006407D7 /* MAL.json */ = {isa = PBXFileReference; fileEncoding = 4; lastKnownFileType = text.json; path = MAL.json; sourceTree = "<group>"; };
		292075E12B97DE59006407D7 /* NEH.json */ = {isa = PBXFileReference; fileEncoding = 4; lastKnownFileType = text.json; path = NEH.json; sourceTree = "<group>"; };
		292075E22B97DE59006407D7 /* AMO.json */ = {isa = PBXFileReference; fileEncoding = 4; lastKnownFileType = text.json; path = AMO.json; sourceTree = "<group>"; };
		292075E32B97DE59006407D7 /* DAN.json */ = {isa = PBXFileReference; fileEncoding = 4; lastKnownFileType = text.json; path = DAN.json; sourceTree = "<group>"; };
		292075E42B97DE59006407D7 /* ACT.json */ = {isa = PBXFileReference; fileEncoding = 4; lastKnownFileType = text.json; path = ACT.json; sourceTree = "<group>"; };
		292075E52B97DE59006407D7 /* 2SA.json */ = {isa = PBXFileReference; fileEncoding = 4; lastKnownFileType = text.json; path = 2SA.json; sourceTree = "<group>"; };
		292075E62B97DE59006407D7 /* MIC.json */ = {isa = PBXFileReference; fileEncoding = 4; lastKnownFileType = text.json; path = MIC.json; sourceTree = "<group>"; };
		292075E72B97DE59006407D7 /* NUM.json */ = {isa = PBXFileReference; fileEncoding = 4; lastKnownFileType = text.json; path = NUM.json; sourceTree = "<group>"; };
		292075E82B97DE59006407D7 /* JOL.json */ = {isa = PBXFileReference; fileEncoding = 4; lastKnownFileType = text.json; path = JOL.json; sourceTree = "<group>"; };
		292075E92B97DE59006407D7 /* ZEP.json */ = {isa = PBXFileReference; fileEncoding = 4; lastKnownFileType = text.json; path = ZEP.json; sourceTree = "<group>"; };
		292075EA2B97DE59006407D7 /* MAT.json */ = {isa = PBXFileReference; fileEncoding = 4; lastKnownFileType = text.json; path = MAT.json; sourceTree = "<group>"; };
		292075EB2B97DE59006407D7 /* EPH.json */ = {isa = PBXFileReference; fileEncoding = 4; lastKnownFileType = text.json; path = EPH.json; sourceTree = "<group>"; };
		292075EC2B97DE59006407D7 /* HAB.json */ = {isa = PBXFileReference; fileEncoding = 4; lastKnownFileType = text.json; path = HAB.json; sourceTree = "<group>"; };
		292075ED2B97DE59006407D7 /* PHP.json */ = {isa = PBXFileReference; fileEncoding = 4; lastKnownFileType = text.json; path = PHP.json; sourceTree = "<group>"; };
		292075EE2B97DE59006407D7 /* DEU.json */ = {isa = PBXFileReference; fileEncoding = 4; lastKnownFileType = text.json; path = DEU.json; sourceTree = "<group>"; };
		292075EF2B97DE59006407D7 /* ISA.json */ = {isa = PBXFileReference; fileEncoding = 4; lastKnownFileType = text.json; path = ISA.json; sourceTree = "<group>"; };
		292075F02B97DE59006407D7 /* COL.json */ = {isa = PBXFileReference; fileEncoding = 4; lastKnownFileType = text.json; path = COL.json; sourceTree = "<group>"; };
		292075F12B97DE59006407D7 /* JDG.json */ = {isa = PBXFileReference; fileEncoding = 4; lastKnownFileType = text.json; path = JDG.json; sourceTree = "<group>"; };
		292075F22B97DE59006407D7 /* EST.json */ = {isa = PBXFileReference; fileEncoding = 4; lastKnownFileType = text.json; path = EST.json; sourceTree = "<group>"; };
		292075F32B97DE59006407D7 /* 2JN.json */ = {isa = PBXFileReference; fileEncoding = 4; lastKnownFileType = text.json; path = 2JN.json; sourceTree = "<group>"; };
		292075F42B97DE59006407D7 /* 2TI.json */ = {isa = PBXFileReference; fileEncoding = 4; lastKnownFileType = text.json; path = 2TI.json; sourceTree = "<group>"; };
		292075F52B97DE59006407D7 /* 1CO.json */ = {isa = PBXFileReference; fileEncoding = 4; lastKnownFileType = text.json; path = 1CO.json; sourceTree = "<group>"; };
		292075F62B97DE59006407D7 /* PRO.json */ = {isa = PBXFileReference; fileEncoding = 4; lastKnownFileType = text.json; path = PRO.json; sourceTree = "<group>"; };
		292075F72B97DE59006407D7 /* 2KI.json */ = {isa = PBXFileReference; fileEncoding = 4; lastKnownFileType = text.json; path = 2KI.json; sourceTree = "<group>"; };
		292075F82B97DE59006407D7 /* JOB.json */ = {isa = PBXFileReference; fileEncoding = 4; lastKnownFileType = text.json; path = JOB.json; sourceTree = "<group>"; };
		292075F92B97DE59006407D7 /* 2TH.json */ = {isa = PBXFileReference; fileEncoding = 4; lastKnownFileType = text.json; path = 2TH.json; sourceTree = "<group>"; };
		292075FA2B97DE59006407D7 /* JUD.json */ = {isa = PBXFileReference; fileEncoding = 4; lastKnownFileType = text.json; path = JUD.json; sourceTree = "<group>"; };
		292075FB2B97DE59006407D7 /* JON.json */ = {isa = PBXFileReference; fileEncoding = 4; lastKnownFileType = text.json; path = JON.json; sourceTree = "<group>"; };
		292075FC2B97DE59006407D7 /* 2PE.json */ = {isa = PBXFileReference; fileEncoding = 4; lastKnownFileType = text.json; path = 2PE.json; sourceTree = "<group>"; };
		292075FD2B97DE59006407D7 /* ECC.json */ = {isa = PBXFileReference; fileEncoding = 4; lastKnownFileType = text.json; path = ECC.json; sourceTree = "<group>"; };
		292075FE2B97DE59006407D7 /* 1SA.json */ = {isa = PBXFileReference; fileEncoding = 4; lastKnownFileType = text.json; path = 1SA.json; sourceTree = "<group>"; };
		292075FF2B97DE59006407D7 /* NAM.json */ = {isa = PBXFileReference; fileEncoding = 4; lastKnownFileType = text.json; path = NAM.json; sourceTree = "<group>"; };
		292076002B97DE59006407D7 /* SNG.json */ = {isa = PBXFileReference; fileEncoding = 4; lastKnownFileType = text.json; path = SNG.json; sourceTree = "<group>"; };
		292076012B97DE59006407D7 /* JHN.json */ = {isa = PBXFileReference; fileEncoding = 4; lastKnownFileType = text.json; path = JHN.json; sourceTree = "<group>"; };
		292076022B97DE59006407D7 /* EXO.json */ = {isa = PBXFileReference; fileEncoding = 4; lastKnownFileType = text.json; path = EXO.json; sourceTree = "<group>"; };
		292076032B97DE59006407D7 /* JAS.json */ = {isa = PBXFileReference; fileEncoding = 4; lastKnownFileType = text.json; path = JAS.json; sourceTree = "<group>"; };
		292076042B97DE59006407D7 /* JER.json */ = {isa = PBXFileReference; fileEncoding = 4; lastKnownFileType = text.json; path = JER.json; sourceTree = "<group>"; };
		292076052B97DE59006407D7 /* HAG.json */ = {isa = PBXFileReference; fileEncoding = 4; lastKnownFileType = text.json; path = HAG.json; sourceTree = "<group>"; };
		292076062B97DE59006407D7 /* LAM.json */ = {isa = PBXFileReference; fileEncoding = 4; lastKnownFileType = text.json; path = LAM.json; sourceTree = "<group>"; };
		292076072B97DE59006407D7 /* 1CH.json */ = {isa = PBXFileReference; fileEncoding = 4; lastKnownFileType = text.json; path = 1CH.json; sourceTree = "<group>"; };
		292076082B97DE59006407D7 /* GEN.json */ = {isa = PBXFileReference; fileEncoding = 4; lastKnownFileType = text.json; path = GEN.json; sourceTree = "<group>"; };
		292076092B97DE59006407D7 /* MRK.json */ = {isa = PBXFileReference; fileEncoding = 4; lastKnownFileType = text.json; path = MRK.json; sourceTree = "<group>"; };
		2920760B2B97DE5A006407D7 /* teaching_JON.json */ = {isa = PBXFileReference; fileEncoding = 4; lastKnownFileType = text.json; path = teaching_JON.json; sourceTree = "<group>"; };
		2920760C2B97DE5A006407D7 /* teaching_2PE.json */ = {isa = PBXFileReference; fileEncoding = 4; lastKnownFileType = text.json; path = teaching_2PE.json; sourceTree = "<group>"; };
		2920760D2B97DE5A006407D7 /* teaching_2KI.json */ = {isa = PBXFileReference; fileEncoding = 4; lastKnownFileType = text.json; path = teaching_2KI.json; sourceTree = "<group>"; };
		2920760E2B97DE5A006407D7 /* teaching_JOB.json */ = {isa = PBXFileReference; fileEncoding = 4; lastKnownFileType = text.json; path = teaching_JOB.json; sourceTree = "<group>"; };
		2920760F2B97DE5A006407D7 /* teaching_2TH.json */ = {isa = PBXFileReference; fileEncoding = 4; lastKnownFileType = text.json; path = teaching_2TH.json; sourceTree = "<group>"; };
		292076102B97DE5A006407D7 /* teaching_JUD.json */ = {isa = PBXFileReference; fileEncoding = 4; lastKnownFileType = text.json; path = teaching_JUD.json; sourceTree = "<group>"; };
		292076112B97DE5A006407D7 /* teaching_2JN.json */ = {isa = PBXFileReference; fileEncoding = 4; lastKnownFileType = text.json; path = teaching_2JN.json; sourceTree = "<group>"; };
		292076122B97DE5A006407D7 /* teaching_2TI.json */ = {isa = PBXFileReference; fileEncoding = 4; lastKnownFileType = text.json; path = teaching_2TI.json; sourceTree = "<group>"; };
		292076132B97DE5A006407D7 /* teaching_1CO.json */ = {isa = PBXFileReference; fileEncoding = 4; lastKnownFileType = text.json; path = teaching_1CO.json; sourceTree = "<group>"; };
		292076142B97DE5A006407D7 /* teaching_PRO.json */ = {isa = PBXFileReference; fileEncoding = 4; lastKnownFileType = text.json; path = teaching_PRO.json; sourceTree = "<group>"; };
		292076152B97DE5A006407D7 /* teaching_PHP.json */ = {isa = PBXFileReference; fileEncoding = 4; lastKnownFileType = text.json; path = teaching_PHP.json; sourceTree = "<group>"; };
		292076162B97DE5A006407D7 /* teaching_DEU.json */ = {isa = PBXFileReference; fileEncoding = 4; lastKnownFileType = text.json; path = teaching_DEU.json; sourceTree = "<group>"; };
		292076172B97DE5A006407D7 /* teaching_ISA.json */ = {isa = PBXFileReference; fileEncoding = 4; lastKnownFileType = text.json; path = teaching_ISA.json; sourceTree = "<group>"; };
		292076182B97DE5A006407D7 /* teaching_COL.json */ = {isa = PBXFileReference; fileEncoding = 4; lastKnownFileType = text.json; path = teaching_COL.json; sourceTree = "<group>"; };
		292076192B97DE5A006407D7 /* teaching_JDG.json */ = {isa = PBXFileReference; fileEncoding = 4; lastKnownFileType = text.json; path = teaching_JDG.json; sourceTree = "<group>"; };
		2920761A2B97DE5A006407D7 /* teaching_EST.json */ = {isa = PBXFileReference; fileEncoding = 4; lastKnownFileType = text.json; path = teaching_EST.json; sourceTree = "<group>"; };
		2920761B2B97DE5A006407D7 /* teaching_LAM.json */ = {isa = PBXFileReference; fileEncoding = 4; lastKnownFileType = text.json; path = teaching_LAM.json; sourceTree = "<group>"; };
		2920761C2B97DE5A006407D7 /* teaching_1CH.json */ = {isa = PBXFileReference; fileEncoding = 4; lastKnownFileType = text.json; path = teaching_1CH.json; sourceTree = "<group>"; };
		2920761D2B97DE5A006407D7 /* teaching_GEN.json */ = {isa = PBXFileReference; fileEncoding = 4; lastKnownFileType = text.json; path = teaching_GEN.json; sourceTree = "<group>"; };
		2920761E2B97DE5A006407D7 /* teaching_MRK.json */ = {isa = PBXFileReference; fileEncoding = 4; lastKnownFileType = text.json; path = teaching_MRK.json; sourceTree = "<group>"; };
		2920761F2B97DE5A006407D7 /* teaching_EXO.json */ = {isa = PBXFileReference; fileEncoding = 4; lastKnownFileType = text.json; path = teaching_EXO.json; sourceTree = "<group>"; };
		292076202B97DE5A006407D7 /* teaching_JAS.json */ = {isa = PBXFileReference; fileEncoding = 4; lastKnownFileType = text.json; path = teaching_JAS.json; sourceTree = "<group>"; };
		292076212B97DE5A006407D7 /* teaching_JER.json */ = {isa = PBXFileReference; fileEncoding = 4; lastKnownFileType = text.json; path = teaching_JER.json; sourceTree = "<group>"; };
		292076222B97DE5A006407D7 /* teaching_HAG.json */ = {isa = PBXFileReference; fileEncoding = 4; lastKnownFileType = text.json; path = teaching_HAG.json; sourceTree = "<group>"; };
		292076232B97DE5A006407D7 /* teaching_1SA.json */ = {isa = PBXFileReference; fileEncoding = 4; lastKnownFileType = text.json; path = teaching_1SA.json; sourceTree = "<group>"; };
		292076242B97DE5A006407D7 /* teaching_ECC.json */ = {isa = PBXFileReference; fileEncoding = 4; lastKnownFileType = text.json; path = teaching_ECC.json; sourceTree = "<group>"; };
		292076252B97DE5A006407D7 /* teaching_NAM.json */ = {isa = PBXFileReference; fileEncoding = 4; lastKnownFileType = text.json; path = teaching_NAM.json; sourceTree = "<group>"; };
		292076262B97DE5A006407D7 /* teaching_SNG.json */ = {isa = PBXFileReference; fileEncoding = 4; lastKnownFileType = text.json; path = teaching_SNG.json; sourceTree = "<group>"; };
		292076272B97DE5A006407D7 /* teaching_JHN.json */ = {isa = PBXFileReference; fileEncoding = 4; lastKnownFileType = text.json; path = teaching_JHN.json; sourceTree = "<group>"; };
		292076282B97DE5A006407D7 /* teaching_JOS.json */ = {isa = PBXFileReference; fileEncoding = 4; lastKnownFileType = text.json; path = teaching_JOS.json; sourceTree = "<group>"; };
		292076292B97DE5A006407D7 /* teaching_1TI.json */ = {isa = PBXFileReference; fileEncoding = 4; lastKnownFileType = text.json; path = teaching_1TI.json; sourceTree = "<group>"; };
		2920762A2B97DE5A006407D7 /* teaching_1JN.json */ = {isa = PBXFileReference; fileEncoding = 4; lastKnownFileType = text.json; path = teaching_1JN.json; sourceTree = "<group>"; };
		2920762B2B97DE5A006407D7 /* teaching_2CO.json */ = {isa = PBXFileReference; fileEncoding = 4; lastKnownFileType = text.json; path = teaching_2CO.json; sourceTree = "<group>"; };
		2920762C2B97DE5A006407D7 /* teaching_TIT.json */ = {isa = PBXFileReference; fileEncoding = 4; lastKnownFileType = text.json; path = teaching_TIT.json; sourceTree = "<group>"; };
		2920762D2B97DE5A006407D7 /* teaching_ZEC.json */ = {isa = PBXFileReference; fileEncoding = 4; lastKnownFileType = text.json; path = teaching_ZEC.json; sourceTree = "<group>"; };
		2920762E2B97DE5A006407D7 /* teaching_PSA.json */ = {isa = PBXFileReference; fileEncoding = 4; lastKnownFileType = text.json; path = teaching_PSA.json; sourceTree = "<group>"; };
		2920762F2B97DE5A006407D7 /* teaching_LUK.json */ = {isa = PBXFileReference; fileEncoding = 4; lastKnownFileType = text.json; path = teaching_LUK.json; sourceTree = "<group>"; };
		292076302B97DE5A006407D7 /* teaching_1PE.json */ = {isa = PBXFileReference; fileEncoding = 4; lastKnownFileType = text.json; path = teaching_1PE.json; sourceTree = "<group>"; };
		292076312B97DE5A006407D7 /* teaching_LEV.json */ = {isa = PBXFileReference; fileEncoding = 4; lastKnownFileType = text.json; path = teaching_LEV.json; sourceTree = "<group>"; };
		292076322B97DE5A006407D7 /* teaching_PHM.json */ = {isa = PBXFileReference; fileEncoding = 4; lastKnownFileType = text.json; path = teaching_PHM.json; sourceTree = "<group>"; };
		292076332B97DE5A006407D7 /* teaching_1TH.json */ = {isa = PBXFileReference; fileEncoding = 4; lastKnownFileType = text.json; path = teaching_1TH.json; sourceTree = "<group>"; };
		292076342B97DE5A006407D7 /* teaching_1KI.json */ = {isa = PBXFileReference; fileEncoding = 4; lastKnownFileType = text.json; path = teaching_1KI.json; sourceTree = "<group>"; };
		292076352B97DE5A006407D7 /* teaching_OBA.json */ = {isa = PBXFileReference; fileEncoding = 4; lastKnownFileType = text.json; path = teaching_OBA.json; sourceTree = "<group>"; };
		292076362B97DE5A006407D7 /* teaching_GAL.json */ = {isa = PBXFileReference; fileEncoding = 4; lastKnownFileType = text.json; path = teaching_GAL.json; sourceTree = "<group>"; };
		292076372B97DE5A006407D7 /* teaching_3JN.json */ = {isa = PBXFileReference; fileEncoding = 4; lastKnownFileType = text.json; path = teaching_3JN.json; sourceTree = "<group>"; };
		292076382B97DE5A006407D7 /* teaching_RUT.json */ = {isa = PBXFileReference; fileEncoding = 4; lastKnownFileType = text.json; path = teaching_RUT.json; sourceTree = "<group>"; };
		292076392B97DE5A006407D7 /* teaching_HOS.json */ = {isa = PBXFileReference; fileEncoding = 4; lastKnownFileType = text.json; path = teaching_HOS.json; sourceTree = "<group>"; };
		2920763A2B97DE5A006407D7 /* teaching_MIC.json */ = {isa = PBXFileReference; fileEncoding = 4; lastKnownFileType = text.json; path = teaching_MIC.json; sourceTree = "<group>"; };
		2920763B2B97DE5A006407D7 /* teaching_NUM.json */ = {isa = PBXFileReference; fileEncoding = 4; lastKnownFileType = text.json; path = teaching_NUM.json; sourceTree = "<group>"; };
		2920763C2B97DE5A006407D7 /* teaching_JOL.json */ = {isa = PBXFileReference; fileEncoding = 4; lastKnownFileType = text.json; path = teaching_JOL.json; sourceTree = "<group>"; };
		2920763D2B97DE5A006407D7 /* teaching_ZEP.json */ = {isa = PBXFileReference; fileEncoding = 4; lastKnownFileType = text.json; path = teaching_ZEP.json; sourceTree = "<group>"; };
		2920763E2B97DE5A006407D7 /* teaching_MAT.json */ = {isa = PBXFileReference; fileEncoding = 4; lastKnownFileType = text.json; path = teaching_MAT.json; sourceTree = "<group>"; };
		2920763F2B97DE5A006407D7 /* teaching_EPH.json */ = {isa = PBXFileReference; fileEncoding = 4; lastKnownFileType = text.json; path = teaching_EPH.json; sourceTree = "<group>"; };
		292076402B97DE5A006407D7 /* teaching_HAB.json */ = {isa = PBXFileReference; fileEncoding = 4; lastKnownFileType = text.json; path = teaching_HAB.json; sourceTree = "<group>"; };
		292076412B97DE5A006407D7 /* teaching_DAN.json */ = {isa = PBXFileReference; fileEncoding = 4; lastKnownFileType = text.json; path = teaching_DAN.json; sourceTree = "<group>"; };
		292076422B97DE5A006407D7 /* teaching_ACT.json */ = {isa = PBXFileReference; fileEncoding = 4; lastKnownFileType = text.json; path = teaching_ACT.json; sourceTree = "<group>"; };
		292076432B97DE5A006407D7 /* teaching_2SA.json */ = {isa = PBXFileReference; fileEncoding = 4; lastKnownFileType = text.json; path = teaching_2SA.json; sourceTree = "<group>"; };
		292076442B97DE5A006407D7 /* teaching_2CH.json */ = {isa = PBXFileReference; fileEncoding = 4; lastKnownFileType = text.json; path = teaching_2CH.json; sourceTree = "<group>"; };
		292076452B97DE5A006407D7 /* teaching_EZK.json */ = {isa = PBXFileReference; fileEncoding = 4; lastKnownFileType = text.json; path = teaching_EZK.json; sourceTree = "<group>"; };
		292076462B97DE5A006407D7 /* teaching_MAL.json */ = {isa = PBXFileReference; fileEncoding = 4; lastKnownFileType = text.json; path = teaching_MAL.json; sourceTree = "<group>"; };
		292076472B97DE5A006407D7 /* teaching_NEH.json */ = {isa = PBXFileReference; fileEncoding = 4; lastKnownFileType = text.json; path = teaching_NEH.json; sourceTree = "<group>"; };
		292076482B97DE5A006407D7 /* teaching_AMO.json */ = {isa = PBXFileReference; fileEncoding = 4; lastKnownFileType = text.json; path = teaching_AMO.json; sourceTree = "<group>"; };
		292076492B97DE5A006407D7 /* teaching_HEB.json */ = {isa = PBXFileReference; fileEncoding = 4; lastKnownFileType = text.json; path = teaching_HEB.json; sourceTree = "<group>"; };
		2920764A2B97DE5A006407D7 /* teaching_ROM.json */ = {isa = PBXFileReference; fileEncoding = 4; lastKnownFileType = text.json; path = teaching_ROM.json; sourceTree = "<group>"; };
		2920764B2B97DE5A006407D7 /* teaching_REV.json */ = {isa = PBXFileReference; fileEncoding = 4; lastKnownFileType = text.json; path = teaching_REV.json; sourceTree = "<group>"; };
		2920764C2B97DE5A006407D7 /* teaching_EZR.json */ = {isa = PBXFileReference; fileEncoding = 4; lastKnownFileType = text.json; path = teaching_EZR.json; sourceTree = "<group>"; };
		29CCD2022AE589B5002F6570 /* OfflineFromDBDemo.app */ = {isa = PBXFileReference; explicitFileType = wrapper.application; includeInIndex = 0; path = OfflineFromDBDemo.app; sourceTree = BUILT_PRODUCTS_DIR; };
		29CCD2052AE589B5002F6570 /* AppDelegate.swift */ = {isa = PBXFileReference; lastKnownFileType = sourcecode.swift; path = AppDelegate.swift; sourceTree = "<group>"; };
		29CCD2072AE589B5002F6570 /* SceneDelegate.swift */ = {isa = PBXFileReference; lastKnownFileType = sourcecode.swift; path = SceneDelegate.swift; sourceTree = "<group>"; };
		29CCD2092AE589B5002F6570 /* ViewController.swift */ = {isa = PBXFileReference; lastKnownFileType = sourcecode.swift; path = ViewController.swift; sourceTree = "<group>"; };
		29CCD20C2AE589B5002F6570 /* Base */ = {isa = PBXFileReference; lastKnownFileType = file.storyboard; name = Base; path = Base.lproj/Main.storyboard; sourceTree = "<group>"; };
		29CCD20E2AE589B6002F6570 /* Assets.xcassets */ = {isa = PBXFileReference; lastKnownFileType = folder.assetcatalog; path = Assets.xcassets; sourceTree = "<group>"; };
		29CCD2112AE589B6002F6570 /* Base */ = {isa = PBXFileReference; lastKnownFileType = file.storyboard; name = Base; path = Base.lproj/LaunchScreen.storyboard; sourceTree = "<group>"; };
		29CCD2132AE589B6002F6570 /* Info.plist */ = {isa = PBXFileReference; lastKnownFileType = text.plist.xml; path = Info.plist; sourceTree = "<group>"; };
		29CCD2632AE58A17002F6570 /* DocumentsManager.swift */ = {isa = PBXFileReference; fileEncoding = 4; lastKnownFileType = sourcecode.swift; path = DocumentsManager.swift; sourceTree = "<group>"; };
		29CCD2652AE58A17002F6570 /* BibleDataFromDB.swift */ = {isa = PBXFileReference; fileEncoding = 4; lastKnownFileType = sourcecode.swift; path = BibleDataFromDB.swift; sourceTree = "<group>"; };
		29CCD2682AE58A17002F6570 /* OfflineFromDBPlugin.swift */ = {isa = PBXFileReference; fileEncoding = 4; lastKnownFileType = sourcecode.swift; path = OfflineFromDBPlugin.swift; sourceTree = "<group>"; };
		29CCD26C2AE58A18002F6570 /* ObjectMapper-iOS.xcframework */ = {isa = PBXFileReference; lastKnownFileType = wrapper.xcframework; path = "ObjectMapper-iOS.xcframework"; sourceTree = "<group>"; };
		29CCD26E2AE58A18002F6570 /* Verse.swift */ = {isa = PBXFileReference; fileEncoding = 4; lastKnownFileType = sourcecode.swift; path = Verse.swift; sourceTree = "<group>"; };
		29CCD2702AE58A18002F6570 /* Book.swift */ = {isa = PBXFileReference; fileEncoding = 4; lastKnownFileType = sourcecode.swift; path = Book.swift; sourceTree = "<group>"; };
		29CCD2722AE58A18002F6570 /* RealmObjectMapper.swift */ = {isa = PBXFileReference; fileEncoding = 4; lastKnownFileType = sourcecode.swift; path = RealmObjectMapper.swift; sourceTree = "<group>"; };
		29CCD2C52AE58BB4002F6570 /* Realm.xcframework */ = {isa = PBXFileReference; lastKnownFileType = wrapper.xcframework; path = Realm.xcframework; sourceTree = "<group>"; };
		29CCD2C62AE58BB4002F6570 /* RealmSwift.xcframework */ = {isa = PBXFileReference; lastKnownFileType = wrapper.xcframework; path = RealmSwift.xcframework; sourceTree = "<group>"; };
		29CCD45D2AE84F2D002F6570 /* Teaching.swift */ = {isa = PBXFileReference; lastKnownFileType = sourcecode.swift; path = Teaching.swift; sourceTree = "<group>"; };
		29CCD45F2AE84F37002F6570 /* Chapter.swift */ = {isa = PBXFileReference; lastKnownFileType = sourcecode.swift; path = Chapter.swift; sourceTree = "<group>"; };
		29CCD4612AE85A5D002F6570 /* Audio.swift */ = {isa = PBXFileReference; lastKnownFileType = sourcecode.swift; path = Audio.swift; sourceTree = "<group>"; };
		29CCD4662AE9A132002F6570 /* Constants.swift */ = {isa = PBXFileReference; lastKnownFileType = sourcecode.swift; path = Constants.swift; sourceTree = "<group>"; };
/* End PBXFileReference section */

/* Begin PBXFrameworksBuildPhase section */
		29CCD1FF2AE589B5002F6570 /* Frameworks */ = {
			isa = PBXFrameworksBuildPhase;
			buildActionMask = 2147483647;
			files = (
				29CCD2BF2AE58A18002F6570 /* ObjectMapper-iOS.xcframework in Frameworks */,
				29CCD2C82AE58BB4002F6570 /* RealmSwift.xcframework in Frameworks */,
				29CCD2C72AE58BB4002F6570 /* Realm.xcframework in Frameworks */,
			);
			runOnlyForDeploymentPostprocessing = 0;
		};
/* End PBXFrameworksBuildPhase section */

/* Begin PBXGroup section */
		292075C52B97DE59006407D7 /* books-jsons */ = {
			isa = PBXGroup;
			children = (
				292075C62B97DE59006407D7 /* books.json */,
			);
			path = "books-jsons";
			sourceTree = "<group>";
		};
		292075C72B97DE59006407D7 /* text-jsons */ = {
			isa = PBXGroup;
			children = (
				292075C82B97DE59006407D7 /* PHM.json */,
				292075C92B97DE59006407D7 /* 1TH.json */,
				292075CA2B97DE59006407D7 /* 1KI.json */,
				292075CB2B97DE59006407D7 /* OBA.json */,
				292075CC2B97DE59006407D7 /* GAL.json */,
				292075CD2B97DE59006407D7 /* 3JN.json */,
				292075CE2B97DE59006407D7 /* RUT.json */,
				292075CF2B97DE59006407D7 /* HOS.json */,
				292075D02B97DE59006407D7 /* PSA.json */,
				292075D12B97DE59006407D7 /* LUK.json */,
				292075D22B97DE59006407D7 /* 1PE.json */,
				292075D32B97DE59006407D7 /* LEV.json */,
				292075D42B97DE59006407D7 /* TIT.json */,
				292075D52B97DE59006407D7 /* ZEC.json */,
				292075D62B97DE59006407D7 /* JOS.json */,
				292075D72B97DE59006407D7 /* 1TI.json */,
				292075D82B97DE59006407D7 /* 1JN.json */,
				292075D92B97DE59006407D7 /* 2CO.json */,
				292075DA2B97DE59006407D7 /* HEB.json */,
				292075DB2B97DE59006407D7 /* ROM.json */,
				292075DC2B97DE59006407D7 /* REV.json */,
				292075DD2B97DE59006407D7 /* EZR.json */,
				292075DE2B97DE59006407D7 /* 2CH.json */,
				292075DF2B97DE59006407D7 /* EZK.json */,
				292075E02B97DE59006407D7 /* MAL.json */,
				292075E12B97DE59006407D7 /* NEH.json */,
				292075E22B97DE59006407D7 /* AMO.json */,
				292075E32B97DE59006407D7 /* DAN.json */,
				292075E42B97DE59006407D7 /* ACT.json */,
				292075E52B97DE59006407D7 /* 2SA.json */,
				292075E62B97DE59006407D7 /* MIC.json */,
				292075E72B97DE59006407D7 /* NUM.json */,
				292075E82B97DE59006407D7 /* JOL.json */,
				292075E92B97DE59006407D7 /* ZEP.json */,
				292075EA2B97DE59006407D7 /* MAT.json */,
				292075EB2B97DE59006407D7 /* EPH.json */,
				292075EC2B97DE59006407D7 /* HAB.json */,
				292075ED2B97DE59006407D7 /* PHP.json */,
				292075EE2B97DE59006407D7 /* DEU.json */,
				292075EF2B97DE59006407D7 /* ISA.json */,
				292075F02B97DE59006407D7 /* COL.json */,
				292075F12B97DE59006407D7 /* JDG.json */,
				292075F22B97DE59006407D7 /* EST.json */,
				292075F32B97DE59006407D7 /* 2JN.json */,
				292075F42B97DE59006407D7 /* 2TI.json */,
				292075F52B97DE59006407D7 /* 1CO.json */,
				292075F62B97DE59006407D7 /* PRO.json */,
				292075F72B97DE59006407D7 /* 2KI.json */,
				292075F82B97DE59006407D7 /* JOB.json */,
				292075F92B97DE59006407D7 /* 2TH.json */,
				292075FA2B97DE59006407D7 /* JUD.json */,
				292075FB2B97DE59006407D7 /* JON.json */,
				292075FC2B97DE59006407D7 /* 2PE.json */,
				292075FD2B97DE59006407D7 /* ECC.json */,
				292075FE2B97DE59006407D7 /* 1SA.json */,
				292075FF2B97DE59006407D7 /* NAM.json */,
				292076002B97DE59006407D7 /* SNG.json */,
				292076012B97DE59006407D7 /* JHN.json */,
				292076022B97DE59006407D7 /* EXO.json */,
				292076032B97DE59006407D7 /* JAS.json */,
				292076042B97DE59006407D7 /* JER.json */,
				292076052B97DE59006407D7 /* HAG.json */,
				292076062B97DE59006407D7 /* LAM.json */,
				292076072B97DE59006407D7 /* 1CH.json */,
				292076082B97DE59006407D7 /* GEN.json */,
				292076092B97DE59006407D7 /* MRK.json */,
			);
			path = "text-jsons";
			sourceTree = "<group>";
		};
		2920760A2B97DE5A006407D7 /* teachings */ = {
			isa = PBXGroup;
			children = (
				2920760B2B97DE5A006407D7 /* teaching_JON.json */,
				2920760C2B97DE5A006407D7 /* teaching_2PE.json */,
				2920760D2B97DE5A006407D7 /* teaching_2KI.json */,
				2920760E2B97DE5A006407D7 /* teaching_JOB.json */,
				2920760F2B97DE5A006407D7 /* teaching_2TH.json */,
				292076102B97DE5A006407D7 /* teaching_JUD.json */,
				292076112B97DE5A006407D7 /* teaching_2JN.json */,
				292076122B97DE5A006407D7 /* teaching_2TI.json */,
				292076132B97DE5A006407D7 /* teaching_1CO.json */,
				292076142B97DE5A006407D7 /* teaching_PRO.json */,
				292076152B97DE5A006407D7 /* teaching_PHP.json */,
				292076162B97DE5A006407D7 /* teaching_DEU.json */,
				292076172B97DE5A006407D7 /* teaching_ISA.json */,
				292076182B97DE5A006407D7 /* teaching_COL.json */,
				292076192B97DE5A006407D7 /* teaching_JDG.json */,
				2920761A2B97DE5A006407D7 /* teaching_EST.json */,
				2920761B2B97DE5A006407D7 /* teaching_LAM.json */,
				2920761C2B97DE5A006407D7 /* teaching_1CH.json */,
				2920761D2B97DE5A006407D7 /* teaching_GEN.json */,
				2920761E2B97DE5A006407D7 /* teaching_MRK.json */,
				2920761F2B97DE5A006407D7 /* teaching_EXO.json */,
				292076202B97DE5A006407D7 /* teaching_JAS.json */,
				292076212B97DE5A006407D7 /* teaching_JER.json */,
				292076222B97DE5A006407D7 /* teaching_HAG.json */,
				292076232B97DE5A006407D7 /* teaching_1SA.json */,
				292076242B97DE5A006407D7 /* teaching_ECC.json */,
				292076252B97DE5A006407D7 /* teaching_NAM.json */,
				292076262B97DE5A006407D7 /* teaching_SNG.json */,
				292076272B97DE5A006407D7 /* teaching_JHN.json */,
				292076282B97DE5A006407D7 /* teaching_JOS.json */,
				292076292B97DE5A006407D7 /* teaching_1TI.json */,
				2920762A2B97DE5A006407D7 /* teaching_1JN.json */,
				2920762B2B97DE5A006407D7 /* teaching_2CO.json */,
				2920762C2B97DE5A006407D7 /* teaching_TIT.json */,
				2920762D2B97DE5A006407D7 /* teaching_ZEC.json */,
				2920762E2B97DE5A006407D7 /* teaching_PSA.json */,
				2920762F2B97DE5A006407D7 /* teaching_LUK.json */,
				292076302B97DE5A006407D7 /* teaching_1PE.json */,
				292076312B97DE5A006407D7 /* teaching_LEV.json */,
				292076322B97DE5A006407D7 /* teaching_PHM.json */,
				292076332B97DE5A006407D7 /* teaching_1TH.json */,
				292076342B97DE5A006407D7 /* teaching_1KI.json */,
				292076352B97DE5A006407D7 /* teaching_OBA.json */,
				292076362B97DE5A006407D7 /* teaching_GAL.json */,
				292076372B97DE5A006407D7 /* teaching_3JN.json */,
				292076382B97DE5A006407D7 /* teaching_RUT.json */,
				292076392B97DE5A006407D7 /* teaching_HOS.json */,
				2920763A2B97DE5A006407D7 /* teaching_MIC.json */,
				2920763B2B97DE5A006407D7 /* teaching_NUM.json */,
				2920763C2B97DE5A006407D7 /* teaching_JOL.json */,
				2920763D2B97DE5A006407D7 /* teaching_ZEP.json */,
				2920763E2B97DE5A006407D7 /* teaching_MAT.json */,
				2920763F2B97DE5A006407D7 /* teaching_EPH.json */,
				292076402B97DE5A006407D7 /* teaching_HAB.json */,
				292076412B97DE5A006407D7 /* teaching_DAN.json */,
				292076422B97DE5A006407D7 /* teaching_ACT.json */,
				292076432B97DE5A006407D7 /* teaching_2SA.json */,
				292076442B97DE5A006407D7 /* teaching_2CH.json */,
				292076452B97DE5A006407D7 /* teaching_EZK.json */,
				292076462B97DE5A006407D7 /* teaching_MAL.json */,
				292076472B97DE5A006407D7 /* teaching_NEH.json */,
				292076482B97DE5A006407D7 /* teaching_AMO.json */,
				292076492B97DE5A006407D7 /* teaching_HEB.json */,
				2920764A2B97DE5A006407D7 /* teaching_ROM.json */,
				2920764B2B97DE5A006407D7 /* teaching_REV.json */,
				2920764C2B97DE5A006407D7 /* teaching_EZR.json */,
			);
			path = teachings;
			sourceTree = "<group>";
		};
		29CCD1F92AE589B5002F6570 = {
			isa = PBXGroup;
			children = (
				29CCD2042AE589B5002F6570 /* OfflineFromDBDemo */,
				29CCD2032AE589B5002F6570 /* Products */,
			);
			sourceTree = "<group>";
		};
		29CCD2032AE589B5002F6570 /* Products */ = {
			isa = PBXGroup;
			children = (
				29CCD2022AE589B5002F6570 /* OfflineFromDBDemo.app */,
			);
			name = Products;
			sourceTree = "<group>";
		};
		29CCD2042AE589B5002F6570 /* OfflineFromDBDemo */ = {
			isa = PBXGroup;
			children = (
				29CCD2192AE58A03002F6570 /* Plugin */,
				29CCD2052AE589B5002F6570 /* AppDelegate.swift */,
				29CCD2072AE589B5002F6570 /* SceneDelegate.swift */,
				29CCD2092AE589B5002F6570 /* ViewController.swift */,
				29CCD20B2AE589B5002F6570 /* Main.storyboard */,
				29CCD20E2AE589B6002F6570 /* Assets.xcassets */,
				29CCD2102AE589B6002F6570 /* LaunchScreen.storyboard */,
				29CCD2132AE589B6002F6570 /* Info.plist */,
			);
			path = OfflineFromDBDemo;
			sourceTree = "<group>";
		};
		29CCD2192AE58A03002F6570 /* Plugin */ = {
			isa = PBXGroup;
			children = (
				29CCD2672AE58A17002F6570 /* Cordova */,
				29CCD2692AE58A18002F6570 /* Frameworks */,
				29CCD2622AE58A17002F6570 /* Manager */,
				29CCD26D2AE58A18002F6570 /* Models */,
				29CCD21A2AE58A17002F6570 /* Resources */,
			);
			path = Plugin;
			sourceTree = "<group>";
		};
		29CCD21A2AE58A17002F6570 /* Resources */ = {
			isa = PBXGroup;
			children = (
				29CCD4632AE98B43002F6570 /* DB */,
				29CCD45C2AE71CA6002F6570 /* JSONS */,
			);
			path = Resources;
			sourceTree = "<group>";
		};
		29CCD2622AE58A17002F6570 /* Manager */ = {
			isa = PBXGroup;
			children = (
				29CCD2632AE58A17002F6570 /* DocumentsManager.swift */,
				29CCD2652AE58A17002F6570 /* BibleDataFromDB.swift */,
				29CCD4662AE9A132002F6570 /* Constants.swift */,
			);
			path = Manager;
			sourceTree = "<group>";
		};
		29CCD2672AE58A17002F6570 /* Cordova */ = {
			isa = PBXGroup;
			children = (
				29CCD2682AE58A17002F6570 /* OfflineFromDBPlugin.swift */,
			);
			path = Cordova;
			sourceTree = "<group>";
		};
		29CCD2692AE58A18002F6570 /* Frameworks */ = {
			isa = PBXGroup;
			children = (
				29CCD2C52AE58BB4002F6570 /* Realm.xcframework */,
				29CCD2C62AE58BB4002F6570 /* RealmSwift.xcframework */,
				29CCD26C2AE58A18002F6570 /* ObjectMapper-iOS.xcframework */,
			);
			path = Frameworks;
			sourceTree = "<group>";
		};
		29CCD26D2AE58A18002F6570 /* Models */ = {
			isa = PBXGroup;
			children = (
				29CCD2702AE58A18002F6570 /* Book.swift */,
				29CCD26E2AE58A18002F6570 /* Verse.swift */,
				29CCD45D2AE84F2D002F6570 /* Teaching.swift */,
				29CCD45F2AE84F37002F6570 /* Chapter.swift */,
				29CCD4612AE85A5D002F6570 /* Audio.swift */,
				29CCD2722AE58A18002F6570 /* RealmObjectMapper.swift */,
			);
			path = Models;
			sourceTree = "<group>";
		};
		29CCD45C2AE71CA6002F6570 /* JSONS */ = {
			isa = PBXGroup;
			children = (
				292075C52B97DE59006407D7 /* books-jsons */,
				2920760A2B97DE5A006407D7 /* teachings */,
				292075C72B97DE59006407D7 /* text-jsons */,
			);
			path = JSONS;
			sourceTree = "<group>";
		};
		29CCD4632AE98B43002F6570 /* DB */ = {
			isa = PBXGroup;
			children = (
				290D65F12B6D4F9B0026740C /* default.realm */,
			);
			path = DB;
			sourceTree = "<group>";
		};
/* End PBXGroup section */

/* Begin PBXNativeTarget section */
		29CCD2012AE589B5002F6570 /* OfflineFromDBDemo */ = {
			isa = PBXNativeTarget;
			buildConfigurationList = 29CCD2162AE589B6002F6570 /* Build configuration list for PBXNativeTarget "OfflineFromDBDemo" */;
			buildPhases = (
				29CCD1FE2AE589B5002F6570 /* Sources */,
				29CCD1FF2AE589B5002F6570 /* Frameworks */,
				29CCD2002AE589B5002F6570 /* Resources */,
			);
			buildRules = (
			);
			dependencies = (
			);
			name = OfflineFromDBDemo;
			productName = OfflineFromDBDemo;
			productReference = 29CCD2022AE589B5002F6570 /* OfflineFromDBDemo.app */;
			productType = "com.apple.product-type.application";
		};
/* End PBXNativeTarget section */

/* Begin PBXProject section */
		29CCD1FA2AE589B5002F6570 /* Project object */ = {
			isa = PBXProject;
			attributes = {
				BuildIndependentTargetsInParallel = 1;
				LastSwiftUpdateCheck = 1500;
				LastUpgradeCheck = 1500;
				TargetAttributes = {
					29CCD2012AE589B5002F6570 = {
						CreatedOnToolsVersion = 15.0;
					};
				};
			};
			buildConfigurationList = 29CCD1FD2AE589B5002F6570 /* Build configuration list for PBXProject "OfflineFromDBDemo" */;
			compatibilityVersion = "Xcode 14.0";
			developmentRegion = en;
			hasScannedForEncodings = 0;
			knownRegions = (
				en,
				Base,
			);
			mainGroup = 29CCD1F92AE589B5002F6570;
			productRefGroup = 29CCD2032AE589B5002F6570 /* Products */;
			projectDirPath = "";
			projectRoot = "";
			targets = (
				29CCD2012AE589B5002F6570 /* OfflineFromDBDemo */,
			);
		};
/* End PBXProject section */

/* Begin PBXResourcesBuildPhase section */
		29CCD2002AE589B5002F6570 /* Resources */ = {
			isa = PBXResourcesBuildPhase;
			buildActionMask = 2147483647;
			files = (
				292076A82B97DE5A006407D7 /* teaching_1SA.json in Resources */,
				292076A32B97DE5A006407D7 /* teaching_MRK.json in Resources */,
				292076A52B97DE5A006407D7 /* teaching_JAS.json in Resources */,
				2920766F2B97DE5A006407D7 /* ZEP.json in Resources */,
				292076692B97DE5A006407D7 /* DAN.json in Resources */,
				2920769D2B97DE5A006407D7 /* teaching_COL.json in Resources */,
				292076CD2B97DE5A006407D7 /* teaching_AMO.json in Resources */,
				292076512B97DE5A006407D7 /* OBA.json in Resources */,
				2920769A2B97DE5A006407D7 /* teaching_PHP.json in Resources */,
				292076B82B97DE5A006407D7 /* teaching_1TH.json in Resources */,
				2920768A2B97DE5A006407D7 /* JER.json in Resources */,
				292076C92B97DE5A006407D7 /* teaching_2CH.json in Resources */,
				292076552B97DE5A006407D7 /* HOS.json in Resources */,
				292076B32B97DE5A006407D7 /* teaching_PSA.json in Resources */,
				2920764D2B97DE5A006407D7 /* books.json in Resources */,
				2920768C2B97DE5A006407D7 /* LAM.json in Resources */,
				2920769C2B97DE5A006407D7 /* teaching_ISA.json in Resources */,
				2920766B2B97DE5A006407D7 /* 2SA.json in Resources */,
				292076812B97DE5A006407D7 /* JON.json in Resources */,
				292076942B97DE5A006407D7 /* teaching_2TH.json in Resources */,
				292076972B97DE5A006407D7 /* teaching_2TI.json in Resources */,
				2920768D2B97DE5A006407D7 /* 1CH.json in Resources */,
				2920767B2B97DE5A006407D7 /* 1CO.json in Resources */,
				2920769E2B97DE5A006407D7 /* teaching_JDG.json in Resources */,
				292076BD2B97DE5A006407D7 /* teaching_RUT.json in Resources */,
				292076742B97DE5A006407D7 /* DEU.json in Resources */,
				292076AA2B97DE5A006407D7 /* teaching_NAM.json in Resources */,
				292076AD2B97DE5A006407D7 /* teaching_JOS.json in Resources */,
				292076A62B97DE5A006407D7 /* teaching_JER.json in Resources */,
				292076C32B97DE5A006407D7 /* teaching_MAT.json in Resources */,
				292076982B97DE5A006407D7 /* teaching_1CO.json in Resources */,
				292076842B97DE5A006407D7 /* 1SA.json in Resources */,
				292076772B97DE5A006407D7 /* JDG.json in Resources */,
				292076792B97DE5A006407D7 /* 2JN.json in Resources */,
				292076C52B97DE5A006407D7 /* teaching_HAB.json in Resources */,
				292076932B97DE5A006407D7 /* teaching_JOB.json in Resources */,
				290D65F22B6D4F9B0026740C /* default.realm in Resources */,
				2920765C2B97DE5A006407D7 /* JOS.json in Resources */,
				292076752B97DE5A006407D7 /* ISA.json in Resources */,
				292076A42B97DE5A006407D7 /* teaching_EXO.json in Resources */,
				292076902B97DE5A006407D7 /* teaching_JON.json in Resources */,
				292076922B97DE5A006407D7 /* teaching_2KI.json in Resources */,
				2920767C2B97DE5A006407D7 /* PRO.json in Resources */,
				292076542B97DE5A006407D7 /* RUT.json in Resources */,
				292076782B97DE5A006407D7 /* EST.json in Resources */,
				292076A12B97DE5A006407D7 /* teaching_1CH.json in Resources */,
				292076532B97DE5A006407D7 /* 3JN.json in Resources */,
				292076D12B97DE5A006407D7 /* teaching_EZR.json in Resources */,
				292076C02B97DE5A006407D7 /* teaching_NUM.json in Resources */,
				2920769F2B97DE5A006407D7 /* teaching_EST.json in Resources */,
				2920766C2B97DE5A006407D7 /* MIC.json in Resources */,
				292076CE2B97DE5A006407D7 /* teaching_HEB.json in Resources */,
				292076912B97DE5A006407D7 /* teaching_2PE.json in Resources */,
				2920765B2B97DE5A006407D7 /* ZEC.json in Resources */,
				292076592B97DE5A006407D7 /* LEV.json in Resources */,
				292076AE2B97DE5A006407D7 /* teaching_1TI.json in Resources */,
				2920765F2B97DE5A006407D7 /* 2CO.json in Resources */,
				292076C72B97DE5A006407D7 /* teaching_ACT.json in Resources */,
				292076762B97DE5A006407D7 /* COL.json in Resources */,
				292076892B97DE5A006407D7 /* JAS.json in Resources */,
				2920765E2B97DE5A006407D7 /* 1JN.json in Resources */,
				292076CC2B97DE5A006407D7 /* teaching_NEH.json in Resources */,
				292076732B97DE5A006407D7 /* PHP.json in Resources */,
				292076C12B97DE5A006407D7 /* teaching_JOL.json in Resources */,
				2920766D2B97DE5A006407D7 /* NUM.json in Resources */,
				292076872B97DE5A006407D7 /* JHN.json in Resources */,
				292076B62B97DE5A006407D7 /* teaching_LEV.json in Resources */,
				292076882B97DE5A006407D7 /* EXO.json in Resources */,
				292076A02B97DE5A006407D7 /* teaching_LAM.json in Resources */,
				292076952B97DE5A006407D7 /* teaching_JUD.json in Resources */,
				2920765D2B97DE5A006407D7 /* 1TI.json in Resources */,
				2920767D2B97DE5A006407D7 /* 2KI.json in Resources */,
				292076B42B97DE5A006407D7 /* teaching_LUK.json in Resources */,
				292076AB2B97DE5A006407D7 /* teaching_SNG.json in Resources */,
				292076582B97DE5A006407D7 /* 1PE.json in Resources */,
				292076992B97DE5A006407D7 /* teaching_PRO.json in Resources */,
				292076B22B97DE5A006407D7 /* teaching_ZEC.json in Resources */,
				292076BF2B97DE5A006407D7 /* teaching_MIC.json in Resources */,
				292076682B97DE5A006407D7 /* AMO.json in Resources */,
				292076A92B97DE5A006407D7 /* teaching_ECC.json in Resources */,
				29CCD2122AE589B6002F6570 /* LaunchScreen.storyboard in Resources */,
				292076D02B97DE5A006407D7 /* teaching_REV.json in Resources */,
				292076612B97DE5A006407D7 /* ROM.json in Resources */,
				292076CB2B97DE5A006407D7 /* teaching_MAL.json in Resources */,
				292076832B97DE5A006407D7 /* ECC.json in Resources */,
				292076672B97DE5A006407D7 /* NEH.json in Resources */,
				2920768F2B97DE5A006407D7 /* MRK.json in Resources */,
				292076622B97DE5A006407D7 /* REV.json in Resources */,
				292076B12B97DE5A006407D7 /* teaching_TIT.json in Resources */,
				2920765A2B97DE5A006407D7 /* TIT.json in Resources */,
				2920767F2B97DE5A006407D7 /* 2TH.json in Resources */,
				292076B02B97DE5A006407D7 /* teaching_2CO.json in Resources */,
				292076802B97DE5A006407D7 /* JUD.json in Resources */,
				292076602B97DE5A006407D7 /* HEB.json in Resources */,
				292076AC2B97DE5A006407D7 /* teaching_JHN.json in Resources */,
				292076632B97DE5A006407D7 /* EZR.json in Resources */,
				2920766E2B97DE5A006407D7 /* JOL.json in Resources */,
				292076962B97DE5A006407D7 /* teaching_2JN.json in Resources */,
				292076522B97DE5A006407D7 /* GAL.json in Resources */,
				292076652B97DE5A006407D7 /* EZK.json in Resources */,
				2920764F2B97DE5A006407D7 /* 1TH.json in Resources */,
				292076642B97DE5A006407D7 /* 2CH.json in Resources */,
				292076B92B97DE5A006407D7 /* teaching_1KI.json in Resources */,
				2920768B2B97DE5A006407D7 /* HAG.json in Resources */,
				292076C82B97DE5A006407D7 /* teaching_2SA.json in Resources */,
				292076572B97DE5A006407D7 /* LUK.json in Resources */,
				2920768E2B97DE5A006407D7 /* GEN.json in Resources */,
				292076C62B97DE5A006407D7 /* teaching_DAN.json in Resources */,
				292076712B97DE5A006407D7 /* EPH.json in Resources */,
				292076722B97DE5A006407D7 /* HAB.json in Resources */,
				292076AF2B97DE5A006407D7 /* teaching_1JN.json in Resources */,
				292076C42B97DE5A006407D7 /* teaching_EPH.json in Resources */,
				292076662B97DE5A006407D7 /* MAL.json in Resources */,
				292076862B97DE5A006407D7 /* SNG.json in Resources */,
				2920767E2B97DE5A006407D7 /* JOB.json in Resources */,
				292076A72B97DE5A006407D7 /* teaching_HAG.json in Resources */,
				292076852B97DE5A006407D7 /* NAM.json in Resources */,
				292076CA2B97DE5A006407D7 /* teaching_EZK.json in Resources */,
				2920764E2B97DE5A006407D7 /* PHM.json in Resources */,
				292076BA2B97DE5A006407D7 /* teaching_OBA.json in Resources */,
				292076BE2B97DE5A006407D7 /* teaching_HOS.json in Resources */,
				2920769B2B97DE5A006407D7 /* teaching_DEU.json in Resources */,
				292076702B97DE5A006407D7 /* MAT.json in Resources */,
				292076562B97DE5A006407D7 /* PSA.json in Resources */,
				292076BB2B97DE5A006407D7 /* teaching_GAL.json in Resources */,
				292076B72B97DE5A006407D7 /* teaching_PHM.json in Resources */,
				292076502B97DE5A006407D7 /* 1KI.json in Resources */,
				29CCD20F2AE589B6002F6570 /* Assets.xcassets in Resources */,
				292076A22B97DE5A006407D7 /* teaching_GEN.json in Resources */,
				2920766A2B97DE5A006407D7 /* ACT.json in Resources */,
				29CCD20D2AE589B5002F6570 /* Main.storyboard in Resources */,
				292076B52B97DE5A006407D7 /* teaching_1PE.json in Resources */,
				292076CF2B97DE5A006407D7 /* teaching_ROM.json in Resources */,
				2920767A2B97DE5A006407D7 /* 2TI.json in Resources */,
				292076BC2B97DE5A006407D7 /* teaching_3JN.json in Resources */,
				292076C22B97DE5A006407D7 /* teaching_ZEP.json in Resources */,
				292076822B97DE5A006407D7 /* 2PE.json in Resources */,
			);
			runOnlyForDeploymentPostprocessing = 0;
		};
/* End PBXResourcesBuildPhase section */

/* Begin PBXSourcesBuildPhase section */
		29CCD1FE2AE589B5002F6570 /* Sources */ = {
			isa = PBXSourcesBuildPhase;
			buildActionMask = 2147483647;
			files = (
				29CCD20A2AE589B5002F6570 /* ViewController.swift in Sources */,
				29CCD45E2AE84F2D002F6570 /* Teaching.swift in Sources */,
				29CCD2C42AE58A18002F6570 /* RealmObjectMapper.swift in Sources */,
				29CCD2C22AE58A18002F6570 /* Book.swift in Sources */,
				29CCD2062AE589B5002F6570 /* AppDelegate.swift in Sources */,
				29CCD4602AE84F37002F6570 /* Chapter.swift in Sources */,
				29CCD4622AE85A5D002F6570 /* Audio.swift in Sources */,
				29CCD2C02AE58A18002F6570 /* Verse.swift in Sources */,
				29CCD2B82AE58A18002F6570 /* DocumentsManager.swift in Sources */,
				29CCD2BA2AE58A18002F6570 /* BibleDataFromDB.swift in Sources */,
				29CCD4672AE9A132002F6570 /* Constants.swift in Sources */,
				29CCD2082AE589B5002F6570 /* SceneDelegate.swift in Sources */,
				29CCD2BC2AE58A18002F6570 /* OfflineFromDBPlugin.swift in Sources */,
			);
			runOnlyForDeploymentPostprocessing = 0;
		};
/* End PBXSourcesBuildPhase section */

/* Begin PBXVariantGroup section */
		29CCD20B2AE589B5002F6570 /* Main.storyboard */ = {
			isa = PBXVariantGroup;
			children = (
				29CCD20C2AE589B5002F6570 /* Base */,
			);
			name = Main.storyboard;
			sourceTree = "<group>";
		};
		29CCD2102AE589B6002F6570 /* LaunchScreen.storyboard */ = {
			isa = PBXVariantGroup;
			children = (
				29CCD2112AE589B6002F6570 /* Base */,
			);
			name = LaunchScreen.storyboard;
			sourceTree = "<group>";
		};
/* End PBXVariantGroup section */

/* Begin XCBuildConfiguration section */
		29CCD2142AE589B6002F6570 /* Debug */ = {
			isa = XCBuildConfiguration;
			buildSettings = {
				ALWAYS_SEARCH_USER_PATHS = NO;
				ASSETCATALOG_COMPILER_GENERATE_SWIFT_ASSET_SYMBOL_EXTENSIONS = YES;
				CLANG_ANALYZER_NONNULL = YES;
				CLANG_ANALYZER_NUMBER_OBJECT_CONVERSION = YES_AGGRESSIVE;
				CLANG_CXX_LANGUAGE_STANDARD = "gnu++20";
				CLANG_ENABLE_MODULES = YES;
				CLANG_ENABLE_OBJC_ARC = YES;
				CLANG_ENABLE_OBJC_WEAK = YES;
				CLANG_WARN_BLOCK_CAPTURE_AUTORELEASING = YES;
				CLANG_WARN_BOOL_CONVERSION = YES;
				CLANG_WARN_COMMA = YES;
				CLANG_WARN_CONSTANT_CONVERSION = YES;
				CLANG_WARN_DEPRECATED_OBJC_IMPLEMENTATIONS = YES;
				CLANG_WARN_DIRECT_OBJC_ISA_USAGE = YES_ERROR;
				CLANG_WARN_DOCUMENTATION_COMMENTS = YES;
				CLANG_WARN_EMPTY_BODY = YES;
				CLANG_WARN_ENUM_CONVERSION = YES;
				CLANG_WARN_INFINITE_RECURSION = YES;
				CLANG_WARN_INT_CONVERSION = YES;
				CLANG_WARN_NON_LITERAL_NULL_CONVERSION = YES;
				CLANG_WARN_OBJC_IMPLICIT_RETAIN_SELF = YES;
				CLANG_WARN_OBJC_LITERAL_CONVERSION = YES;
				CLANG_WARN_OBJC_ROOT_CLASS = YES_ERROR;
				CLANG_WARN_QUOTED_INCLUDE_IN_FRAMEWORK_HEADER = YES;
				CLANG_WARN_RANGE_LOOP_ANALYSIS = YES;
				CLANG_WARN_STRICT_PROTOTYPES = YES;
				CLANG_WARN_SUSPICIOUS_MOVE = YES;
				CLANG_WARN_UNGUARDED_AVAILABILITY = YES_AGGRESSIVE;
				CLANG_WARN_UNREACHABLE_CODE = YES;
				CLANG_WARN__DUPLICATE_METHOD_MATCH = YES;
				COPY_PHASE_STRIP = NO;
				DEBUG_INFORMATION_FORMAT = dwarf;
				ENABLE_STRICT_OBJC_MSGSEND = YES;
				ENABLE_TESTABILITY = YES;
				ENABLE_USER_SCRIPT_SANDBOXING = YES;
				GCC_C_LANGUAGE_STANDARD = gnu17;
				GCC_DYNAMIC_NO_PIC = NO;
				GCC_NO_COMMON_BLOCKS = YES;
				GCC_OPTIMIZATION_LEVEL = 0;
				GCC_PREPROCESSOR_DEFINITIONS = (
					"DEBUG=1",
					"$(inherited)",
				);
				GCC_WARN_64_TO_32_BIT_CONVERSION = YES;
				GCC_WARN_ABOUT_RETURN_TYPE = YES_ERROR;
				GCC_WARN_UNDECLARED_SELECTOR = YES;
				GCC_WARN_UNINITIALIZED_AUTOS = YES_AGGRESSIVE;
				GCC_WARN_UNUSED_FUNCTION = YES;
				GCC_WARN_UNUSED_VARIABLE = YES;
				IPHONEOS_DEPLOYMENT_TARGET = 17.0;
				LOCALIZATION_PREFERS_STRING_CATALOGS = YES;
				MTL_ENABLE_DEBUG_INFO = INCLUDE_SOURCE;
				MTL_FAST_MATH = YES;
				ONLY_ACTIVE_ARCH = YES;
				SDKROOT = iphoneos;
				SWIFT_ACTIVE_COMPILATION_CONDITIONS = "DEBUG $(inherited)";
				SWIFT_OPTIMIZATION_LEVEL = "-Onone";
			};
			name = Debug;
		};
		29CCD2152AE589B6002F6570 /* Release */ = {
			isa = XCBuildConfiguration;
			buildSettings = {
				ALWAYS_SEARCH_USER_PATHS = NO;
				ASSETCATALOG_COMPILER_GENERATE_SWIFT_ASSET_SYMBOL_EXTENSIONS = YES;
				CLANG_ANALYZER_NONNULL = YES;
				CLANG_ANALYZER_NUMBER_OBJECT_CONVERSION = YES_AGGRESSIVE;
				CLANG_CXX_LANGUAGE_STANDARD = "gnu++20";
				CLANG_ENABLE_MODULES = YES;
				CLANG_ENABLE_OBJC_ARC = YES;
				CLANG_ENABLE_OBJC_WEAK = YES;
				CLANG_WARN_BLOCK_CAPTURE_AUTORELEASING = YES;
				CLANG_WARN_BOOL_CONVERSION = YES;
				CLANG_WARN_COMMA = YES;
				CLANG_WARN_CONSTANT_CONVERSION = YES;
				CLANG_WARN_DEPRECATED_OBJC_IMPLEMENTATIONS = YES;
				CLANG_WARN_DIRECT_OBJC_ISA_USAGE = YES_ERROR;
				CLANG_WARN_DOCUMENTATION_COMMENTS = YES;
				CLANG_WARN_EMPTY_BODY = YES;
				CLANG_WARN_ENUM_CONVERSION = YES;
				CLANG_WARN_INFINITE_RECURSION = YES;
				CLANG_WARN_INT_CONVERSION = YES;
				CLANG_WARN_NON_LITERAL_NULL_CONVERSION = YES;
				CLANG_WARN_OBJC_IMPLICIT_RETAIN_SELF = YES;
				CLANG_WARN_OBJC_LITERAL_CONVERSION = YES;
				CLANG_WARN_OBJC_ROOT_CLASS = YES_ERROR;
				CLANG_WARN_QUOTED_INCLUDE_IN_FRAMEWORK_HEADER = YES;
				CLANG_WARN_RANGE_LOOP_ANALYSIS = YES;
				CLANG_WARN_STRICT_PROTOTYPES = YES;
				CLANG_WARN_SUSPICIOUS_MOVE = YES;
				CLANG_WARN_UNGUARDED_AVAILABILITY = YES_AGGRESSIVE;
				CLANG_WARN_UNREACHABLE_CODE = YES;
				CLANG_WARN__DUPLICATE_METHOD_MATCH = YES;
				COPY_PHASE_STRIP = NO;
				DEBUG_INFORMATION_FORMAT = "dwarf-with-dsym";
				ENABLE_NS_ASSERTIONS = NO;
				ENABLE_STRICT_OBJC_MSGSEND = YES;
				ENABLE_USER_SCRIPT_SANDBOXING = YES;
				GCC_C_LANGUAGE_STANDARD = gnu17;
				GCC_NO_COMMON_BLOCKS = YES;
				GCC_WARN_64_TO_32_BIT_CONVERSION = YES;
				GCC_WARN_ABOUT_RETURN_TYPE = YES_ERROR;
				GCC_WARN_UNDECLARED_SELECTOR = YES;
				GCC_WARN_UNINITIALIZED_AUTOS = YES_AGGRESSIVE;
				GCC_WARN_UNUSED_FUNCTION = YES;
				GCC_WARN_UNUSED_VARIABLE = YES;
				IPHONEOS_DEPLOYMENT_TARGET = 17.0;
				LOCALIZATION_PREFERS_STRING_CATALOGS = YES;
				MTL_ENABLE_DEBUG_INFO = NO;
				MTL_FAST_MATH = YES;
				SDKROOT = iphoneos;
				SWIFT_COMPILATION_MODE = wholemodule;
				VALIDATE_PRODUCT = YES;
			};
			name = Release;
		};
		29CCD2172AE589B6002F6570 /* Debug */ = {
			isa = XCBuildConfiguration;
			buildSettings = {
				ASSETCATALOG_COMPILER_APPICON_NAME = AppIcon;
				ASSETCATALOG_COMPILER_GLOBAL_ACCENT_COLOR_NAME = AccentColor;
				CODE_SIGN_STYLE = Automatic;
				CURRENT_PROJECT_VERSION = 1;
				GENERATE_INFOPLIST_FILE = YES;
				INFOPLIST_FILE = OfflineFromDBDemo/Info.plist;
				INFOPLIST_KEY_UIApplicationSupportsIndirectInputEvents = YES;
				INFOPLIST_KEY_UILaunchStoryboardName = LaunchScreen;
				INFOPLIST_KEY_UIMainStoryboardFile = Main;
				INFOPLIST_KEY_UISupportedInterfaceOrientations_iPad = "UIInterfaceOrientationPortrait UIInterfaceOrientationPortraitUpsideDown UIInterfaceOrientationLandscapeLeft UIInterfaceOrientationLandscapeRight";
				INFOPLIST_KEY_UISupportedInterfaceOrientations_iPhone = "UIInterfaceOrientationPortrait UIInterfaceOrientationLandscapeLeft UIInterfaceOrientationLandscapeRight";
				IPHONEOS_DEPLOYMENT_TARGET = 13.0;
				LD_RUNPATH_SEARCH_PATHS = (
					"$(inherited)",
					"@executable_path/Frameworks",
				);
				MARKETING_VERSION = 1.0;
				PRODUCT_BUNDLE_IDENTIFIER = com.techmatetech.OfflineFromDBDemo;
				PRODUCT_NAME = "$(TARGET_NAME)";
				SWIFT_EMIT_LOC_STRINGS = YES;
				SWIFT_VERSION = 5.0;
				TARGETED_DEVICE_FAMILY = "1,2";
			};
			name = Debug;
		};
		29CCD2182AE589B6002F6570 /* Release */ = {
			isa = XCBuildConfiguration;
			buildSettings = {
				ASSETCATALOG_COMPILER_APPICON_NAME = AppIcon;
				ASSETCATALOG_COMPILER_GLOBAL_ACCENT_COLOR_NAME = AccentColor;
				CODE_SIGN_STYLE = Automatic;
				CURRENT_PROJECT_VERSION = 1;
				GENERATE_INFOPLIST_FILE = YES;
				INFOPLIST_FILE = OfflineFromDBDemo/Info.plist;
				INFOPLIST_KEY_UIApplicationSupportsIndirectInputEvents = YES;
				INFOPLIST_KEY_UILaunchStoryboardName = LaunchScreen;
				INFOPLIST_KEY_UIMainStoryboardFile = Main;
				INFOPLIST_KEY_UISupportedInterfaceOrientations_iPad = "UIInterfaceOrientationPortrait UIInterfaceOrientationPortraitUpsideDown UIInterfaceOrientationLandscapeLeft UIInterfaceOrientationLandscapeRight";
				INFOPLIST_KEY_UISupportedInterfaceOrientations_iPhone = "UIInterfaceOrientationPortrait UIInterfaceOrientationLandscapeLeft UIInterfaceOrientationLandscapeRight";
				IPHONEOS_DEPLOYMENT_TARGET = 13.0;
				LD_RUNPATH_SEARCH_PATHS = (
					"$(inherited)",
					"@executable_path/Frameworks",
				);
				MARKETING_VERSION = 1.0;
				PRODUCT_BUNDLE_IDENTIFIER = com.techmatetech.OfflineFromDBDemo;
				PRODUCT_NAME = "$(TARGET_NAME)";
				SWIFT_EMIT_LOC_STRINGS = YES;
				SWIFT_VERSION = 5.0;
				TARGETED_DEVICE_FAMILY = "1,2";
			};
			name = Release;
		};
/* End XCBuildConfiguration section */

/* Begin XCConfigurationList section */
		29CCD1FD2AE589B5002F6570 /* Build configuration list for PBXProject "OfflineFromDBDemo" */ = {
			isa = XCConfigurationList;
			buildConfigurations = (
				29CCD2142AE589B6002F6570 /* Debug */,
				29CCD2152AE589B6002F6570 /* Release */,
			);
			defaultConfigurationIsVisible = 0;
			defaultConfigurationName = Release;
		};
		29CCD2162AE589B6002F6570 /* Build configuration list for PBXNativeTarget "OfflineFromDBDemo" */ = {
			isa = XCConfigurationList;
			buildConfigurations = (
				29CCD2172AE589B6002F6570 /* Debug */,
				29CCD2182AE589B6002F6570 /* Release */,
			);
			defaultConfigurationIsVisible = 0;
			defaultConfigurationName = Release;
		};
/* End XCConfigurationList section */
	};
	rootObject = 29CCD1FA2AE589B5002F6570 /* Project object */;
}
